PODS:
  - MaterialComponents/AnimationTiming (124.2.0)
  - MaterialComponents/Availability (124.2.0)
  - MaterialComponents/Buttons (124.2.0):
    - MaterialComponents/Elevation
    - MaterialComponents/Ink
    - MaterialComponents/private/Math
    - MaterialComponents/Ripple
    - MaterialComponents/Shadow
    - MaterialComponents/ShadowElevations
    - MaterialComponents/ShadowLayer
    - MaterialComponents/ShapeLibrary
    - MaterialComponents/Shapes
    - MaterialComponents/Typography
    - MDFInternationalization
    - MDFTextAccessibility
  - MaterialComponents/Elevation (124.2.0):
    - MaterialComponents/Availability
    - MaterialComponents/private/Color
    - MaterialComponents/private/Math
  - MaterialComponents/Ink (124.2.0):
    - MaterialComponents/Availability
    - MaterialComponents/private/Color
    - MaterialComponents/private/Math
  - MaterialComponents/private/Application (124.2.0)
  - MaterialComponents/private/Color (124.2.0):
    - MaterialComponents/Availability
  - MaterialComponents/private/Math (124.2.0)
  - "MaterialComponents/private/TextControlsPrivate+BaseStyle (124.2.0)":
    - MaterialComponents/AnimationTiming
    - MaterialComponents/private/Math
    - "MaterialComponents/private/TextControlsPrivate+Shared"
  - "MaterialComponents/private/TextControlsPrivate+FilledStyle (124.2.0)":
    - MaterialComponents/AnimationTiming
    - MaterialComponents/Availability
    - MaterialComponents/private/Math
    - "MaterialComponents/private/TextControlsPrivate+Shared"
    - "MaterialComponents/private/TextControlsPrivate+UnderlinedStyle"
  - "MaterialComponents/private/TextControlsPrivate+OutlinedStyle (124.2.0)":
    - MaterialComponents/AnimationTiming
    - MaterialComponents/Availability
    - MaterialComponents/private/Math
    - "MaterialComponents/private/TextControlsPrivate+Shared"
  - "MaterialComponents/private/TextControlsPrivate+Shared (124.2.0)":
    - MaterialComponents/AnimationTiming
    - MaterialComponents/private/Math
    - "MaterialComponents/TextControls+Enums"
  - "MaterialComponents/private/TextControlsPrivate+TextFields (124.2.0)":
    - MaterialComponents/private/Math
    - "MaterialComponents/private/TextControlsPrivate+Shared"
  - "MaterialComponents/private/TextControlsPrivate+UnderlinedStyle (124.2.0)":
    - MaterialComponents/AnimationTiming
    - MaterialComponents/Availability
    - MaterialComponents/private/Math
    - "MaterialComponents/private/TextControlsPrivate+Shared"
  - MaterialComponents/Ripple (124.2.0):
    - MaterialComponents/AnimationTiming
    - MaterialComponents/Availability
    - MaterialComponents/private/Color
    - MaterialComponents/private/Math
  - MaterialComponents/Shadow (124.2.0):
    - MaterialComponents/Availability
  - MaterialComponents/ShadowElevations (124.2.0)
  - MaterialComponents/ShadowLayer (124.2.0):
    - MaterialComponents/ShadowElevations
  - MaterialComponents/ShapeLibrary (124.2.0):
    - MaterialComponents/private/Math
    - MaterialComponents/Shapes
  - MaterialComponents/Shapes (124.2.0):
    - MaterialComponents/private/Color
    - MaterialComponents/private/Math
    - MaterialComponents/ShadowLayer
  - "MaterialComponents/TextControls+BaseTextAreas (124.2.0)":
    - "MaterialComponents/private/TextControlsPrivate+BaseStyle"
    - "MaterialComponents/private/TextControlsPrivate+Shared"
    - MDFInternationalization
  - "MaterialComponents/TextControls+BaseTextFields (124.2.0)":
    - "MaterialComponents/private/TextControlsPrivate+BaseStyle"
    - "MaterialComponents/private/TextControlsPrivate+Shared"
    - "MaterialComponents/private/TextControlsPrivate+TextFields"
    - MDFInternationalization
  - "MaterialComponents/TextControls+Enums (124.2.0)"
  - "MaterialComponents/TextControls+FilledTextAreas (124.2.0)":
    - MaterialComponents/Availability
    - "MaterialComponents/private/TextControlsPrivate+FilledStyle"
    - "MaterialComponents/TextControls+BaseTextAreas"
  - "MaterialComponents/TextControls+FilledTextFields (124.2.0)":
    - MaterialComponents/Availability
    - "MaterialComponents/private/TextControlsPrivate+FilledStyle"
    - "MaterialComponents/TextControls+BaseTextFields"
  - "MaterialComponents/TextControls+OutlinedTextAreas (124.2.0)":
    - MaterialComponents/Availability
    - "MaterialComponents/private/TextControlsPrivate+OutlinedStyle"
    - "MaterialComponents/TextControls+BaseTextAreas"
  - "MaterialComponents/TextControls+OutlinedTextFields (124.2.0)":
    - MaterialComponents/Availability
    - "MaterialComponents/private/TextControlsPrivate+OutlinedStyle"
    - "MaterialComponents/TextControls+BaseTextFields"
  - MaterialComponents/Typography (124.2.0):
    - MaterialComponents/private/Application
    - MaterialComponents/private/Math
    - MDFTextAccessibility
  - MDFInternationalization (3.0.0)
  - MDFTextAccessibility (2.0.1)

DEPENDENCIES:
  - MaterialComponents/Buttons
  - "MaterialComponents/TextControls+FilledTextAreas"
  - "MaterialComponents/TextControls+FilledTextFields"
  - "MaterialComponents/TextControls+OutlinedTextAreas"
  - "MaterialComponents/TextControls+OutlinedTextFields"

SPEC REPOS:
  trunk:
    - MaterialComponents
    - MDFInternationalization
    - MDFTextAccessibility

SPEC CHECKSUMS:
  MaterialComponents: 1a9b2d9d45b1601ae544de85089adc4c464306d4
  MDFInternationalization: d697c55307816222a55685c4ccb1044ffb030c12
  MDFTextAccessibility: f4bb4cc2194286651b59a215fdeaa0e05dc90ba5

PODFILE CHECKSUM: c044eadb73e2affe4d633ce41df0b6f21e4a6c88

COCOAPODS: 1.10.0
