// !$*UTF8*$!
{
	archiveVersion = 1;
	classes = {
	};
	objectVersion = 52;
	objects = {

/* Begin PBXBuildFile section */
		3465D055B9F97C1E14BDD7EE /* Pods_OffOff_iOS.framework in Frameworks */ = {isa = PBXBuildFile; fileRef = 2929EE7E0BEBEABABF590CB3 /* Pods_OffOff_iOS.framework */; };
		8392C3D50276451919E4A3A8 /* Pods_OffOff_iOSTests.framework in Frameworks */ = {isa = PBXBuildFile; fileRef = 069F9E09018E73EEA79D93D2 /* Pods_OffOff_iOSTests.framework */; };
		EA07345526929C01007830ED /* PostModel.swift in Sources */ = {isa = PBXBuildFile; fileRef = EA07345426929C01007830ED /* PostModel.swift */; };
		EA0734572692A0B8007830ED /* PostsDummyData.json in Resources */ = {isa = PBXBuildFile; fileRef = EA0734562692A0B8007830ED /* PostsDummyData.json */; };
		EA07345B2692AD56007830ED /* PostsViewModel.swift in Sources */ = {isa = PBXBuildFile; fileRef = EA07345A2692AD56007830ED /* PostsViewModel.swift */; };
		EA07345F2692CECA007830ED /* PostListViewController.swift in Sources */ = {isa = PBXBuildFile; fileRef = EA07345E2692CECA007830ED /* PostListViewController.swift */; };
		EA0EFFBB268AD08B009C4722 /* ViewControllerPreview.swift in Sources */ = {isa = PBXBuildFile; fileRef = EA0EFFBA268AD08B009C4722 /* ViewControllerPreview.swift */; };
		EA0EFFBD268B468B009C4722 /* LoginView.swift in Sources */ = {isa = PBXBuildFile; fileRef = EA0EFFBC268B468B009C4722 /* LoginView.swift */; };
		EA420B37269BFBD200F6F903 /* PostServices.swift in Sources */ = {isa = PBXBuildFile; fileRef = EA420B36269BFBD200F6F903 /* PostServices.swift */; };
		EA420B41269C5F7D00F6F903 /* OffOff_iOSTests.swift in Sources */ = {isa = PBXBuildFile; fileRef = EA420B40269C5F7D00F6F903 /* OffOff_iOSTests.swift */; };
		EA72D75B2698276C00EB07DA /* PostView.swift in Sources */ = {isa = PBXBuildFile; fileRef = EA72D75A2698276C00EB07DA /* PostView.swift */; };
		EA72D75E26982BCA00EB07DA /* NewPostViewController.swift in Sources */ = {isa = PBXBuildFile; fileRef = EA72D75D26982BCA00EB07DA /* NewPostViewController.swift */; };
		EA72D76026987D5300EB07DA /* Extensions.swift in Sources */ = {isa = PBXBuildFile; fileRef = EA72D75F26987D5300EB07DA /* Extensions.swift */; };
		EAAFFB9D269EFA25006D43D4 /* Moya in Frameworks */ = {isa = PBXBuildFile; productRef = EAAFFB9C269EFA25006D43D4 /* Moya */; };
		EAAFFB9F269EFC2C006D43D4 /* CommunityAPI.swift in Sources */ = {isa = PBXBuildFile; fileRef = EAAFFB9E269EFC2C006D43D4 /* CommunityAPI.swift */; };
		EAAFFBA1269F2DF4006D43D4 /* Constants.swift in Sources */ = {isa = PBXBuildFile; fileRef = EAAFFBA0269F2DF4006D43D4 /* Constants.swift */; };
		EAD7E30A26A00A5C00E2D311 /* CustomNavigationBar.swift in Sources */ = {isa = PBXBuildFile; fileRef = EAD7E30926A00A5C00E2D311 /* CustomNavigationBar.swift */; };
		EAE502E32689E3D6002B1C6A /* AppDelegate.swift in Sources */ = {isa = PBXBuildFile; fileRef = EAE502E22689E3D6002B1C6A /* AppDelegate.swift */; };
		EAE502E52689E3D6002B1C6A /* SceneDelegate.swift in Sources */ = {isa = PBXBuildFile; fileRef = EAE502E42689E3D6002B1C6A /* SceneDelegate.swift */; };
		EAE502E72689E3D6002B1C6A /* LoginViewController.swift in Sources */ = {isa = PBXBuildFile; fileRef = EAE502E62689E3D6002B1C6A /* LoginViewController.swift */; };
		EAE502EC2689E3D7002B1C6A /* Assets.xcassets in Resources */ = {isa = PBXBuildFile; fileRef = EAE502EB2689E3D7002B1C6A /* Assets.xcassets */; };
		EAE502EF2689E3D7002B1C6A /* LaunchScreen.storyboard in Resources */ = {isa = PBXBuildFile; fileRef = EAE502ED2689E3D7002B1C6A /* LaunchScreen.storyboard */; };
		EAE50300268AA1C6002B1C6A /* Then in Frameworks */ = {isa = PBXBuildFile; productRef = EAE502FF268AA1C6002B1C6A /* Then */; };
		EAE50306268AA660002B1C6A /* SnapKit in Frameworks */ = {isa = PBXBuildFile; productRef = EAE50305268AA660002B1C6A /* SnapKit */; };
		EAE6525F269416B600D8F7BB /* PostPreviewCell.swift in Sources */ = {isa = PBXBuildFile; fileRef = EAE6525E269416B600D8F7BB /* PostPreviewCell.swift */; };
		EAE652612694182D00D8F7BB /* PostViewController.swift in Sources */ = {isa = PBXBuildFile; fileRef = EAE652602694182D00D8F7BB /* PostViewController.swift */; };
		EAF2127E268FEC6C00E47942 /* Box.swift in Sources */ = {isa = PBXBuildFile; fileRef = EAF2127D268FEC6C00E47942 /* Box.swift */; };
		EAF21280268FEE6500E47942 /* Account.swift in Sources */ = {isa = PBXBuildFile; fileRef = EAF2127F268FEE6500E47942 /* Account.swift */; };
		EAF21282268FF08800E47942 /* AccountViewModel.swift in Sources */ = {isa = PBXBuildFile; fileRef = EAF21281268FF08800E47942 /* AccountViewModel.swift */; };
		EAF212842690133500E47942 /* HomeView.swift in Sources */ = {isa = PBXBuildFile; fileRef = EAF212832690133500E47942 /* HomeView.swift */; };
		EAF212862690158100E47942 /* TabBarController.swift in Sources */ = {isa = PBXBuildFile; fileRef = EAF212852690158100E47942 /* TabBarController.swift */; };
		EAF212882690355B00E47942 /* HomeViewController.swift in Sources */ = {isa = PBXBuildFile; fileRef = EAF212872690355B00E47942 /* HomeViewController.swift */; };
		EAF2128C26907B9600E47942 /* CommunityListViewController.swift in Sources */ = {isa = PBXBuildFile; fileRef = EAF2128B26907B9600E47942 /* CommunityListViewController.swift */; };
		EAF2128E2690814400E47942 /* CommunityBoard.swift in Sources */ = {isa = PBXBuildFile; fileRef = EAF2128D2690814400E47942 /* CommunityBoard.swift */; };
		EAF21291269081B800E47942 /* CommunityListSampleData.swift in Sources */ = {isa = PBXBuildFile; fileRef = EAF21290269081B800E47942 /* CommunityListSampleData.swift */; };
/* End PBXBuildFile section */

/* Begin PBXContainerItemProxy section */
		EA420B43269C5F7D00F6F903 /* PBXContainerItemProxy */ = {
			isa = PBXContainerItemProxy;
			containerPortal = EAE502D72689E3D6002B1C6A /* Project object */;
			proxyType = 1;
			remoteGlobalIDString = EAE502DE2689E3D6002B1C6A;
			remoteInfo = OffOff_iOS;
		};
/* End PBXContainerItemProxy section */

/* Begin PBXFileReference section */
		069F9E09018E73EEA79D93D2 /* Pods_OffOff_iOSTests.framework */ = {isa = PBXFileReference; explicitFileType = wrapper.framework; includeInIndex = 0; path = Pods_OffOff_iOSTests.framework; sourceTree = BUILT_PRODUCTS_DIR; };
		2929EE7E0BEBEABABF590CB3 /* Pods_OffOff_iOS.framework */ = {isa = PBXFileReference; explicitFileType = wrapper.framework; includeInIndex = 0; path = Pods_OffOff_iOS.framework; sourceTree = BUILT_PRODUCTS_DIR; };
		954CC5D9FBAA69448BA0F8F6 /* Pods-OffOff_iOSTests.release.xcconfig */ = {isa = PBXFileReference; includeInIndex = 1; lastKnownFileType = text.xcconfig; name = "Pods-OffOff_iOSTests.release.xcconfig"; path = "Target Support Files/Pods-OffOff_iOSTests/Pods-OffOff_iOSTests.release.xcconfig"; sourceTree = "<group>"; };
		B0A9C6A68E93CC68E69F4A62 /* Pods-OffOff_iOSTests.debug.xcconfig */ = {isa = PBXFileReference; includeInIndex = 1; lastKnownFileType = text.xcconfig; name = "Pods-OffOff_iOSTests.debug.xcconfig"; path = "Target Support Files/Pods-OffOff_iOSTests/Pods-OffOff_iOSTests.debug.xcconfig"; sourceTree = "<group>"; };
		C0643ADCC21DE011D0F877C8 /* Pods-OffOff_iOS.debug.xcconfig */ = {isa = PBXFileReference; includeInIndex = 1; lastKnownFileType = text.xcconfig; name = "Pods-OffOff_iOS.debug.xcconfig"; path = "Target Support Files/Pods-OffOff_iOS/Pods-OffOff_iOS.debug.xcconfig"; sourceTree = "<group>"; };
		EA07345426929C01007830ED /* PostModel.swift */ = {isa = PBXFileReference; lastKnownFileType = sourcecode.swift; path = PostModel.swift; sourceTree = "<group>"; };
		EA0734562692A0B8007830ED /* PostsDummyData.json */ = {isa = PBXFileReference; lastKnownFileType = text.json; path = PostsDummyData.json; sourceTree = "<group>"; };
		EA07345A2692AD56007830ED /* PostsViewModel.swift */ = {isa = PBXFileReference; lastKnownFileType = sourcecode.swift; path = PostsViewModel.swift; sourceTree = "<group>"; };
		EA07345E2692CECA007830ED /* PostListViewController.swift */ = {isa = PBXFileReference; lastKnownFileType = sourcecode.swift; path = PostListViewController.swift; sourceTree = "<group>"; };
		EA0EFFBA268AD08B009C4722 /* ViewControllerPreview.swift */ = {isa = PBXFileReference; lastKnownFileType = sourcecode.swift; path = ViewControllerPreview.swift; sourceTree = "<group>"; };
		EA0EFFBC268B468B009C4722 /* LoginView.swift */ = {isa = PBXFileReference; lastKnownFileType = sourcecode.swift; path = LoginView.swift; sourceTree = "<group>"; };
		EA420B36269BFBD200F6F903 /* PostServices.swift */ = {isa = PBXFileReference; lastKnownFileType = sourcecode.swift; path = PostServices.swift; sourceTree = "<group>"; };
		EA420B3E269C5F7D00F6F903 /* OffOff_iOSTests.xctest */ = {isa = PBXFileReference; explicitFileType = wrapper.cfbundle; includeInIndex = 0; path = OffOff_iOSTests.xctest; sourceTree = BUILT_PRODUCTS_DIR; };
		EA420B40269C5F7D00F6F903 /* OffOff_iOSTests.swift */ = {isa = PBXFileReference; lastKnownFileType = sourcecode.swift; path = OffOff_iOSTests.swift; sourceTree = "<group>"; };
		EA420B42269C5F7D00F6F903 /* Info.plist */ = {isa = PBXFileReference; lastKnownFileType = text.plist.xml; path = Info.plist; sourceTree = "<group>"; };
		EA72D75A2698276C00EB07DA /* PostView.swift */ = {isa = PBXFileReference; lastKnownFileType = sourcecode.swift; path = PostView.swift; sourceTree = "<group>"; };
		EA72D75D26982BCA00EB07DA /* NewPostViewController.swift */ = {isa = PBXFileReference; lastKnownFileType = sourcecode.swift; path = NewPostViewController.swift; sourceTree = "<group>"; };
		EA72D75F26987D5300EB07DA /* Extensions.swift */ = {isa = PBXFileReference; lastKnownFileType = sourcecode.swift; path = Extensions.swift; sourceTree = "<group>"; };
		EAAFFB9E269EFC2C006D43D4 /* CommunityAPI.swift */ = {isa = PBXFileReference; lastKnownFileType = sourcecode.swift; path = CommunityAPI.swift; sourceTree = "<group>"; };
		EAAFFBA0269F2DF4006D43D4 /* Constants.swift */ = {isa = PBXFileReference; lastKnownFileType = sourcecode.swift; path = Constants.swift; sourceTree = "<group>"; };
		EAD7E30926A00A5C00E2D311 /* CustomNavigationBar.swift */ = {isa = PBXFileReference; lastKnownFileType = sourcecode.swift; path = CustomNavigationBar.swift; sourceTree = "<group>"; };
		EAD7E30B26A0771E00E2D311 /* Podfile */ = {isa = PBXFileReference; lastKnownFileType = text; path = Podfile; sourceTree = "<group>"; xcLanguageSpecificationIdentifier = xcode.lang.ruby; };
		EAE502DF2689E3D6002B1C6A /* OffOff_iOS.app */ = {isa = PBXFileReference; explicitFileType = wrapper.application; includeInIndex = 0; path = OffOff_iOS.app; sourceTree = BUILT_PRODUCTS_DIR; };
		EAE502E22689E3D6002B1C6A /* AppDelegate.swift */ = {isa = PBXFileReference; lastKnownFileType = sourcecode.swift; path = AppDelegate.swift; sourceTree = "<group>"; };
		EAE502E42689E3D6002B1C6A /* SceneDelegate.swift */ = {isa = PBXFileReference; lastKnownFileType = sourcecode.swift; path = SceneDelegate.swift; sourceTree = "<group>"; };
		EAE502E62689E3D6002B1C6A /* LoginViewController.swift */ = {isa = PBXFileReference; lastKnownFileType = sourcecode.swift; path = LoginViewController.swift; sourceTree = "<group>"; };
		EAE502EB2689E3D7002B1C6A /* Assets.xcassets */ = {isa = PBXFileReference; lastKnownFileType = folder.assetcatalog; path = Assets.xcassets; sourceTree = "<group>"; };
		EAE502EE2689E3D7002B1C6A /* Base */ = {isa = PBXFileReference; lastKnownFileType = file.storyboard; name = Base; path = Base.lproj/LaunchScreen.storyboard; sourceTree = "<group>"; };
		EAE502F02689E3D7002B1C6A /* Info.plist */ = {isa = PBXFileReference; lastKnownFileType = text.plist.xml; path = Info.plist; sourceTree = "<group>"; };
		EAE502F7268AA0E0002B1C6A /* Alamofire.xcframework */ = {isa = PBXFileReference; lastKnownFileType = wrapper.xcframework; name = Alamofire.xcframework; path = Carthage/Build/Alamofire.xcframework; sourceTree = "<group>"; };
		EAE502FB268AA0EE002B1C6A /* SnapKit.xcframework */ = {isa = PBXFileReference; lastKnownFileType = wrapper.xcframework; name = SnapKit.xcframework; path = Carthage/Build/SnapKit.xcframework; sourceTree = "<group>"; };
		EAE6525E269416B600D8F7BB /* PostPreviewCell.swift */ = {isa = PBXFileReference; lastKnownFileType = sourcecode.swift; path = PostPreviewCell.swift; sourceTree = "<group>"; };
		EAE652602694182D00D8F7BB /* PostViewController.swift */ = {isa = PBXFileReference; lastKnownFileType = sourcecode.swift; path = PostViewController.swift; sourceTree = "<group>"; };
		EAF2127D268FEC6C00E47942 /* Box.swift */ = {isa = PBXFileReference; lastKnownFileType = sourcecode.swift; path = Box.swift; sourceTree = "<group>"; };
		EAF2127F268FEE6500E47942 /* Account.swift */ = {isa = PBXFileReference; lastKnownFileType = sourcecode.swift; path = Account.swift; sourceTree = "<group>"; };
		EAF21281268FF08800E47942 /* AccountViewModel.swift */ = {isa = PBXFileReference; lastKnownFileType = sourcecode.swift; path = AccountViewModel.swift; sourceTree = "<group>"; };
		EAF212832690133500E47942 /* HomeView.swift */ = {isa = PBXFileReference; lastKnownFileType = sourcecode.swift; path = HomeView.swift; sourceTree = "<group>"; };
		EAF212852690158100E47942 /* TabBarController.swift */ = {isa = PBXFileReference; lastKnownFileType = sourcecode.swift; path = TabBarController.swift; sourceTree = "<group>"; };
		EAF212872690355B00E47942 /* HomeViewController.swift */ = {isa = PBXFileReference; lastKnownFileType = sourcecode.swift; path = HomeViewController.swift; sourceTree = "<group>"; };
		EAF2128B26907B9600E47942 /* CommunityListViewController.swift */ = {isa = PBXFileReference; lastKnownFileType = sourcecode.swift; path = CommunityListViewController.swift; sourceTree = "<group>"; };
		EAF2128D2690814400E47942 /* CommunityBoard.swift */ = {isa = PBXFileReference; lastKnownFileType = sourcecode.swift; path = CommunityBoard.swift; sourceTree = "<group>"; };
		EAF21290269081B800E47942 /* CommunityListSampleData.swift */ = {isa = PBXFileReference; lastKnownFileType = sourcecode.swift; path = CommunityListSampleData.swift; sourceTree = "<group>"; };
		F442316A99F1066B76F24632 /* Pods-OffOff_iOS.release.xcconfig */ = {isa = PBXFileReference; includeInIndex = 1; lastKnownFileType = text.xcconfig; name = "Pods-OffOff_iOS.release.xcconfig"; path = "Target Support Files/Pods-OffOff_iOS/Pods-OffOff_iOS.release.xcconfig"; sourceTree = "<group>"; };
/* End PBXFileReference section */

/* Begin PBXFrameworksBuildPhase section */
		EA420B3B269C5F7D00F6F903 /* Frameworks */ = {
			isa = PBXFrameworksBuildPhase;
			buildActionMask = 2147483647;
			files = (
				8392C3D50276451919E4A3A8 /* Pods_OffOff_iOSTests.framework in Frameworks */,
			);
			runOnlyForDeploymentPostprocessing = 0;
		};
		EAE502DC2689E3D6002B1C6A /* Frameworks */ = {
			isa = PBXFrameworksBuildPhase;
			buildActionMask = 2147483647;
			files = (
				EAE50300268AA1C6002B1C6A /* Then in Frameworks */,
				EAE50306268AA660002B1C6A /* SnapKit in Frameworks */,
				EAAFFB9D269EFA25006D43D4 /* Moya in Frameworks */,
				3465D055B9F97C1E14BDD7EE /* Pods_OffOff_iOS.framework in Frameworks */,
			);
			runOnlyForDeploymentPostprocessing = 0;
		};
/* End PBXFrameworksBuildPhase section */

/* Begin PBXGroup section */
		39F12D48D9C65837BDFF0BD4 /* Pods */ = {
			isa = PBXGroup;
			children = (
				C0643ADCC21DE011D0F877C8 /* Pods-OffOff_iOS.debug.xcconfig */,
				F442316A99F1066B76F24632 /* Pods-OffOff_iOS.release.xcconfig */,
				B0A9C6A68E93CC68E69F4A62 /* Pods-OffOff_iOSTests.debug.xcconfig */,
				954CC5D9FBAA69448BA0F8F6 /* Pods-OffOff_iOSTests.release.xcconfig */,
			);
			path = Pods;
			sourceTree = "<group>";
		};
		EA420B3F269C5F7D00F6F903 /* OffOff_iOSTests */ = {
			isa = PBXGroup;
			children = (
				EA420B40269C5F7D00F6F903 /* OffOff_iOSTests.swift */,
				EA420B42269C5F7D00F6F903 /* Info.plist */,
			);
			path = OffOff_iOSTests;
			sourceTree = "<group>";
		};
		EAE502D62689E3D6002B1C6A = {
			isa = PBXGroup;
			children = (
				EAE502E12689E3D6002B1C6A /* OffOff_iOS */,
				EA420B3F269C5F7D00F6F903 /* OffOff_iOSTests */,
				EAE502E02689E3D6002B1C6A /* Products */,
				EAE502F6268AA0E0002B1C6A /* Frameworks */,
				39F12D48D9C65837BDFF0BD4 /* Pods */,
			);
			sourceTree = "<group>";
		};
		EAE502E02689E3D6002B1C6A /* Products */ = {
			isa = PBXGroup;
			children = (
				EAE502DF2689E3D6002B1C6A /* OffOff_iOS.app */,
				EA420B3E269C5F7D00F6F903 /* OffOff_iOSTests.xctest */,
			);
			name = Products;
			sourceTree = "<group>";
		};
		EAE502E12689E3D6002B1C6A /* OffOff_iOS */ = {
			isa = PBXGroup;
			children = (
				EAE6525D2694169B00D8F7BB /* Cells */,
				EAF2128F2690818800E47942 /* Data */,
				EAF2127C268FEC4000E47942 /* Controllers */,
				EAF2127B268FEC3100E47942 /* View Models */,
				EAF2127A268FEC2500E47942 /* Models */,
				EAE5030B268AB724002B1C6A /* Services */,
				EAE5030A268AB6F6002B1C6A /* Views */,
				EAE50309268AB6DC002B1C6A /* Commons */,
				EAE502EB2689E3D7002B1C6A /* Assets.xcassets */,
				EAE502F02689E3D7002B1C6A /* Info.plist */,
			);
			path = OffOff_iOS;
			sourceTree = "<group>";
		};
		EAE502F6268AA0E0002B1C6A /* Frameworks */ = {
			isa = PBXGroup;
			children = (
				EAD7E30B26A0771E00E2D311 /* Podfile */,
				EAE502FB268AA0EE002B1C6A /* SnapKit.xcframework */,
				EAE502F7268AA0E0002B1C6A /* Alamofire.xcframework */,
				2929EE7E0BEBEABABF590CB3 /* Pods_OffOff_iOS.framework */,
				069F9E09018E73EEA79D93D2 /* Pods_OffOff_iOSTests.framework */,
			);
			name = Frameworks;
			sourceTree = "<group>";
		};
		EAE50309268AB6DC002B1C6A /* Commons */ = {
			isa = PBXGroup;
			children = (
				EAE502E22689E3D6002B1C6A /* AppDelegate.swift */,
				EAE502E42689E3D6002B1C6A /* SceneDelegate.swift */,
				EAE502ED2689E3D7002B1C6A /* LaunchScreen.storyboard */,
				EA0EFFBA268AD08B009C4722 /* ViewControllerPreview.swift */,
				EAF2127D268FEC6C00E47942 /* Box.swift */,
				EA72D75F26987D5300EB07DA /* Extensions.swift */,
				EAAFFBA0269F2DF4006D43D4 /* Constants.swift */,
			);
			path = Commons;
			sourceTree = "<group>";
		};
		EAE5030A268AB6F6002B1C6A /* Views */ = {
			isa = PBXGroup;
			children = (
				EA0EFFBC268B468B009C4722 /* LoginView.swift */,
				EAF212832690133500E47942 /* HomeView.swift */,
				EA72D75A2698276C00EB07DA /* PostView.swift */,
				EAD7E30926A00A5C00E2D311 /* CustomNavigationBar.swift */,
			);
			path = Views;
			sourceTree = "<group>";
		};
		EAE5030B268AB724002B1C6A /* Services */ = {
			isa = PBXGroup;
			children = (
				EA420B36269BFBD200F6F903 /* PostServices.swift */,
				EAAFFB9E269EFC2C006D43D4 /* CommunityAPI.swift */,
			);
			path = Services;
			sourceTree = "<group>";
		};
		EAE6525D2694169B00D8F7BB /* Cells */ = {
			isa = PBXGroup;
			children = (
				EAE6525E269416B600D8F7BB /* PostPreviewCell.swift */,
			);
			path = Cells;
			sourceTree = "<group>";
		};
		EAF2127A268FEC2500E47942 /* Models */ = {
			isa = PBXGroup;
			children = (
				EAF2127F268FEE6500E47942 /* Account.swift */,
				EAF2128D2690814400E47942 /* CommunityBoard.swift */,
				EA07345426929C01007830ED /* PostModel.swift */,
			);
			path = Models;
			sourceTree = "<group>";
		};
		EAF2127B268FEC3100E47942 /* View Models */ = {
			isa = PBXGroup;
			children = (
				EAF21281268FF08800E47942 /* AccountViewModel.swift */,
				EA07345A2692AD56007830ED /* PostsViewModel.swift */,
			);
			path = "View Models";
			sourceTree = "<group>";
		};
		EAF2127C268FEC4000E47942 /* Controllers */ = {
			isa = PBXGroup;
			children = (
				EAE502E62689E3D6002B1C6A /* LoginViewController.swift */,
				EAF212852690158100E47942 /* TabBarController.swift */,
				EAF212872690355B00E47942 /* HomeViewController.swift */,
				EAF2128B26907B9600E47942 /* CommunityListViewController.swift */,
				EA07345E2692CECA007830ED /* PostListViewController.swift */,
				EAE652602694182D00D8F7BB /* PostViewController.swift */,
				EA72D75D26982BCA00EB07DA /* NewPostViewController.swift */,
			);
			path = Controllers;
			sourceTree = "<group>";
		};
		EAF2128F2690818800E47942 /* Data */ = {
			isa = PBXGroup;
			children = (
				EA0734562692A0B8007830ED /* PostsDummyData.json */,
				EAF21290269081B800E47942 /* CommunityListSampleData.swift */,
			);
			path = Data;
			sourceTree = "<group>";
		};
/* End PBXGroup section */

/* Begin PBXNativeTarget section */
		EA420B3D269C5F7D00F6F903 /* OffOff_iOSTests */ = {
			isa = PBXNativeTarget;
			buildConfigurationList = EA420B45269C5F7D00F6F903 /* Build configuration list for PBXNativeTarget "OffOff_iOSTests" */;
			buildPhases = (
				402DFD08836555C352C0AA92 /* [CP] Check Pods Manifest.lock */,
				EA420B3A269C5F7D00F6F903 /* Sources */,
				EA420B3B269C5F7D00F6F903 /* Frameworks */,
				EA420B3C269C5F7D00F6F903 /* Resources */,
			);
			buildRules = (
			);
			dependencies = (
				EA420B44269C5F7D00F6F903 /* PBXTargetDependency */,
			);
			name = OffOff_iOSTests;
			productName = OffOff_iOSTests;
			productReference = EA420B3E269C5F7D00F6F903 /* OffOff_iOSTests.xctest */;
			productType = "com.apple.product-type.bundle.unit-test";
		};
		EAE502DE2689E3D6002B1C6A /* OffOff_iOS */ = {
			isa = PBXNativeTarget;
			buildConfigurationList = EAE502F32689E3D7002B1C6A /* Build configuration list for PBXNativeTarget "OffOff_iOS" */;
			buildPhases = (
				AE93B2955FC757C24CABD166 /* [CP] Check Pods Manifest.lock */,
				EAE502DB2689E3D6002B1C6A /* Sources */,
				EAE502DC2689E3D6002B1C6A /* Frameworks */,
				EAE502DD2689E3D6002B1C6A /* Resources */,
				177E28EA7A10A4DD6F5E890F /* [CP] Embed Pods Frameworks */,
			);
			buildRules = (
			);
			dependencies = (
			);
			name = OffOff_iOS;
			packageProductDependencies = (
				EAE502FF268AA1C6002B1C6A /* Then */,
				EAE50305268AA660002B1C6A /* SnapKit */,
				EAAFFB9C269EFA25006D43D4 /* Moya */,
			);
			productName = OffOff_iOS;
			productReference = EAE502DF2689E3D6002B1C6A /* OffOff_iOS.app */;
			productType = "com.apple.product-type.application";
		};
/* End PBXNativeTarget section */

/* Begin PBXProject section */
		EAE502D72689E3D6002B1C6A /* Project object */ = {
			isa = PBXProject;
			attributes = {
				LastSwiftUpdateCheck = 1250;
				LastUpgradeCheck = 1250;
				TargetAttributes = {
					EA420B3D269C5F7D00F6F903 = {
						CreatedOnToolsVersion = 12.5;
						TestTargetID = EAE502DE2689E3D6002B1C6A;
					};
					EAE502DE2689E3D6002B1C6A = {
						CreatedOnToolsVersion = 12.5;
					};
				};
			};
			buildConfigurationList = EAE502DA2689E3D6002B1C6A /* Build configuration list for PBXProject "OffOff_iOS" */;
			compatibilityVersion = "Xcode 9.3";
			developmentRegion = en;
			hasScannedForEncodings = 0;
			knownRegions = (
				en,
				Base,
			);
			mainGroup = EAE502D62689E3D6002B1C6A;
			packageReferences = (
				EAE502FE268AA1C6002B1C6A /* XCRemoteSwiftPackageReference "Then" */,
				EAE50301268AA643002B1C6A /* XCRemoteSwiftPackageReference "Alamofire" */,
				EAE50304268AA660002B1C6A /* XCRemoteSwiftPackageReference "SnapKit" */,
				EAAFFB9B269EFA25006D43D4 /* XCRemoteSwiftPackageReference "Moya" */,
			);
			productRefGroup = EAE502E02689E3D6002B1C6A /* Products */;
			projectDirPath = "";
			projectRoot = "";
			targets = (
				EAE502DE2689E3D6002B1C6A /* OffOff_iOS */,
				EA420B3D269C5F7D00F6F903 /* OffOff_iOSTests */,
			);
		};
/* End PBXProject section */

/* Begin PBXResourcesBuildPhase section */
		EA420B3C269C5F7D00F6F903 /* Resources */ = {
			isa = PBXResourcesBuildPhase;
			buildActionMask = 2147483647;
			files = (
			);
			runOnlyForDeploymentPostprocessing = 0;
		};
		EAE502DD2689E3D6002B1C6A /* Resources */ = {
			isa = PBXResourcesBuildPhase;
			buildActionMask = 2147483647;
			files = (
				EA0734572692A0B8007830ED /* PostsDummyData.json in Resources */,
				EAE502EF2689E3D7002B1C6A /* LaunchScreen.storyboard in Resources */,
				EAE502EC2689E3D7002B1C6A /* Assets.xcassets in Resources */,
			);
			runOnlyForDeploymentPostprocessing = 0;
		};
/* End PBXResourcesBuildPhase section */

/* Begin PBXShellScriptBuildPhase section */
		177E28EA7A10A4DD6F5E890F /* [CP] Embed Pods Frameworks */ = {
			isa = PBXShellScriptBuildPhase;
			buildActionMask = 2147483647;
			files = (
			);
			inputFileListPaths = (
				"${PODS_ROOT}/Target Support Files/Pods-OffOff_iOS/Pods-OffOff_iOS-frameworks-${CONFIGURATION}-input-files.xcfilelist",
			);
			name = "[CP] Embed Pods Frameworks";
			outputFileListPaths = (
				"${PODS_ROOT}/Target Support Files/Pods-OffOff_iOS/Pods-OffOff_iOS-frameworks-${CONFIGURATION}-output-files.xcfilelist",
			);
			runOnlyForDeploymentPostprocessing = 0;
			shellPath = /bin/sh;
			shellScript = "\"${PODS_ROOT}/Target Support Files/Pods-OffOff_iOS/Pods-OffOff_iOS-frameworks.sh\"\n";
			showEnvVarsInLog = 0;
		};
		402DFD08836555C352C0AA92 /* [CP] Check Pods Manifest.lock */ = {
			isa = PBXShellScriptBuildPhase;
			buildActionMask = 2147483647;
			files = (
			);
			inputFileListPaths = (
			);
			inputPaths = (
				"${PODS_PODFILE_DIR_PATH}/Podfile.lock",
				"${PODS_ROOT}/Manifest.lock",
			);
			name = "[CP] Check Pods Manifest.lock";
			outputFileListPaths = (
			);
			outputPaths = (
				"$(DERIVED_FILE_DIR)/Pods-OffOff_iOSTests-checkManifestLockResult.txt",
			);
			runOnlyForDeploymentPostprocessing = 0;
			shellPath = /bin/sh;
			shellScript = "diff \"${PODS_PODFILE_DIR_PATH}/Podfile.lock\" \"${PODS_ROOT}/Manifest.lock\" > /dev/null\nif [ $? != 0 ] ; then\n    # print error to STDERR\n    echo \"error: The sandbox is not in sync with the Podfile.lock. Run 'pod install' or update your CocoaPods installation.\" >&2\n    exit 1\nfi\n# This output is used by Xcode 'outputs' to avoid re-running this script phase.\necho \"SUCCESS\" > \"${SCRIPT_OUTPUT_FILE_0}\"\n";
			showEnvVarsInLog = 0;
		};
		AE93B2955FC757C24CABD166 /* [CP] Check Pods Manifest.lock */ = {
			isa = PBXShellScriptBuildPhase;
			buildActionMask = 2147483647;
			files = (
			);
			inputFileListPaths = (
			);
			inputPaths = (
				"${PODS_PODFILE_DIR_PATH}/Podfile.lock",
				"${PODS_ROOT}/Manifest.lock",
			);
			name = "[CP] Check Pods Manifest.lock";
			outputFileListPaths = (
			);
			outputPaths = (
				"$(DERIVED_FILE_DIR)/Pods-OffOff_iOS-checkManifestLockResult.txt",
			);
			runOnlyForDeploymentPostprocessing = 0;
			shellPath = /bin/sh;
			shellScript = "diff \"${PODS_PODFILE_DIR_PATH}/Podfile.lock\" \"${PODS_ROOT}/Manifest.lock\" > /dev/null\nif [ $? != 0 ] ; then\n    # print error to STDERR\n    echo \"error: The sandbox is not in sync with the Podfile.lock. Run 'pod install' or update your CocoaPods installation.\" >&2\n    exit 1\nfi\n# This output is used by Xcode 'outputs' to avoid re-running this script phase.\necho \"SUCCESS\" > \"${SCRIPT_OUTPUT_FILE_0}\"\n";
			showEnvVarsInLog = 0;
		};
/* End PBXShellScriptBuildPhase section */

/* Begin PBXSourcesBuildPhase section */
		EA420B3A269C5F7D00F6F903 /* Sources */ = {
			isa = PBXSourcesBuildPhase;
			buildActionMask = 2147483647;
			files = (
				EA420B41269C5F7D00F6F903 /* OffOff_iOSTests.swift in Sources */,
			);
			runOnlyForDeploymentPostprocessing = 0;
		};
		EAE502DB2689E3D6002B1C6A /* Sources */ = {
			isa = PBXSourcesBuildPhase;
			buildActionMask = 2147483647;
			files = (
				EAAFFBA1269F2DF4006D43D4 /* Constants.swift in Sources */,
				EA07345B2692AD56007830ED /* PostsViewModel.swift in Sources */,
				EA0EFFBD268B468B009C4722 /* LoginView.swift in Sources */,
				EAF2127E268FEC6C00E47942 /* Box.swift in Sources */,
				EAF212862690158100E47942 /* TabBarController.swift in Sources */,
				EAE652612694182D00D8F7BB /* PostViewController.swift in Sources */,
				EAF212842690133500E47942 /* HomeView.swift in Sources */,
				EA72D75B2698276C00EB07DA /* PostView.swift in Sources */,
				EA0EFFBB268AD08B009C4722 /* ViewControllerPreview.swift in Sources */,
				EAF21282268FF08800E47942 /* AccountViewModel.swift in Sources */,
				EA72D76026987D5300EB07DA /* Extensions.swift in Sources */,
				EAF2128C26907B9600E47942 /* CommunityListViewController.swift in Sources */,
				EA07345F2692CECA007830ED /* PostListViewController.swift in Sources */,
				EA420B37269BFBD200F6F903 /* PostServices.swift in Sources */,
				EAE502E72689E3D6002B1C6A /* LoginViewController.swift in Sources */,
				EAF2128E2690814400E47942 /* CommunityBoard.swift in Sources */,
				EAE6525F269416B600D8F7BB /* PostPreviewCell.swift in Sources */,
				EAF21280268FEE6500E47942 /* Account.swift in Sources */,
				EAD7E30A26A00A5C00E2D311 /* CustomNavigationBar.swift in Sources */,
				EA07345526929C01007830ED /* PostModel.swift in Sources */,
				EAE502E32689E3D6002B1C6A /* AppDelegate.swift in Sources */,
				EA72D75E26982BCA00EB07DA /* NewPostViewController.swift in Sources */,
				EAAFFB9F269EFC2C006D43D4 /* CommunityAPI.swift in Sources */,
				EAE502E52689E3D6002B1C6A /* SceneDelegate.swift in Sources */,
				EAF212882690355B00E47942 /* HomeViewController.swift in Sources */,
				EAF21291269081B800E47942 /* CommunityListSampleData.swift in Sources */,
			);
			runOnlyForDeploymentPostprocessing = 0;
		};
/* End PBXSourcesBuildPhase section */

/* Begin PBXTargetDependency section */
		EA420B44269C5F7D00F6F903 /* PBXTargetDependency */ = {
			isa = PBXTargetDependency;
			target = EAE502DE2689E3D6002B1C6A /* OffOff_iOS */;
			targetProxy = EA420B43269C5F7D00F6F903 /* PBXContainerItemProxy */;
		};
/* End PBXTargetDependency section */

/* Begin PBXVariantGroup section */
		EAE502ED2689E3D7002B1C6A /* LaunchScreen.storyboard */ = {
			isa = PBXVariantGroup;
			children = (
				EAE502EE2689E3D7002B1C6A /* Base */,
			);
			name = LaunchScreen.storyboard;
			sourceTree = "<group>";
		};
/* End PBXVariantGroup section */

/* Begin XCBuildConfiguration section */
		EA420B46269C5F7D00F6F903 /* Debug */ = {
			isa = XCBuildConfiguration;
			baseConfigurationReference = B0A9C6A68E93CC68E69F4A62 /* Pods-OffOff_iOSTests.debug.xcconfig */;
			buildSettings = {
				BUNDLE_LOADER = "$(TEST_HOST)";
				CODE_SIGN_STYLE = Automatic;
				DEVELOPMENT_TEAM = 8RLH6CULJ3;
				INFOPLIST_FILE = OffOff_iOSTests/Info.plist;
				IPHONEOS_DEPLOYMENT_TARGET = 13.0;
				LD_RUNPATH_SEARCH_PATHS = (
					"$(inherited)",
					"@executable_path/Frameworks",
					"@loader_path/Frameworks",
				);
				PRODUCT_BUNDLE_IDENTIFIER = "TeamOff.OffOff-iOSTests";
				PRODUCT_NAME = "$(TARGET_NAME)";
				SWIFT_VERSION = 5.0;
				TARGETED_DEVICE_FAMILY = "1,2";
				TEST_HOST = "$(BUILT_PRODUCTS_DIR)/OffOff_iOS.app/OffOff_iOS";
			};
			name = Debug;
		};
		EA420B47269C5F7D00F6F903 /* Release */ = {
			isa = XCBuildConfiguration;
			baseConfigurationReference = 954CC5D9FBAA69448BA0F8F6 /* Pods-OffOff_iOSTests.release.xcconfig */;
			buildSettings = {
				BUNDLE_LOADER = "$(TEST_HOST)";
				CODE_SIGN_STYLE = Automatic;
				DEVELOPMENT_TEAM = 8RLH6CULJ3;
				INFOPLIST_FILE = OffOff_iOSTests/Info.plist;
				IPHONEOS_DEPLOYMENT_TARGET = 13.0;
				LD_RUNPATH_SEARCH_PATHS = (
					"$(inherited)",
					"@executable_path/Frameworks",
					"@loader_path/Frameworks",
				);
				PRODUCT_BUNDLE_IDENTIFIER = "TeamOff.OffOff-iOSTests";
				PRODUCT_NAME = "$(TARGET_NAME)";
				SWIFT_VERSION = 5.0;
				TARGETED_DEVICE_FAMILY = "1,2";
				TEST_HOST = "$(BUILT_PRODUCTS_DIR)/OffOff_iOS.app/OffOff_iOS";
			};
			name = Release;
		};
		EAE502F12689E3D7002B1C6A /* Debug */ = {
			isa = XCBuildConfiguration;
			buildSettings = {
				ALWAYS_SEARCH_USER_PATHS = NO;
				CLANG_ANALYZER_NONNULL = YES;
				CLANG_ANALYZER_NUMBER_OBJECT_CONVERSION = YES_AGGRESSIVE;
				CLANG_CXX_LANGUAGE_STANDARD = "gnu++14";
				CLANG_CXX_LIBRARY = "libc++";
				CLANG_ENABLE_MODULES = YES;
				CLANG_ENABLE_OBJC_ARC = YES;
				CLANG_ENABLE_OBJC_WEAK = YES;
				CLANG_WARN_BLOCK_CAPTURE_AUTORELEASING = YES;
				CLANG_WARN_BOOL_CONVERSION = YES;
				CLANG_WARN_COMMA = YES;
				CLANG_WARN_CONSTANT_CONVERSION = YES;
				CLANG_WARN_DEPRECATED_OBJC_IMPLEMENTATIONS = YES;
				CLANG_WARN_DIRECT_OBJC_ISA_USAGE = YES_ERROR;
				CLANG_WARN_DOCUMENTATION_COMMENTS = YES;
				CLANG_WARN_EMPTY_BODY = YES;
				CLANG_WARN_ENUM_CONVERSION = YES;
				CLANG_WARN_INFINITE_RECURSION = YES;
				CLANG_WARN_INT_CONVERSION = YES;
				CLANG_WARN_NON_LITERAL_NULL_CONVERSION = YES;
				CLANG_WARN_OBJC_IMPLICIT_RETAIN_SELF = YES;
				CLANG_WARN_OBJC_LITERAL_CONVERSION = YES;
				CLANG_WARN_OBJC_ROOT_CLASS = YES_ERROR;
				CLANG_WARN_QUOTED_INCLUDE_IN_FRAMEWORK_HEADER = YES;
				CLANG_WARN_RANGE_LOOP_ANALYSIS = YES;
				CLANG_WARN_STRICT_PROTOTYPES = YES;
				CLANG_WARN_SUSPICIOUS_MOVE = YES;
				CLANG_WARN_UNGUARDED_AVAILABILITY = YES_AGGRESSIVE;
				CLANG_WARN_UNREACHABLE_CODE = YES;
				CLANG_WARN__DUPLICATE_METHOD_MATCH = YES;
				COPY_PHASE_STRIP = NO;
				DEBUG_INFORMATION_FORMAT = dwarf;
				ENABLE_STRICT_OBJC_MSGSEND = YES;
				ENABLE_TESTABILITY = YES;
				GCC_C_LANGUAGE_STANDARD = gnu11;
				GCC_DYNAMIC_NO_PIC = NO;
				GCC_NO_COMMON_BLOCKS = YES;
				GCC_OPTIMIZATION_LEVEL = 0;
				GCC_PREPROCESSOR_DEFINITIONS = (
					"DEBUG=1",
					"$(inherited)",
				);
				GCC_WARN_64_TO_32_BIT_CONVERSION = YES;
				GCC_WARN_ABOUT_RETURN_TYPE = YES_ERROR;
				GCC_WARN_UNDECLARED_SELECTOR = YES;
				GCC_WARN_UNINITIALIZED_AUTOS = YES_AGGRESSIVE;
				GCC_WARN_UNUSED_FUNCTION = YES;
				GCC_WARN_UNUSED_VARIABLE = YES;
				IPHONEOS_DEPLOYMENT_TARGET = 13.0;
				MTL_ENABLE_DEBUG_INFO = INCLUDE_SOURCE;
				MTL_FAST_MATH = YES;
				ONLY_ACTIVE_ARCH = YES;
				SDKROOT = iphoneos;
				SWIFT_ACTIVE_COMPILATION_CONDITIONS = DEBUG;
				SWIFT_OPTIMIZATION_LEVEL = "-Onone";
			};
			name = Debug;
		};
		EAE502F22689E3D7002B1C6A /* Release */ = {
			isa = XCBuildConfiguration;
			buildSettings = {
				ALWAYS_SEARCH_USER_PATHS = NO;
				CLANG_ANALYZER_NONNULL = YES;
				CLANG_ANALYZER_NUMBER_OBJECT_CONVERSION = YES_AGGRESSIVE;
				CLANG_CXX_LANGUAGE_STANDARD = "gnu++14";
				CLANG_CXX_LIBRARY = "libc++";
				CLANG_ENABLE_MODULES = YES;
				CLANG_ENABLE_OBJC_ARC = YES;
				CLANG_ENABLE_OBJC_WEAK = YES;
				CLANG_WARN_BLOCK_CAPTURE_AUTORELEASING = YES;
				CLANG_WARN_BOOL_CONVERSION = YES;
				CLANG_WARN_COMMA = YES;
				CLANG_WARN_CONSTANT_CONVERSION = YES;
				CLANG_WARN_DEPRECATED_OBJC_IMPLEMENTATIONS = YES;
				CLANG_WARN_DIRECT_OBJC_ISA_USAGE = YES_ERROR;
				CLANG_WARN_DOCUMENTATION_COMMENTS = YES;
				CLANG_WARN_EMPTY_BODY = YES;
				CLANG_WARN_ENUM_CONVERSION = YES;
				CLANG_WARN_INFINITE_RECURSION = YES;
				CLANG_WARN_INT_CONVERSION = YES;
				CLANG_WARN_NON_LITERAL_NULL_CONVERSION = YES;
				CLANG_WARN_OBJC_IMPLICIT_RETAIN_SELF = YES;
				CLANG_WARN_OBJC_LITERAL_CONVERSION = YES;
				CLANG_WARN_OBJC_ROOT_CLASS = YES_ERROR;
				CLANG_WARN_QUOTED_INCLUDE_IN_FRAMEWORK_HEADER = YES;
				CLANG_WARN_RANGE_LOOP_ANALYSIS = YES;
				CLANG_WARN_STRICT_PROTOTYPES = YES;
				CLANG_WARN_SUSPICIOUS_MOVE = YES;
				CLANG_WARN_UNGUARDED_AVAILABILITY = YES_AGGRESSIVE;
				CLANG_WARN_UNREACHABLE_CODE = YES;
				CLANG_WARN__DUPLICATE_METHOD_MATCH = YES;
				COPY_PHASE_STRIP = NO;
				DEBUG_INFORMATION_FORMAT = "dwarf-with-dsym";
				ENABLE_NS_ASSERTIONS = NO;
				ENABLE_STRICT_OBJC_MSGSEND = YES;
				GCC_C_LANGUAGE_STANDARD = gnu11;
				GCC_NO_COMMON_BLOCKS = YES;
				GCC_WARN_64_TO_32_BIT_CONVERSION = YES;
				GCC_WARN_ABOUT_RETURN_TYPE = YES_ERROR;
				GCC_WARN_UNDECLARED_SELECTOR = YES;
				GCC_WARN_UNINITIALIZED_AUTOS = YES_AGGRESSIVE;
				GCC_WARN_UNUSED_FUNCTION = YES;
				GCC_WARN_UNUSED_VARIABLE = YES;
				IPHONEOS_DEPLOYMENT_TARGET = 13.0;
				MTL_ENABLE_DEBUG_INFO = NO;
				MTL_FAST_MATH = YES;
				SDKROOT = iphoneos;
				SWIFT_COMPILATION_MODE = wholemodule;
				SWIFT_OPTIMIZATION_LEVEL = "-O";
				VALIDATE_PRODUCT = YES;
			};
			name = Release;
		};
		EAE502F42689E3D7002B1C6A /* Debug */ = {
			isa = XCBuildConfiguration;
			baseConfigurationReference = C0643ADCC21DE011D0F877C8 /* Pods-OffOff_iOS.debug.xcconfig */;
			buildSettings = {
				ASSETCATALOG_COMPILER_APPICON_NAME = AppIcon;
				ASSETCATALOG_COMPILER_GLOBAL_ACCENT_COLOR_NAME = AccentColor;
				CODE_SIGN_STYLE = Automatic;
				DEVELOPMENT_TEAM = 8RLH6CULJ3;
				INFOPLIST_FILE = OffOff_iOS/Info.plist;
				IPHONEOS_DEPLOYMENT_TARGET = 13.0;
				LD_RUNPATH_SEARCH_PATHS = (
					"$(inherited)",
					"@executable_path/Frameworks",
				);
				MARKETING_VERSION = 0.01;
				PRODUCT_BUNDLE_IDENTIFIER = "TeamOff.OffOff-iOS";
				PRODUCT_NAME = "$(TARGET_NAME)";
				SWIFT_VERSION = 5.0;
				TARGETED_DEVICE_FAMILY = 1;
			};
			name = Debug;
		};
		EAE502F52689E3D7002B1C6A /* Release */ = {
			isa = XCBuildConfiguration;
			baseConfigurationReference = F442316A99F1066B76F24632 /* Pods-OffOff_iOS.release.xcconfig */;
			buildSettings = {
				ASSETCATALOG_COMPILER_APPICON_NAME = AppIcon;
				ASSETCATALOG_COMPILER_GLOBAL_ACCENT_COLOR_NAME = AccentColor;
				CODE_SIGN_STYLE = Automatic;
				DEVELOPMENT_TEAM = 8RLH6CULJ3;
				INFOPLIST_FILE = OffOff_iOS/Info.plist;
				IPHONEOS_DEPLOYMENT_TARGET = 13.0;
				LD_RUNPATH_SEARCH_PATHS = (
					"$(inherited)",
					"@executable_path/Frameworks",
				);
				MARKETING_VERSION = 0.01;
				PRODUCT_BUNDLE_IDENTIFIER = "TeamOff.OffOff-iOS";
				PRODUCT_NAME = "$(TARGET_NAME)";
				SWIFT_VERSION = 5.0;
				TARGETED_DEVICE_FAMILY = 1;
			};
			name = Release;
		};
/* End XCBuildConfiguration section */

/* Begin XCConfigurationList section */
		EA420B45269C5F7D00F6F903 /* Build configuration list for PBXNativeTarget "OffOff_iOSTests" */ = {
			isa = XCConfigurationList;
			buildConfigurations = (
				EA420B46269C5F7D00F6F903 /* Debug */,
				EA420B47269C5F7D00F6F903 /* Release */,
			);
			defaultConfigurationIsVisible = 0;
			defaultConfigurationName = Release;
		};
		EAE502DA2689E3D6002B1C6A /* Build configuration list for PBXProject "OffOff_iOS" */ = {
			isa = XCConfigurationList;
			buildConfigurations = (
				EAE502F12689E3D7002B1C6A /* Debug */,
				EAE502F22689E3D7002B1C6A /* Release */,
			);
			defaultConfigurationIsVisible = 0;
			defaultConfigurationName = Release;
		};
		EAE502F32689E3D7002B1C6A /* Build configuration list for PBXNativeTarget "OffOff_iOS" */ = {
			isa = XCConfigurationList;
			buildConfigurations = (
				EAE502F42689E3D7002B1C6A /* Debug */,
				EAE502F52689E3D7002B1C6A /* Release */,
			);
			defaultConfigurationIsVisible = 0;
			defaultConfigurationName = Release;
		};
/* End XCConfigurationList section */

/* Begin XCRemoteSwiftPackageReference section */
		EAAFFB9B269EFA25006D43D4 /* XCRemoteSwiftPackageReference "Moya" */ = {
			isa = XCRemoteSwiftPackageReference;
			repositoryURL = "https://github.com/Moya/Moya.git";
			requirement = {
				kind = upToNextMajorVersion;
				minimumVersion = 14.0.1;
			};
		};
		EAE502FE268AA1C6002B1C6A /* XCRemoteSwiftPackageReference "Then" */ = {
			isa = XCRemoteSwiftPackageReference;
			repositoryURL = "https://github.com/devxoul/Then";
			requirement = {
				kind = upToNextMajorVersion;
				minimumVersion = 2.7.0;
			};
		};
		EAE50301268AA643002B1C6A /* XCRemoteSwiftPackageReference "Alamofire" */ = {
			isa = XCRemoteSwiftPackageReference;
			repositoryURL = "https://github.com/Alamofire/Alamofire";
			requirement = {
				kind = upToNextMajorVersion;
				minimumVersion = 5.4.3;
			};
		};
		EAE50304268AA660002B1C6A /* XCRemoteSwiftPackageReference "SnapKit" */ = {
			isa = XCRemoteSwiftPackageReference;
			repositoryURL = "https://github.com/SnapKit/SnapKit";
			requirement = {
				kind = upToNextMajorVersion;
				minimumVersion = 5.0.1;
			};
		};
/* End XCRemoteSwiftPackageReference section */

/* Begin XCSwiftPackageProductDependency section */
		EAAFFB9C269EFA25006D43D4 /* Moya */ = {
			isa = XCSwiftPackageProductDependency;
			package = EAAFFB9B269EFA25006D43D4 /* XCRemoteSwiftPackageReference "Moya" */;
			productName = Moya;
		};
		EAE502FF268AA1C6002B1C6A /* Then */ = {
			isa = XCSwiftPackageProductDependency;
			package = EAE502FE268AA1C6002B1C6A /* XCRemoteSwiftPackageReference "Then" */;
			productName = Then;
		};
		EAE50305268AA660002B1C6A /* SnapKit */ = {
			isa = XCSwiftPackageProductDependency;
			package = EAE50304268AA660002B1C6A /* XCRemoteSwiftPackageReference "SnapKit" */;
			productName = SnapKit;
		};
/* End XCSwiftPackageProductDependency section */
	};
	rootObject = EAE502D72689E3D6002B1C6A /* Project object */;
}
