// !$*UTF8*$!
{
	archiveVersion = 1;
	classes = {
	};
	objectVersion = 52;
	objects = {

/* Begin PBXBuildFile section */
		EA0582C2274D1262005855F1 /* MyActivityView.swift in Sources */ = {isa = PBXBuildFile; fileRef = EA0582C1274D1262005855F1 /* MyActivityView.swift */; };
		EA0582C4274D14D0005855F1 /* MyActivityViewController.swift in Sources */ = {isa = PBXBuildFile; fileRef = EA0582C3274D14D0005855F1 /* MyActivityViewController.swift */; };
		EA0582C6274D1CF1005855F1 /* MyActivityViewModel.swift in Sources */ = {isa = PBXBuildFile; fileRef = EA0582C5274D1CF1005855F1 /* MyActivityViewModel.swift */; };
		EA06133D26C4DE4800E041E9 /* PrivacyInfoViewController.swift in Sources */ = {isa = PBXBuildFile; fileRef = EACC258B26A71466000B12B6 /* PrivacyInfoViewController.swift */; };
		EA0624D926DBB1B6004FF91A /* Realm in Frameworks */ = {isa = PBXBuildFile; productRef = EA0624D826DBB1B6004FF91A /* Realm */; };
		EA0624DB26DBB1B6004FF91A /* RealmSwift in Frameworks */ = {isa = PBXBuildFile; productRef = EA0624DA26DBB1B6004FF91A /* RealmSwift */; };
		EA0624DF26DD1D58004FF91A /* UserRoutineManager.swift in Sources */ = {isa = PBXBuildFile; fileRef = EA0624DE26DD1D58004FF91A /* UserRoutineManager.swift */; };
		EA0624E226DE77A7004FF91A /* RxRealm in Frameworks */ = {isa = PBXBuildFile; productRef = EA0624E126DE77A7004FF91A /* RxRealm */; };
		EA07345526929C01007830ED /* Post.swift in Sources */ = {isa = PBXBuildFile; fileRef = EA07345426929C01007830ED /* Post.swift */; };
		EA0734572692A0B8007830ED /* PostsDummyData.json in Resources */ = {isa = PBXBuildFile; fileRef = EA0734562692A0B8007830ED /* PostsDummyData.json */; };
		EA07345B2692AD56007830ED /* PostListViewModel.swift in Sources */ = {isa = PBXBuildFile; fileRef = EA07345A2692AD56007830ED /* PostListViewModel.swift */; };
		EA07345F2692CECA007830ED /* PostListViewController.swift in Sources */ = {isa = PBXBuildFile; fileRef = EA07345E2692CECA007830ED /* PostListViewController.swift */; };
		EA0747DB2727B3DC004DB13C /* RxMoya in Frameworks */ = {isa = PBXBuildFile; productRef = EA0747DA2727B3DC004DB13C /* RxMoya */; };
		EA0747DE2727B48F004DB13C /* RxKeyboard in Frameworks */ = {isa = PBXBuildFile; productRef = EA0747DD2727B48F004DB13C /* RxKeyboard */; };
		EA0EFFBB268AD08B009C4722 /* ViewControllerPreview.swift in Sources */ = {isa = PBXBuildFile; fileRef = EA0EFFBA268AD08B009C4722 /* ViewControllerPreview.swift */; };
		EA0EFFBD268B468B009C4722 /* LoginView.swift in Sources */ = {isa = PBXBuildFile; fileRef = EA0EFFBC268B468B009C4722 /* LoginView.swift */; };
		EA285A6526C5658A00E65EB2 /* PostListViewModel.swift in Sources */ = {isa = PBXBuildFile; fileRef = EA07345A2692AD56007830ED /* PostListViewModel.swift */; };
		EA285A6626C5658A00E65EB2 /* PostListViewModel.swift in Sources */ = {isa = PBXBuildFile; fileRef = EA07345A2692AD56007830ED /* PostListViewModel.swift */; };
		EA285A6826C565F000E65EB2 /* RxCocoa in Frameworks */ = {isa = PBXBuildFile; productRef = EA285A6726C565F000E65EB2 /* RxCocoa */; };
		EA2C4DF226DFCB4A0056A93C /* EditScheduleView.swift in Sources */ = {isa = PBXBuildFile; fileRef = EA2C4DF126DFCB4A0056A93C /* EditScheduleView.swift */; };
		EA2C4DF426DFD4890056A93C /* ShiftTableViewCell.swift in Sources */ = {isa = PBXBuildFile; fileRef = EA2C4DF326DFD4890056A93C /* ShiftTableViewCell.swift */; };
		EA2FDF4826A7C7EF00AEC951 /* UserAPI.swift in Sources */ = {isa = PBXBuildFile; fileRef = EA2FDF4726A7C7EF00AEC951 /* UserAPI.swift */; };
		EA2FDF4A26A7D88800AEC951 /* UserServices.swift in Sources */ = {isa = PBXBuildFile; fileRef = EA2FDF4926A7D88800AEC951 /* UserServices.swift */; };
		EA2FDF4B26A7D88800AEC951 /* UserServices.swift in Sources */ = {isa = PBXBuildFile; fileRef = EA2FDF4926A7D88800AEC951 /* UserServices.swift */; };
		EA2FDF4C26A7D88800AEC951 /* UserServices.swift in Sources */ = {isa = PBXBuildFile; fileRef = EA2FDF4926A7D88800AEC951 /* UserServices.swift */; };
		EA3083E4274803BA0060F8B2 /* LoadingHUD.swift in Sources */ = {isa = PBXBuildFile; fileRef = EA3083E3274803BA0060F8B2 /* LoadingHUD.swift */; };
		EA33E0D426E32C850021DDF4 /* AddShiftViewController.swift in Sources */ = {isa = PBXBuildFile; fileRef = EA33E0D326E32C850021DDF4 /* AddShiftViewController.swift */; };
		EA406A8E26A475CE00737F90 /* IDPWViewController.swift in Sources */ = {isa = PBXBuildFile; fileRef = EA406A8D26A475CE00737F90 /* IDPWViewController.swift */; };
		EA406A9026A4769300737F90 /* IDPWView.swift in Sources */ = {isa = PBXBuildFile; fileRef = EA406A8F26A4769300737F90 /* IDPWView.swift */; };
		EA420B37269BFBD200F6F903 /* PostServices.swift in Sources */ = {isa = PBXBuildFile; fileRef = EA420B36269BFBD200F6F903 /* PostServices.swift */; };
		EA420B41269C5F7D00F6F903 /* OffOff_iOSTests.swift in Sources */ = {isa = PBXBuildFile; fileRef = EA420B40269C5F7D00F6F903 /* OffOff_iOSTests.swift */; };
		EA526E1D26CD0A100059A90C /* FirstViewController.swift in Sources */ = {isa = PBXBuildFile; fileRef = EA526E1C26CD0A100059A90C /* FirstViewController.swift */; };
		EA602193272FBABB00092917 /* Roboto-Regular.ttf in Resources */ = {isa = PBXBuildFile; fileRef = EA602192272FBABB00092917 /* Roboto-Regular.ttf */; };
		EA602195272FBAC200092917 /* Roboto-Bold.ttf in Resources */ = {isa = PBXBuildFile; fileRef = EA602194272FBAC200092917 /* Roboto-Bold.ttf */; };
		EA6021B32739249300092917 /* BoardListView.swift in Sources */ = {isa = PBXBuildFile; fileRef = EA6021B22739249300092917 /* BoardListView.swift */; };
		EA6021B527397BA500092917 /* PostListView.swift in Sources */ = {isa = PBXBuildFile; fileRef = EA6021B427397BA500092917 /* PostListView.swift */; };
		EA6021B727397D5D00092917 /* PostListNavigationBar.swift in Sources */ = {isa = PBXBuildFile; fileRef = EA6021B627397D5D00092917 /* PostListNavigationBar.swift */; };
		EA72D75B2698276C00EB07DA /* PostView.swift in Sources */ = {isa = PBXBuildFile; fileRef = EA72D75A2698276C00EB07DA /* PostView.swift */; };
		EA72D75E26982BCA00EB07DA /* NewPostViewController.swift in Sources */ = {isa = PBXBuildFile; fileRef = EA72D75D26982BCA00EB07DA /* NewPostViewController.swift */; };
		EA72D76026987D5300EB07DA /* Extensions.swift in Sources */ = {isa = PBXBuildFile; fileRef = EA72D75F26987D5300EB07DA /* Extensions.swift */; };
		EA83564226D3727100D60C46 /* FSCalendar in Frameworks */ = {isa = PBXBuildFile; productRef = EA83564126D3727100D60C46 /* FSCalendar */; };
		EA83564426D3729100D60C46 /* ScheduleViewController.swift in Sources */ = {isa = PBXBuildFile; fileRef = EA83564326D3729100D60C46 /* ScheduleViewController.swift */; };
		EA83564726D37BBE00D60C46 /* ScheduleViewModel.swift in Sources */ = {isa = PBXBuildFile; fileRef = EA83564626D37BBE00D60C46 /* ScheduleViewModel.swift */; };
		EA83564926D38C4900D60C46 /* ScheduleCalendarCell.swift in Sources */ = {isa = PBXBuildFile; fileRef = EA83564826D38C4900D60C46 /* ScheduleCalendarCell.swift */; };
		EA83564B26D3A47600D60C46 /* RoutineModel.swift in Sources */ = {isa = PBXBuildFile; fileRef = EA83564A26D3A47600D60C46 /* RoutineModel.swift */; };
		EA83564D26D3A6D500D60C46 /* ScheduleView.swift in Sources */ = {isa = PBXBuildFile; fileRef = EA83564C26D3A6D500D60C46 /* ScheduleView.swift */; };
		EA88BD4E2725823E004D8415 /* SubReplyAPI.swift in Sources */ = {isa = PBXBuildFile; fileRef = EA88BD4D2725823D004D8415 /* SubReplyAPI.swift */; };
		EA88BD502725854B004D8415 /* SubReplyServices.swift in Sources */ = {isa = PBXBuildFile; fileRef = EA88BD4F2725854B004D8415 /* SubReplyServices.swift */; };
		EA8A333926D4C7540014D97C /* SetShiftViewController.swift in Sources */ = {isa = PBXBuildFile; fileRef = EA8A333826D4C7540014D97C /* SetShiftViewController.swift */; };
		EA8A333B26D4CB490014D97C /* SetRoutineView.swift in Sources */ = {isa = PBXBuildFile; fileRef = EA8A333A26D4CB490014D97C /* SetRoutineView.swift */; };
		EA8A333D26D4CB600014D97C /* SetShiftViewModel.swift in Sources */ = {isa = PBXBuildFile; fileRef = EA8A333C26D4CB600014D97C /* SetShiftViewModel.swift */; };
		EA8A333F26D4CC720014D97C /* RoutineCell.swift in Sources */ = {isa = PBXBuildFile; fileRef = EA8A333E26D4CC720014D97C /* RoutineCell.swift */; };
		EA8A334226D61B5F0014D97C /* RxGesture in Frameworks */ = {isa = PBXBuildFile; productRef = EA8A334126D61B5F0014D97C /* RxGesture */; };
		EA8A334726D63ADD0014D97C /* EditShiftViewController.swift in Sources */ = {isa = PBXBuildFile; fileRef = EA8A334626D63ADD0014D97C /* EditShiftViewController.swift */; };
		EA8A334926D63F480014D97C /* EditShiftViewModel.swift in Sources */ = {isa = PBXBuildFile; fileRef = EA8A334826D63F480014D97C /* EditShiftViewModel.swift */; };
		EA929F1F26A9D0E9009352B9 /* ProfileMakeView.swift in Sources */ = {isa = PBXBuildFile; fileRef = EA929F1E26A9D0E9009352B9 /* ProfileMakeView.swift */; };
		EA929F2126A9D12A009352B9 /* ProfileViewController.swift in Sources */ = {isa = PBXBuildFile; fileRef = EA929F2026A9D12A009352B9 /* ProfileViewController.swift */; };
		EA929F2326AC66BE009352B9 /* default profile.png in Resources */ = {isa = PBXBuildFile; fileRef = EA929F2226AC66BE009352B9 /* default profile.png */; };
		EA975A5C26AFB87000C6FB41 /* CircularImageView.swift in Sources */ = {isa = PBXBuildFile; fileRef = EA975A5B26AFB87000C6FB41 /* CircularImageView.swift */; };
		EA975A5E26AFE4A300C6FB41 /* TextWithIconView.swift in Sources */ = {isa = PBXBuildFile; fileRef = EA975A5D26AFE4A300C6FB41 /* TextWithIconView.swift */; };
		EA975A6026B045A600C6FB41 /* PostAPI.swift in Sources */ = {isa = PBXBuildFile; fileRef = EA975A5F26B045A600C6FB41 /* PostAPI.swift */; };
		EA983F0B26C0DDF60070604E /* PostViewModel.swift in Sources */ = {isa = PBXBuildFile; fileRef = EA983F0A26C0DDF60070604E /* PostViewModel.swift */; };
		EA983F0D26C0E4980070604E /* NewPostViewModel.swift in Sources */ = {isa = PBXBuildFile; fileRef = EA983F0C26C0E4980070604E /* NewPostViewModel.swift */; };
		EA983F0F26C1183D0070604E /* Constants.swift in Sources */ = {isa = PBXBuildFile; fileRef = EA983F0E26C1183D0070604E /* Constants.swift */; };
		EA9D0AC426BA956200D571EC /* Moya in Frameworks */ = {isa = PBXBuildFile; productRef = EA9D0AC326BA956200D571EC /* Moya */; };
		EA9D0ACD26BA95A700D571EC /* RxSwift in Frameworks */ = {isa = PBXBuildFile; productRef = EA9D0ACC26BA95A700D571EC /* RxSwift */; };
		EA9D0AD026BAC93100D571EC /* Then in Frameworks */ = {isa = PBXBuildFile; productRef = EA9D0ACF26BAC93100D571EC /* Then */; };
		EA9D0AD326BAC96D00D571EC /* SnapKit in Frameworks */ = {isa = PBXBuildFile; productRef = EA9D0AD226BAC96D00D571EC /* SnapKit */; };
		EA9D0AD626BAC97C00D571EC /* SkyFloatingLabelTextField in Frameworks */ = {isa = PBXBuildFile; productRef = EA9D0AD526BAC97C00D571EC /* SkyFloatingLabelTextField */; };
		EA9D0AD926BAC9DF00D571EC /* FontAwesome in Frameworks */ = {isa = PBXBuildFile; productRef = EA9D0AD826BAC9DF00D571EC /* FontAwesome */; };
		EAA89BC127074F5E00EB3818 /* ReplyAPI.swift in Sources */ = {isa = PBXBuildFile; fileRef = EAA89BC027074F5E00EB3818 /* ReplyAPI.swift */; };
		EAA89BC3270752A000EB3818 /* ReplyServices.swift in Sources */ = {isa = PBXBuildFile; fileRef = EAA89BC2270752A000EB3818 /* ReplyServices.swift */; };
		EAA89BC5270752F600EB3818 /* Reply.swift in Sources */ = {isa = PBXBuildFile; fileRef = EAA89BC4270752F600EB3818 /* Reply.swift */; };
		EAAA211E26BC20E7004FA6F9 /* IDPWViewModel.swift in Sources */ = {isa = PBXBuildFile; fileRef = EAAA211D26BC20E7004FA6F9 /* IDPWViewModel.swift */; };
		EAAA212026BE80D3004FA6F9 /* IDPWViewModel.swift in Sources */ = {isa = PBXBuildFile; fileRef = EAAA211D26BC20E7004FA6F9 /* IDPWViewModel.swift */; };
		EAAA212126BE80D3004FA6F9 /* IDPWViewModel.swift in Sources */ = {isa = PBXBuildFile; fileRef = EAAA211D26BC20E7004FA6F9 /* IDPWViewModel.swift */; };
		EAAA212326BE8203004FA6F9 /* PrivacyInfoViewModel.swift in Sources */ = {isa = PBXBuildFile; fileRef = EAAA212226BE8203004FA6F9 /* PrivacyInfoViewModel.swift */; };
		EABCDF2D274BB6A400050875 /* KeyChainController.swift in Sources */ = {isa = PBXBuildFile; fileRef = EABCDF2C274BB6A400050875 /* KeyChainController.swift */; };
		EABD99C726A2EB4B001DE8BF /* LoginViewModel.swift in Sources */ = {isa = PBXBuildFile; fileRef = EABD99C626A2EB4B001DE8BF /* LoginViewModel.swift */; };
		EABD99C926A32B9D001DE8BF /* CommunityTableViewCell.swift in Sources */ = {isa = PBXBuildFile; fileRef = EABD99C826A32B9D001DE8BF /* CommunityTableViewCell.swift */; };
		EACB84F626C3A83C00096E01 /* swiftlogo.jpg in Resources */ = {isa = PBXBuildFile; fileRef = EACB84F526C3A83C00096E01 /* swiftlogo.jpg */; };
		EACC255B26A5B3B0000B12B6 /* UserModel.swift in Sources */ = {isa = PBXBuildFile; fileRef = EACC255A26A5B3B0000B12B6 /* UserModel.swift */; };
		EACC257A26A5CFB2000B12B6 /* Font Awesome 5 Free-Solid-900.otf in Resources */ = {isa = PBXBuildFile; fileRef = EACC257726A5CFB2000B12B6 /* Font Awesome 5 Free-Solid-900.otf */; };
		EACC257B26A5CFB2000B12B6 /* Font Awesome 5 Free-Solid-900.otf in Resources */ = {isa = PBXBuildFile; fileRef = EACC257726A5CFB2000B12B6 /* Font Awesome 5 Free-Solid-900.otf */; };
		EACC257C26A5CFB3000B12B6 /* Font Awesome 5 Free-Solid-900.otf in Resources */ = {isa = PBXBuildFile; fileRef = EACC257726A5CFB2000B12B6 /* Font Awesome 5 Free-Solid-900.otf */; };
		EACC257D26A5CFB3000B12B6 /* Font Awesome 5 Free-Regular-400.otf in Resources */ = {isa = PBXBuildFile; fileRef = EACC257826A5CFB2000B12B6 /* Font Awesome 5 Free-Regular-400.otf */; };
		EACC257E26A5CFB3000B12B6 /* Font Awesome 5 Free-Regular-400.otf in Resources */ = {isa = PBXBuildFile; fileRef = EACC257826A5CFB2000B12B6 /* Font Awesome 5 Free-Regular-400.otf */; };
		EACC257F26A5CFB3000B12B6 /* Font Awesome 5 Free-Regular-400.otf in Resources */ = {isa = PBXBuildFile; fileRef = EACC257826A5CFB2000B12B6 /* Font Awesome 5 Free-Regular-400.otf */; };
		EACC258026A5CFB3000B12B6 /* Font Awesome 5 Brands-Regular-400.otf in Resources */ = {isa = PBXBuildFile; fileRef = EACC257926A5CFB2000B12B6 /* Font Awesome 5 Brands-Regular-400.otf */; };
		EACC258126A5CFB3000B12B6 /* Font Awesome 5 Brands-Regular-400.otf in Resources */ = {isa = PBXBuildFile; fileRef = EACC257926A5CFB2000B12B6 /* Font Awesome 5 Brands-Regular-400.otf */; };
		EACC258226A5CFB3000B12B6 /* Font Awesome 5 Brands-Regular-400.otf in Resources */ = {isa = PBXBuildFile; fileRef = EACC257926A5CFB2000B12B6 /* Font Awesome 5 Brands-Regular-400.otf */; };
		EACC258426A677D6000B12B6 /* SignUpViewModel.swift in Sources */ = {isa = PBXBuildFile; fileRef = EACC258326A677D6000B12B6 /* SignUpViewModel.swift */; };
		EACC258526A677D6000B12B6 /* SignUpViewModel.swift in Sources */ = {isa = PBXBuildFile; fileRef = EACC258326A677D6000B12B6 /* SignUpViewModel.swift */; };
		EACC258626A677D6000B12B6 /* SignUpViewModel.swift in Sources */ = {isa = PBXBuildFile; fileRef = EACC258326A677D6000B12B6 /* SignUpViewModel.swift */; };
		EACC258826A6B32D000B12B6 /* PrivacyInfoView.swift in Sources */ = {isa = PBXBuildFile; fileRef = EACC258726A6B32D000B12B6 /* PrivacyInfoView.swift */; };
		EACC258926A6B32D000B12B6 /* PrivacyInfoView.swift in Sources */ = {isa = PBXBuildFile; fileRef = EACC258726A6B32D000B12B6 /* PrivacyInfoView.swift */; };
		EACC258A26A6B32D000B12B6 /* PrivacyInfoView.swift in Sources */ = {isa = PBXBuildFile; fileRef = EACC258726A6B32D000B12B6 /* PrivacyInfoView.swift */; };
		EACF1B3726B5A9DD00C153D3 /* BoardAPI.swift in Sources */ = {isa = PBXBuildFile; fileRef = EACF1B3626B5A9DD00C153D3 /* BoardAPI.swift */; };
		EACF1B3926B6698C00C153D3 /* BoardServices.swift in Sources */ = {isa = PBXBuildFile; fileRef = EACF1B3826B6698C00C153D3 /* BoardServices.swift */; };
		EACF1B3B26B6710800C153D3 /* Board.swift in Sources */ = {isa = PBXBuildFile; fileRef = EACF1B3A26B6710800C153D3 /* Board.swift */; };
		EACF1B3D26B7E42300C153D3 /* BoardListViewModel.swift in Sources */ = {isa = PBXBuildFile; fileRef = EACF1B3C26B7E42300C153D3 /* BoardListViewModel.swift */; };
		EAD6FED92713146B00563005 /* RepliesTableViewCell.swift in Sources */ = {isa = PBXBuildFile; fileRef = EAD6FED82713146B00563005 /* RepliesTableViewCell.swift */; };
		EAD6FEDB2716C45100563005 /* ContentSizedTableView.swift in Sources */ = {isa = PBXBuildFile; fileRef = EAD6FEDA2716C45100563005 /* ContentSizedTableView.swift */; };
		EAD6FEE6271F147B00563005 /* ChildrenRepliesTableViewCell.swift in Sources */ = {isa = PBXBuildFile; fileRef = EAD6FEE5271F147A00563005 /* ChildrenRepliesTableViewCell.swift */; };
		EAD7E30A26A00A5C00E2D311 /* CustomNavigationBar.swift in Sources */ = {isa = PBXBuildFile; fileRef = EAD7E30926A00A5C00E2D311 /* CustomNavigationBar.swift */; };
		EAD849BB273CD79C0010DE1B /* NewPostView.swift in Sources */ = {isa = PBXBuildFile; fileRef = EAD849BA273CD79C0010DE1B /* NewPostView.swift */; };
		EAD849BD273E30E10010DE1B /* CustomRefreshControl.swift in Sources */ = {isa = PBXBuildFile; fileRef = EAD849BC273E30E10010DE1B /* CustomRefreshControl.swift */; };
		EAD849BF273ED0260010DE1B /* PostSearchView.swift in Sources */ = {isa = PBXBuildFile; fileRef = EAD849BE273ED0260010DE1B /* PostSearchView.swift */; };
		EAD849C1273ED26A0010DE1B /* PostSearchViewController.swift in Sources */ = {isa = PBXBuildFile; fileRef = EAD849C0273ED26A0010DE1B /* PostSearchViewController.swift */; };
		EAD849C3273ED3E50010DE1B /* PostSearchViewModel.swift in Sources */ = {isa = PBXBuildFile; fileRef = EAD849C2273ED3E50010DE1B /* PostSearchViewModel.swift */; };
		EAD849C5273ED4450010DE1B /* SearchAPI.swift in Sources */ = {isa = PBXBuildFile; fileRef = EAD849C4273ED4450010DE1B /* SearchAPI.swift */; };
		EAD849C7273ED54F0010DE1B /* SearchServices.swift in Sources */ = {isa = PBXBuildFile; fileRef = EAD849C6273ED54F0010DE1B /* SearchServices.swift */; };
		EADA0C57273FC110003858FA /* ZLPhotoBrowser in Frameworks */ = {isa = PBXBuildFile; productRef = EADA0C56273FC110003858FA /* ZLPhotoBrowser */; };
		EAE502E32689E3D6002B1C6A /* AppDelegate.swift in Sources */ = {isa = PBXBuildFile; fileRef = EAE502E22689E3D6002B1C6A /* AppDelegate.swift */; };
		EAE502E52689E3D6002B1C6A /* SceneDelegate.swift in Sources */ = {isa = PBXBuildFile; fileRef = EAE502E42689E3D6002B1C6A /* SceneDelegate.swift */; };
		EAE502E72689E3D6002B1C6A /* LoginViewController.swift in Sources */ = {isa = PBXBuildFile; fileRef = EAE502E62689E3D6002B1C6A /* LoginViewController.swift */; };
		EAE502EC2689E3D7002B1C6A /* Assets.xcassets in Resources */ = {isa = PBXBuildFile; fileRef = EAE502EB2689E3D7002B1C6A /* Assets.xcassets */; };
		EAE502EF2689E3D7002B1C6A /* LaunchScreen.storyboard in Resources */ = {isa = PBXBuildFile; fileRef = EAE502ED2689E3D7002B1C6A /* LaunchScreen.storyboard */; };
		EAE6525F269416B600D8F7BB /* PostPreviewCell.swift in Sources */ = {isa = PBXBuildFile; fileRef = EAE6525E269416B600D8F7BB /* PostPreviewCell.swift */; };
		EAE652612694182D00D8F7BB /* PostViewController.swift in Sources */ = {isa = PBXBuildFile; fileRef = EAE652602694182D00D8F7BB /* PostViewController.swift */; };
		EAF2127E268FEC6C00E47942 /* Box.swift in Sources */ = {isa = PBXBuildFile; fileRef = EAF2127D268FEC6C00E47942 /* Box.swift */; };
		EAF212842690133500E47942 /* HomeView.swift in Sources */ = {isa = PBXBuildFile; fileRef = EAF212832690133500E47942 /* HomeView.swift */; };
		EAF212862690158100E47942 /* TabBarController.swift in Sources */ = {isa = PBXBuildFile; fileRef = EAF212852690158100E47942 /* TabBarController.swift */; };
		EAF212882690355B00E47942 /* HomeViewController.swift in Sources */ = {isa = PBXBuildFile; fileRef = EAF212872690355B00E47942 /* HomeViewController.swift */; };
		EAF2128C26907B9600E47942 /* BoardListViewController.swift in Sources */ = {isa = PBXBuildFile; fileRef = EAF2128B26907B9600E47942 /* BoardListViewController.swift */; };
		EAF2128E2690814400E47942 /* CommunityBoard.swift in Sources */ = {isa = PBXBuildFile; fileRef = EAF2128D2690814400E47942 /* CommunityBoard.swift */; };
		EAF21291269081B800E47942 /* CommunityListSampleData.swift in Sources */ = {isa = PBXBuildFile; fileRef = EAF21290269081B800E47942 /* CommunityListSampleData.swift */; };
		EAF7073326E71F7D00B7B6D1 /* AddShiftViewModel.swift in Sources */ = {isa = PBXBuildFile; fileRef = EAF7073226E71F7D00B7B6D1 /* AddShiftViewModel.swift */; };
		EAF7073526E731CE00B7B6D1 /* AddShiftView.swift in Sources */ = {isa = PBXBuildFile; fileRef = EAF7073426E731CE00B7B6D1 /* AddShiftView.swift */; };
		EAF7073726E9F35700B7B6D1 /* ShiftColorSelectViewController.swift in Sources */ = {isa = PBXBuildFile; fileRef = EAF7073626E9F35700B7B6D1 /* ShiftColorSelectViewController.swift */; };
		EAF7073926EA059600B7B6D1 /* UnderlineSegmentedControl.swift in Sources */ = {isa = PBXBuildFile; fileRef = EAF7073826EA059600B7B6D1 /* UnderlineSegmentedControl.swift */; };
/* End PBXBuildFile section */

/* Begin PBXContainerItemProxy section */
		EA3DA4C026A58B510075819B /* PBXContainerItemProxy */ = {
			isa = PBXContainerItemProxy;
			containerPortal = EAE502D72689E3D6002B1C6A /* Project object */;
			proxyType = 1;
			remoteGlobalIDString = EAE502DE2689E3D6002B1C6A;
			remoteInfo = OffOff_iOS;
		};
		EA420B43269C5F7D00F6F903 /* PBXContainerItemProxy */ = {
			isa = PBXContainerItemProxy;
			containerPortal = EAE502D72689E3D6002B1C6A /* Project object */;
			proxyType = 1;
			remoteGlobalIDString = EAE502DE2689E3D6002B1C6A;
			remoteInfo = OffOff_iOS;
		};
/* End PBXContainerItemProxy section */

/* Begin PBXFileReference section */
		EA0582C1274D1262005855F1 /* MyActivityView.swift */ = {isa = PBXFileReference; lastKnownFileType = sourcecode.swift; path = MyActivityView.swift; sourceTree = "<group>"; };
		EA0582C3274D14D0005855F1 /* MyActivityViewController.swift */ = {isa = PBXFileReference; lastKnownFileType = sourcecode.swift; path = MyActivityViewController.swift; sourceTree = "<group>"; };
		EA0582C5274D1CF1005855F1 /* MyActivityViewModel.swift */ = {isa = PBXFileReference; lastKnownFileType = sourcecode.swift; path = MyActivityViewModel.swift; sourceTree = "<group>"; };
		EA0624DE26DD1D58004FF91A /* UserRoutineManager.swift */ = {isa = PBXFileReference; lastKnownFileType = sourcecode.swift; path = UserRoutineManager.swift; sourceTree = "<group>"; };
		EA07345426929C01007830ED /* Post.swift */ = {isa = PBXFileReference; lastKnownFileType = sourcecode.swift; path = Post.swift; sourceTree = "<group>"; };
		EA0734562692A0B8007830ED /* PostsDummyData.json */ = {isa = PBXFileReference; lastKnownFileType = text.json; path = PostsDummyData.json; sourceTree = "<group>"; };
		EA07345A2692AD56007830ED /* PostListViewModel.swift */ = {isa = PBXFileReference; lastKnownFileType = sourcecode.swift; path = PostListViewModel.swift; sourceTree = "<group>"; };
		EA07345E2692CECA007830ED /* PostListViewController.swift */ = {isa = PBXFileReference; lastKnownFileType = sourcecode.swift; path = PostListViewController.swift; sourceTree = "<group>"; };
		EA0EFFBA268AD08B009C4722 /* ViewControllerPreview.swift */ = {isa = PBXFileReference; lastKnownFileType = sourcecode.swift; path = ViewControllerPreview.swift; sourceTree = "<group>"; };
		EA0EFFBC268B468B009C4722 /* LoginView.swift */ = {isa = PBXFileReference; lastKnownFileType = sourcecode.swift; path = LoginView.swift; sourceTree = "<group>"; };
		EA2C4DF126DFCB4A0056A93C /* EditScheduleView.swift */ = {isa = PBXFileReference; lastKnownFileType = sourcecode.swift; path = EditScheduleView.swift; sourceTree = "<group>"; };
		EA2C4DF326DFD4890056A93C /* ShiftTableViewCell.swift */ = {isa = PBXFileReference; lastKnownFileType = sourcecode.swift; path = ShiftTableViewCell.swift; sourceTree = "<group>"; };
		EA2FDF4726A7C7EF00AEC951 /* UserAPI.swift */ = {isa = PBXFileReference; lastKnownFileType = sourcecode.swift; path = UserAPI.swift; sourceTree = "<group>"; };
		EA2FDF4926A7D88800AEC951 /* UserServices.swift */ = {isa = PBXFileReference; lastKnownFileType = sourcecode.swift; path = UserServices.swift; sourceTree = "<group>"; };
		EA3083E3274803BA0060F8B2 /* LoadingHUD.swift */ = {isa = PBXFileReference; lastKnownFileType = sourcecode.swift; path = LoadingHUD.swift; sourceTree = "<group>"; };
		EA33E0D326E32C850021DDF4 /* AddShiftViewController.swift */ = {isa = PBXFileReference; lastKnownFileType = sourcecode.swift; path = AddShiftViewController.swift; sourceTree = "<group>"; };
		EA3DA4BB26A58B510075819B /* OffOff_iOSUITests.xctest */ = {isa = PBXFileReference; explicitFileType = wrapper.cfbundle; includeInIndex = 0; path = OffOff_iOSUITests.xctest; sourceTree = BUILT_PRODUCTS_DIR; };
		EA406A8D26A475CE00737F90 /* IDPWViewController.swift */ = {isa = PBXFileReference; lastKnownFileType = sourcecode.swift; path = IDPWViewController.swift; sourceTree = "<group>"; };
		EA406A8F26A4769300737F90 /* IDPWView.swift */ = {isa = PBXFileReference; lastKnownFileType = sourcecode.swift; path = IDPWView.swift; sourceTree = "<group>"; };
		EA420B36269BFBD200F6F903 /* PostServices.swift */ = {isa = PBXFileReference; lastKnownFileType = sourcecode.swift; path = PostServices.swift; sourceTree = "<group>"; };
		EA420B3E269C5F7D00F6F903 /* OffOff_iOSTests.xctest */ = {isa = PBXFileReference; explicitFileType = wrapper.cfbundle; includeInIndex = 0; path = OffOff_iOSTests.xctest; sourceTree = BUILT_PRODUCTS_DIR; };
		EA420B40269C5F7D00F6F903 /* OffOff_iOSTests.swift */ = {isa = PBXFileReference; lastKnownFileType = sourcecode.swift; path = OffOff_iOSTests.swift; sourceTree = "<group>"; };
		EA420B42269C5F7D00F6F903 /* Info.plist */ = {isa = PBXFileReference; lastKnownFileType = text.plist.xml; path = Info.plist; sourceTree = "<group>"; };
		EA526E1C26CD0A100059A90C /* FirstViewController.swift */ = {isa = PBXFileReference; lastKnownFileType = sourcecode.swift; path = FirstViewController.swift; sourceTree = "<group>"; };
		EA602192272FBABB00092917 /* Roboto-Regular.ttf */ = {isa = PBXFileReference; lastKnownFileType = file; path = "Roboto-Regular.ttf"; sourceTree = "<group>"; };
		EA602194272FBAC200092917 /* Roboto-Bold.ttf */ = {isa = PBXFileReference; lastKnownFileType = file; path = "Roboto-Bold.ttf"; sourceTree = "<group>"; };
		EA6021B22739249300092917 /* BoardListView.swift */ = {isa = PBXFileReference; lastKnownFileType = sourcecode.swift; path = BoardListView.swift; sourceTree = "<group>"; };
		EA6021B427397BA500092917 /* PostListView.swift */ = {isa = PBXFileReference; lastKnownFileType = sourcecode.swift; path = PostListView.swift; sourceTree = "<group>"; };
		EA6021B627397D5D00092917 /* PostListNavigationBar.swift */ = {isa = PBXFileReference; lastKnownFileType = sourcecode.swift; path = PostListNavigationBar.swift; sourceTree = "<group>"; };
		EA72D75A2698276C00EB07DA /* PostView.swift */ = {isa = PBXFileReference; lastKnownFileType = sourcecode.swift; path = PostView.swift; sourceTree = "<group>"; };
		EA72D75D26982BCA00EB07DA /* NewPostViewController.swift */ = {isa = PBXFileReference; lastKnownFileType = sourcecode.swift; path = NewPostViewController.swift; sourceTree = "<group>"; };
		EA72D75F26987D5300EB07DA /* Extensions.swift */ = {isa = PBXFileReference; lastKnownFileType = sourcecode.swift; path = Extensions.swift; sourceTree = "<group>"; };
		EA83564326D3729100D60C46 /* ScheduleViewController.swift */ = {isa = PBXFileReference; lastKnownFileType = sourcecode.swift; path = ScheduleViewController.swift; sourceTree = "<group>"; };
		EA83564526D373FD00D60C46 /* OffOff_iOS-Bridging-Header.h */ = {isa = PBXFileReference; lastKnownFileType = sourcecode.c.h; path = "OffOff_iOS-Bridging-Header.h"; sourceTree = "<group>"; };
		EA83564626D37BBE00D60C46 /* ScheduleViewModel.swift */ = {isa = PBXFileReference; lastKnownFileType = sourcecode.swift; path = ScheduleViewModel.swift; sourceTree = "<group>"; };
		EA83564826D38C4900D60C46 /* ScheduleCalendarCell.swift */ = {isa = PBXFileReference; lastKnownFileType = sourcecode.swift; path = ScheduleCalendarCell.swift; sourceTree = "<group>"; };
		EA83564A26D3A47600D60C46 /* RoutineModel.swift */ = {isa = PBXFileReference; lastKnownFileType = sourcecode.swift; path = RoutineModel.swift; sourceTree = "<group>"; };
		EA83564C26D3A6D500D60C46 /* ScheduleView.swift */ = {isa = PBXFileReference; lastKnownFileType = sourcecode.swift; path = ScheduleView.swift; sourceTree = "<group>"; };
		EA88BD4D2725823D004D8415 /* SubReplyAPI.swift */ = {isa = PBXFileReference; lastKnownFileType = sourcecode.swift; path = SubReplyAPI.swift; sourceTree = "<group>"; };
		EA88BD4F2725854B004D8415 /* SubReplyServices.swift */ = {isa = PBXFileReference; lastKnownFileType = sourcecode.swift; path = SubReplyServices.swift; sourceTree = "<group>"; };
		EA8A333826D4C7540014D97C /* SetShiftViewController.swift */ = {isa = PBXFileReference; lastKnownFileType = sourcecode.swift; path = SetShiftViewController.swift; sourceTree = "<group>"; };
		EA8A333A26D4CB490014D97C /* SetRoutineView.swift */ = {isa = PBXFileReference; lastKnownFileType = sourcecode.swift; path = SetRoutineView.swift; sourceTree = "<group>"; };
		EA8A333C26D4CB600014D97C /* SetShiftViewModel.swift */ = {isa = PBXFileReference; lastKnownFileType = sourcecode.swift; path = SetShiftViewModel.swift; sourceTree = "<group>"; };
		EA8A333E26D4CC720014D97C /* RoutineCell.swift */ = {isa = PBXFileReference; lastKnownFileType = sourcecode.swift; path = RoutineCell.swift; sourceTree = "<group>"; };
		EA8A334626D63ADD0014D97C /* EditShiftViewController.swift */ = {isa = PBXFileReference; lastKnownFileType = sourcecode.swift; path = EditShiftViewController.swift; sourceTree = "<group>"; };
		EA8A334826D63F480014D97C /* EditShiftViewModel.swift */ = {isa = PBXFileReference; lastKnownFileType = sourcecode.swift; path = EditShiftViewModel.swift; sourceTree = "<group>"; };
		EA929F1E26A9D0E9009352B9 /* ProfileMakeView.swift */ = {isa = PBXFileReference; lastKnownFileType = sourcecode.swift; path = ProfileMakeView.swift; sourceTree = "<group>"; };
		EA929F2026A9D12A009352B9 /* ProfileViewController.swift */ = {isa = PBXFileReference; lastKnownFileType = sourcecode.swift; path = ProfileViewController.swift; sourceTree = "<group>"; };
		EA929F2226AC66BE009352B9 /* default profile.png */ = {isa = PBXFileReference; lastKnownFileType = image.png; path = "default profile.png"; sourceTree = "<group>"; };
		EA975A5B26AFB87000C6FB41 /* CircularImageView.swift */ = {isa = PBXFileReference; lastKnownFileType = sourcecode.swift; path = CircularImageView.swift; sourceTree = "<group>"; };
		EA975A5D26AFE4A300C6FB41 /* TextWithIconView.swift */ = {isa = PBXFileReference; lastKnownFileType = sourcecode.swift; path = TextWithIconView.swift; sourceTree = "<group>"; };
		EA975A5F26B045A600C6FB41 /* PostAPI.swift */ = {isa = PBXFileReference; lastKnownFileType = sourcecode.swift; path = PostAPI.swift; sourceTree = "<group>"; };
		EA983F0A26C0DDF60070604E /* PostViewModel.swift */ = {isa = PBXFileReference; lastKnownFileType = sourcecode.swift; path = PostViewModel.swift; sourceTree = "<group>"; };
		EA983F0C26C0E4980070604E /* NewPostViewModel.swift */ = {isa = PBXFileReference; lastKnownFileType = sourcecode.swift; path = NewPostViewModel.swift; sourceTree = "<group>"; };
		EA983F0E26C1183D0070604E /* Constants.swift */ = {isa = PBXFileReference; lastKnownFileType = sourcecode.swift; path = Constants.swift; sourceTree = "<group>"; };
		EAA89BC027074F5E00EB3818 /* ReplyAPI.swift */ = {isa = PBXFileReference; lastKnownFileType = sourcecode.swift; path = ReplyAPI.swift; sourceTree = "<group>"; };
		EAA89BC2270752A000EB3818 /* ReplyServices.swift */ = {isa = PBXFileReference; lastKnownFileType = sourcecode.swift; path = ReplyServices.swift; sourceTree = "<group>"; };
		EAA89BC4270752F600EB3818 /* Reply.swift */ = {isa = PBXFileReference; lastKnownFileType = sourcecode.swift; path = Reply.swift; sourceTree = "<group>"; };
		EAAA211D26BC20E7004FA6F9 /* IDPWViewModel.swift */ = {isa = PBXFileReference; lastKnownFileType = sourcecode.swift; path = IDPWViewModel.swift; sourceTree = "<group>"; };
		EAAA212226BE8203004FA6F9 /* PrivacyInfoViewModel.swift */ = {isa = PBXFileReference; lastKnownFileType = sourcecode.swift; path = PrivacyInfoViewModel.swift; sourceTree = "<group>"; };
		EABCDF2C274BB6A400050875 /* KeyChainController.swift */ = {isa = PBXFileReference; lastKnownFileType = sourcecode.swift; path = KeyChainController.swift; sourceTree = "<group>"; };
		EABD99C626A2EB4B001DE8BF /* LoginViewModel.swift */ = {isa = PBXFileReference; lastKnownFileType = sourcecode.swift; path = LoginViewModel.swift; sourceTree = "<group>"; };
		EABD99C826A32B9D001DE8BF /* CommunityTableViewCell.swift */ = {isa = PBXFileReference; lastKnownFileType = sourcecode.swift; path = CommunityTableViewCell.swift; sourceTree = "<group>"; };
		EACB84F526C3A83C00096E01 /* swiftlogo.jpg */ = {isa = PBXFileReference; lastKnownFileType = image.jpeg; path = swiftlogo.jpg; sourceTree = "<group>"; };
		EACC255A26A5B3B0000B12B6 /* UserModel.swift */ = {isa = PBXFileReference; lastKnownFileType = sourcecode.swift; path = UserModel.swift; sourceTree = "<group>"; };
		EACC257726A5CFB2000B12B6 /* Font Awesome 5 Free-Solid-900.otf */ = {isa = PBXFileReference; lastKnownFileType = file; path = "Font Awesome 5 Free-Solid-900.otf"; sourceTree = "<group>"; };
		EACC257826A5CFB2000B12B6 /* Font Awesome 5 Free-Regular-400.otf */ = {isa = PBXFileReference; lastKnownFileType = file; path = "Font Awesome 5 Free-Regular-400.otf"; sourceTree = "<group>"; };
		EACC257926A5CFB2000B12B6 /* Font Awesome 5 Brands-Regular-400.otf */ = {isa = PBXFileReference; lastKnownFileType = file; path = "Font Awesome 5 Brands-Regular-400.otf"; sourceTree = "<group>"; };
		EACC258326A677D6000B12B6 /* SignUpViewModel.swift */ = {isa = PBXFileReference; lastKnownFileType = sourcecode.swift; path = SignUpViewModel.swift; sourceTree = "<group>"; };
		EACC258726A6B32D000B12B6 /* PrivacyInfoView.swift */ = {isa = PBXFileReference; lastKnownFileType = sourcecode.swift; path = PrivacyInfoView.swift; sourceTree = "<group>"; };
		EACC258B26A71466000B12B6 /* PrivacyInfoViewController.swift */ = {isa = PBXFileReference; lastKnownFileType = sourcecode.swift; path = PrivacyInfoViewController.swift; sourceTree = "<group>"; };
		EACF1B3626B5A9DD00C153D3 /* BoardAPI.swift */ = {isa = PBXFileReference; lastKnownFileType = sourcecode.swift; path = BoardAPI.swift; sourceTree = "<group>"; };
		EACF1B3826B6698C00C153D3 /* BoardServices.swift */ = {isa = PBXFileReference; lastKnownFileType = sourcecode.swift; path = BoardServices.swift; sourceTree = "<group>"; };
		EACF1B3A26B6710800C153D3 /* Board.swift */ = {isa = PBXFileReference; lastKnownFileType = sourcecode.swift; path = Board.swift; sourceTree = "<group>"; };
		EACF1B3C26B7E42300C153D3 /* BoardListViewModel.swift */ = {isa = PBXFileReference; lastKnownFileType = sourcecode.swift; path = BoardListViewModel.swift; sourceTree = "<group>"; };
		EAD6FED82713146B00563005 /* RepliesTableViewCell.swift */ = {isa = PBXFileReference; lastKnownFileType = sourcecode.swift; path = RepliesTableViewCell.swift; sourceTree = "<group>"; };
		EAD6FEDA2716C45100563005 /* ContentSizedTableView.swift */ = {isa = PBXFileReference; lastKnownFileType = sourcecode.swift; path = ContentSizedTableView.swift; sourceTree = "<group>"; };
		EAD6FEE5271F147A00563005 /* ChildrenRepliesTableViewCell.swift */ = {isa = PBXFileReference; lastKnownFileType = sourcecode.swift; path = ChildrenRepliesTableViewCell.swift; sourceTree = "<group>"; };
		EAD7E30926A00A5C00E2D311 /* CustomNavigationBar.swift */ = {isa = PBXFileReference; lastKnownFileType = sourcecode.swift; path = CustomNavigationBar.swift; sourceTree = "<group>"; };
		EAD849BA273CD79C0010DE1B /* NewPostView.swift */ = {isa = PBXFileReference; lastKnownFileType = sourcecode.swift; path = NewPostView.swift; sourceTree = "<group>"; };
		EAD849BC273E30E10010DE1B /* CustomRefreshControl.swift */ = {isa = PBXFileReference; lastKnownFileType = sourcecode.swift; path = CustomRefreshControl.swift; sourceTree = "<group>"; };
		EAD849BE273ED0260010DE1B /* PostSearchView.swift */ = {isa = PBXFileReference; lastKnownFileType = sourcecode.swift; path = PostSearchView.swift; sourceTree = "<group>"; };
		EAD849C0273ED26A0010DE1B /* PostSearchViewController.swift */ = {isa = PBXFileReference; lastKnownFileType = sourcecode.swift; path = PostSearchViewController.swift; sourceTree = "<group>"; };
		EAD849C2273ED3E50010DE1B /* PostSearchViewModel.swift */ = {isa = PBXFileReference; lastKnownFileType = sourcecode.swift; path = PostSearchViewModel.swift; sourceTree = "<group>"; };
		EAD849C4273ED4450010DE1B /* SearchAPI.swift */ = {isa = PBXFileReference; lastKnownFileType = sourcecode.swift; path = SearchAPI.swift; sourceTree = "<group>"; };
		EAD849C6273ED54F0010DE1B /* SearchServices.swift */ = {isa = PBXFileReference; lastKnownFileType = sourcecode.swift; path = SearchServices.swift; sourceTree = "<group>"; };
		EAE502DF2689E3D6002B1C6A /* OffOff_iOS.app */ = {isa = PBXFileReference; explicitFileType = wrapper.application; includeInIndex = 0; path = OffOff_iOS.app; sourceTree = BUILT_PRODUCTS_DIR; };
		EAE502E22689E3D6002B1C6A /* AppDelegate.swift */ = {isa = PBXFileReference; lastKnownFileType = sourcecode.swift; path = AppDelegate.swift; sourceTree = "<group>"; };
		EAE502E42689E3D6002B1C6A /* SceneDelegate.swift */ = {isa = PBXFileReference; lastKnownFileType = sourcecode.swift; path = SceneDelegate.swift; sourceTree = "<group>"; };
		EAE502E62689E3D6002B1C6A /* LoginViewController.swift */ = {isa = PBXFileReference; lastKnownFileType = sourcecode.swift; path = LoginViewController.swift; sourceTree = "<group>"; };
		EAE502EB2689E3D7002B1C6A /* Assets.xcassets */ = {isa = PBXFileReference; lastKnownFileType = folder.assetcatalog; path = Assets.xcassets; sourceTree = "<group>"; };
		EAE502EE2689E3D7002B1C6A /* Base */ = {isa = PBXFileReference; lastKnownFileType = file.storyboard; name = Base; path = Base.lproj/LaunchScreen.storyboard; sourceTree = "<group>"; };
		EAE502F02689E3D7002B1C6A /* Info.plist */ = {isa = PBXFileReference; lastKnownFileType = text.plist.xml; path = Info.plist; sourceTree = "<group>"; };
		EAE6525E269416B600D8F7BB /* PostPreviewCell.swift */ = {isa = PBXFileReference; lastKnownFileType = sourcecode.swift; path = PostPreviewCell.swift; sourceTree = "<group>"; };
		EAE652602694182D00D8F7BB /* PostViewController.swift */ = {isa = PBXFileReference; lastKnownFileType = sourcecode.swift; path = PostViewController.swift; sourceTree = "<group>"; };
		EAF2127D268FEC6C00E47942 /* Box.swift */ = {isa = PBXFileReference; lastKnownFileType = sourcecode.swift; path = Box.swift; sourceTree = "<group>"; };
		EAF212832690133500E47942 /* HomeView.swift */ = {isa = PBXFileReference; lastKnownFileType = sourcecode.swift; path = HomeView.swift; sourceTree = "<group>"; };
		EAF212852690158100E47942 /* TabBarController.swift */ = {isa = PBXFileReference; lastKnownFileType = sourcecode.swift; path = TabBarController.swift; sourceTree = "<group>"; };
		EAF212872690355B00E47942 /* HomeViewController.swift */ = {isa = PBXFileReference; lastKnownFileType = sourcecode.swift; path = HomeViewController.swift; sourceTree = "<group>"; };
		EAF2128B26907B9600E47942 /* BoardListViewController.swift */ = {isa = PBXFileReference; lastKnownFileType = sourcecode.swift; path = BoardListViewController.swift; sourceTree = "<group>"; };
		EAF2128D2690814400E47942 /* CommunityBoard.swift */ = {isa = PBXFileReference; lastKnownFileType = sourcecode.swift; path = CommunityBoard.swift; sourceTree = "<group>"; };
		EAF21290269081B800E47942 /* CommunityListSampleData.swift */ = {isa = PBXFileReference; lastKnownFileType = sourcecode.swift; path = CommunityListSampleData.swift; sourceTree = "<group>"; };
		EAF7073226E71F7D00B7B6D1 /* AddShiftViewModel.swift */ = {isa = PBXFileReference; lastKnownFileType = sourcecode.swift; path = AddShiftViewModel.swift; sourceTree = "<group>"; };
		EAF7073426E731CE00B7B6D1 /* AddShiftView.swift */ = {isa = PBXFileReference; lastKnownFileType = sourcecode.swift; path = AddShiftView.swift; sourceTree = "<group>"; };
		EAF7073626E9F35700B7B6D1 /* ShiftColorSelectViewController.swift */ = {isa = PBXFileReference; lastKnownFileType = sourcecode.swift; path = ShiftColorSelectViewController.swift; sourceTree = "<group>"; };
		EAF7073826EA059600B7B6D1 /* UnderlineSegmentedControl.swift */ = {isa = PBXFileReference; lastKnownFileType = sourcecode.swift; path = UnderlineSegmentedControl.swift; sourceTree = "<group>"; };
/* End PBXFileReference section */

/* Begin PBXFrameworksBuildPhase section */
		EA3DA4B826A58B510075819B /* Frameworks */ = {
			isa = PBXFrameworksBuildPhase;
			buildActionMask = 2147483647;
			files = (
			);
			runOnlyForDeploymentPostprocessing = 0;
		};
		EA420B3B269C5F7D00F6F903 /* Frameworks */ = {
			isa = PBXFrameworksBuildPhase;
			buildActionMask = 2147483647;
			files = (
			);
			runOnlyForDeploymentPostprocessing = 0;
		};
		EAE502DC2689E3D6002B1C6A /* Frameworks */ = {
			isa = PBXFrameworksBuildPhase;
			buildActionMask = 2147483647;
			files = (
				EA0747DB2727B3DC004DB13C /* RxMoya in Frameworks */,
				EA9D0ACD26BA95A700D571EC /* RxSwift in Frameworks */,
				EA83564226D3727100D60C46 /* FSCalendar in Frameworks */,
				EADA0C57273FC110003858FA /* ZLPhotoBrowser in Frameworks */,
				EA0747DE2727B48F004DB13C /* RxKeyboard in Frameworks */,
				EA9D0AD026BAC93100D571EC /* Then in Frameworks */,
				EA9D0AD926BAC9DF00D571EC /* FontAwesome in Frameworks */,
				EA8A334226D61B5F0014D97C /* RxGesture in Frameworks */,
				EA9D0AD326BAC96D00D571EC /* SnapKit in Frameworks */,
				EA0624E226DE77A7004FF91A /* RxRealm in Frameworks */,
				EA0624DB26DBB1B6004FF91A /* RealmSwift in Frameworks */,
				EA285A6826C565F000E65EB2 /* RxCocoa in Frameworks */,
				EA0624D926DBB1B6004FF91A /* Realm in Frameworks */,
				EA9D0AD626BAC97C00D571EC /* SkyFloatingLabelTextField in Frameworks */,
				EA9D0AC426BA956200D571EC /* Moya in Frameworks */,
			);
			runOnlyForDeploymentPostprocessing = 0;
		};
/* End PBXFrameworksBuildPhase section */

/* Begin PBXGroup section */
		EA0582C7274E57AD005855F1 /* Shifts */ = {
			isa = PBXGroup;
			children = (
				EA83564326D3729100D60C46 /* ScheduleViewController.swift */,
				EA8A333826D4C7540014D97C /* SetShiftViewController.swift */,
				EA8A334626D63ADD0014D97C /* EditShiftViewController.swift */,
				EA33E0D326E32C850021DDF4 /* AddShiftViewController.swift */,
				EAF7073626E9F35700B7B6D1 /* ShiftColorSelectViewController.swift */,
			);
			path = Shifts;
			sourceTree = "<group>";
		};
		EA0582C8274F386A005855F1 /* Shifts */ = {
			isa = PBXGroup;
			children = (
				EA83564626D37BBE00D60C46 /* ScheduleViewModel.swift */,
				EA8A333C26D4CB600014D97C /* SetShiftViewModel.swift */,
				EA8A334826D63F480014D97C /* EditShiftViewModel.swift */,
				EAF7073226E71F7D00B7B6D1 /* AddShiftViewModel.swift */,
			);
			path = Shifts;
			sourceTree = "<group>";
		};
		EA406A8C26A4759600737F90 /* SignUpControllers */ = {
			isa = PBXGroup;
			children = (
				EA406A8D26A475CE00737F90 /* IDPWViewController.swift */,
				EACC258B26A71466000B12B6 /* PrivacyInfoViewController.swift */,
				EA929F2026A9D12A009352B9 /* ProfileViewController.swift */,
			);
			path = SignUpControllers;
			sourceTree = "<group>";
		};
		EA420B3F269C5F7D00F6F903 /* OffOff_iOSTests */ = {
			isa = PBXGroup;
			children = (
				EA420B40269C5F7D00F6F903 /* OffOff_iOSTests.swift */,
				EA420B42269C5F7D00F6F903 /* Info.plist */,
			);
			path = OffOff_iOSTests;
			sourceTree = "<group>";
		};
		EA602191272FBAA300092917 /* Resources */ = {
			isa = PBXGroup;
			children = (
				EA602192272FBABB00092917 /* Roboto-Regular.ttf */,
				EA602194272FBAC200092917 /* Roboto-Bold.ttf */,
			);
			path = Resources;
			sourceTree = "<group>";
		};
		EAAA211F26BE80BC004FA6F9 /* SignUpViewModels */ = {
			isa = PBXGroup;
			children = (
				EACC258326A677D6000B12B6 /* SignUpViewModel.swift */,
				EAAA211D26BC20E7004FA6F9 /* IDPWViewModel.swift */,
				EAAA212226BE8203004FA6F9 /* PrivacyInfoViewModel.swift */,
			);
			path = SignUpViewModels;
			sourceTree = "<group>";
		};
		EAE502D62689E3D6002B1C6A = {
			isa = PBXGroup;
			children = (
				EA83564526D373FD00D60C46 /* OffOff_iOS-Bridging-Header.h */,
				EAE502E12689E3D6002B1C6A /* OffOff_iOS */,
				EA420B3F269C5F7D00F6F903 /* OffOff_iOSTests */,
				EAE502E02689E3D6002B1C6A /* Products */,
				EAE502F6268AA0E0002B1C6A /* Frameworks */,
			);
			sourceTree = "<group>";
		};
		EAE502E02689E3D6002B1C6A /* Products */ = {
			isa = PBXGroup;
			children = (
				EAE502DF2689E3D6002B1C6A /* OffOff_iOS.app */,
				EA420B3E269C5F7D00F6F903 /* OffOff_iOSTests.xctest */,
				EA3DA4BB26A58B510075819B /* OffOff_iOSUITests.xctest */,
			);
			name = Products;
			sourceTree = "<group>";
		};
		EAE502E12689E3D6002B1C6A /* OffOff_iOS */ = {
			isa = PBXGroup;
			children = (
				EA602191272FBAA300092917 /* Resources */,
				EAE6525D2694169B00D8F7BB /* Cells */,
				EAF2128F2690818800E47942 /* Data */,
				EAF2127C268FEC4000E47942 /* Controllers */,
				EAF2127B268FEC3100E47942 /* View Models */,
				EAF2127A268FEC2500E47942 /* Models */,
				EAE5030B268AB724002B1C6A /* Services */,
				EAE5030A268AB6F6002B1C6A /* Views */,
				EAE50309268AB6DC002B1C6A /* Commons */,
				EAE502EB2689E3D7002B1C6A /* Assets.xcassets */,
				EACB84F526C3A83C00096E01 /* swiftlogo.jpg */,
				EA929F2226AC66BE009352B9 /* default profile.png */,
				EAE502F02689E3D7002B1C6A /* Info.plist */,
			);
			path = OffOff_iOS;
			sourceTree = "<group>";
		};
		EAE502F6268AA0E0002B1C6A /* Frameworks */ = {
			isa = PBXGroup;
			children = (
			);
			name = Frameworks;
			sourceTree = "<group>";
		};
		EAE50309268AB6DC002B1C6A /* Commons */ = {
			isa = PBXGroup;
			children = (
				EAE502E22689E3D6002B1C6A /* AppDelegate.swift */,
				EAE502E42689E3D6002B1C6A /* SceneDelegate.swift */,
				EAE502ED2689E3D7002B1C6A /* LaunchScreen.storyboard */,
				EA0EFFBA268AD08B009C4722 /* ViewControllerPreview.swift */,
				EAF2127D268FEC6C00E47942 /* Box.swift */,
				EA72D75F26987D5300EB07DA /* Extensions.swift */,
				EA983F0E26C1183D0070604E /* Constants.swift */,
				EACC257926A5CFB2000B12B6 /* Font Awesome 5 Brands-Regular-400.otf */,
				EACC257826A5CFB2000B12B6 /* Font Awesome 5 Free-Regular-400.otf */,
				EACC257726A5CFB2000B12B6 /* Font Awesome 5 Free-Solid-900.otf */,
				EAF7073826EA059600B7B6D1 /* UnderlineSegmentedControl.swift */,
				EAD6FEDA2716C45100563005 /* ContentSizedTableView.swift */,
				EA6021B627397D5D00092917 /* PostListNavigationBar.swift */,
				EAD849BC273E30E10010DE1B /* CustomRefreshControl.swift */,
				EA3083E3274803BA0060F8B2 /* LoadingHUD.swift */,
			);
			path = Commons;
			sourceTree = "<group>";
		};
		EAE5030A268AB6F6002B1C6A /* Views */ = {
			isa = PBXGroup;
			children = (
				EA0EFFBC268B468B009C4722 /* LoginView.swift */,
				EAF212832690133500E47942 /* HomeView.swift */,
				EA72D75A2698276C00EB07DA /* PostView.swift */,
				EAD7E30926A00A5C00E2D311 /* CustomNavigationBar.swift */,
				EA406A8F26A4769300737F90 /* IDPWView.swift */,
				EACC258726A6B32D000B12B6 /* PrivacyInfoView.swift */,
				EA929F1E26A9D0E9009352B9 /* ProfileMakeView.swift */,
				EA975A5B26AFB87000C6FB41 /* CircularImageView.swift */,
				EA975A5D26AFE4A300C6FB41 /* TextWithIconView.swift */,
				EA83564C26D3A6D500D60C46 /* ScheduleView.swift */,
				EA8A333A26D4CB490014D97C /* SetRoutineView.swift */,
				EA2C4DF126DFCB4A0056A93C /* EditScheduleView.swift */,
				EAF7073426E731CE00B7B6D1 /* AddShiftView.swift */,
				EA6021B22739249300092917 /* BoardListView.swift */,
				EA6021B427397BA500092917 /* PostListView.swift */,
				EAD849BA273CD79C0010DE1B /* NewPostView.swift */,
				EAD849BE273ED0260010DE1B /* PostSearchView.swift */,
				EA0582C1274D1262005855F1 /* MyActivityView.swift */,
			);
			path = Views;
			sourceTree = "<group>";
		};
		EAE5030B268AB724002B1C6A /* Services */ = {
			isa = PBXGroup;
			children = (
				EA420B36269BFBD200F6F903 /* PostServices.swift */,
				EA975A5F26B045A600C6FB41 /* PostAPI.swift */,
				EA2FDF4726A7C7EF00AEC951 /* UserAPI.swift */,
				EA2FDF4926A7D88800AEC951 /* UserServices.swift */,
				EACF1B3626B5A9DD00C153D3 /* BoardAPI.swift */,
				EACF1B3826B6698C00C153D3 /* BoardServices.swift */,
				EA0624DE26DD1D58004FF91A /* UserRoutineManager.swift */,
				EAA89BC027074F5E00EB3818 /* ReplyAPI.swift */,
				EAA89BC2270752A000EB3818 /* ReplyServices.swift */,
				EA88BD4D2725823D004D8415 /* SubReplyAPI.swift */,
				EA88BD4F2725854B004D8415 /* SubReplyServices.swift */,
				EAD849C4273ED4450010DE1B /* SearchAPI.swift */,
				EAD849C6273ED54F0010DE1B /* SearchServices.swift */,
				EABCDF2C274BB6A400050875 /* KeyChainController.swift */,
			);
			path = Services;
			sourceTree = "<group>";
		};
		EAE6525D2694169B00D8F7BB /* Cells */ = {
			isa = PBXGroup;
			children = (
				EAE6525E269416B600D8F7BB /* PostPreviewCell.swift */,
				EABD99C826A32B9D001DE8BF /* CommunityTableViewCell.swift */,
				EA83564826D38C4900D60C46 /* ScheduleCalendarCell.swift */,
				EA8A333E26D4CC720014D97C /* RoutineCell.swift */,
				EA2C4DF326DFD4890056A93C /* ShiftTableViewCell.swift */,
				EAD6FED82713146B00563005 /* RepliesTableViewCell.swift */,
				EAD6FEE5271F147A00563005 /* ChildrenRepliesTableViewCell.swift */,
			);
			path = Cells;
			sourceTree = "<group>";
		};
		EAF2127A268FEC2500E47942 /* Models */ = {
			isa = PBXGroup;
			children = (
				EA07345426929C01007830ED /* Post.swift */,
				EACC255A26A5B3B0000B12B6 /* UserModel.swift */,
				EACF1B3A26B6710800C153D3 /* Board.swift */,
				EA83564A26D3A47600D60C46 /* RoutineModel.swift */,
				EAA89BC4270752F600EB3818 /* Reply.swift */,
				EAF2128D2690814400E47942 /* CommunityBoard.swift */,
			);
			path = Models;
			sourceTree = "<group>";
		};
		EAF2127B268FEC3100E47942 /* View Models */ = {
			isa = PBXGroup;
			children = (
				EA0582C8274F386A005855F1 /* Shifts */,
				EAAA211F26BE80BC004FA6F9 /* SignUpViewModels */,
				EA07345A2692AD56007830ED /* PostListViewModel.swift */,
				EABD99C626A2EB4B001DE8BF /* LoginViewModel.swift */,
				EACF1B3C26B7E42300C153D3 /* BoardListViewModel.swift */,
				EA983F0A26C0DDF60070604E /* PostViewModel.swift */,
				EA983F0C26C0E4980070604E /* NewPostViewModel.swift */,
				EAD849C2273ED3E50010DE1B /* PostSearchViewModel.swift */,
				EA0582C5274D1CF1005855F1 /* MyActivityViewModel.swift */,
			);
			path = "View Models";
			sourceTree = "<group>";
		};
		EAF2127C268FEC4000E47942 /* Controllers */ = {
			isa = PBXGroup;
			children = (
				EA0582C7274E57AD005855F1 /* Shifts */,
				EA406A8C26A4759600737F90 /* SignUpControllers */,
				EAE502E62689E3D6002B1C6A /* LoginViewController.swift */,
				EAF212852690158100E47942 /* TabBarController.swift */,
				EAF212872690355B00E47942 /* HomeViewController.swift */,
				EAF2128B26907B9600E47942 /* BoardListViewController.swift */,
				EA07345E2692CECA007830ED /* PostListViewController.swift */,
				EAE652602694182D00D8F7BB /* PostViewController.swift */,
				EA72D75D26982BCA00EB07DA /* NewPostViewController.swift */,
				EA526E1C26CD0A100059A90C /* FirstViewController.swift */,
				EAD849C0273ED26A0010DE1B /* PostSearchViewController.swift */,
				EA0582C3274D14D0005855F1 /* MyActivityViewController.swift */,
			);
			path = Controllers;
			sourceTree = "<group>";
		};
		EAF2128F2690818800E47942 /* Data */ = {
			isa = PBXGroup;
			children = (
				EA0734562692A0B8007830ED /* PostsDummyData.json */,
				EAF21290269081B800E47942 /* CommunityListSampleData.swift */,
			);
			path = Data;
			sourceTree = "<group>";
		};
/* End PBXGroup section */

/* Begin PBXNativeTarget section */
		EA3DA4BA26A58B510075819B /* OffOff_iOSUITests */ = {
			isa = PBXNativeTarget;
			buildConfigurationList = EA3DA4C426A58B510075819B /* Build configuration list for PBXNativeTarget "OffOff_iOSUITests" */;
			buildPhases = (
				EA3DA4B726A58B510075819B /* Sources */,
				EA3DA4B826A58B510075819B /* Frameworks */,
				EA3DA4B926A58B510075819B /* Resources */,
			);
			buildRules = (
			);
			dependencies = (
				EA3DA4C126A58B510075819B /* PBXTargetDependency */,
			);
			name = OffOff_iOSUITests;
			productName = OffOff_iOSUITests;
			productReference = EA3DA4BB26A58B510075819B /* OffOff_iOSUITests.xctest */;
			productType = "com.apple.product-type.bundle.ui-testing";
		};
		EA420B3D269C5F7D00F6F903 /* OffOff_iOSTests */ = {
			isa = PBXNativeTarget;
			buildConfigurationList = EA420B45269C5F7D00F6F903 /* Build configuration list for PBXNativeTarget "OffOff_iOSTests" */;
			buildPhases = (
				EA420B3A269C5F7D00F6F903 /* Sources */,
				EA420B3B269C5F7D00F6F903 /* Frameworks */,
				EA420B3C269C5F7D00F6F903 /* Resources */,
			);
			buildRules = (
			);
			dependencies = (
				EA420B44269C5F7D00F6F903 /* PBXTargetDependency */,
			);
			name = OffOff_iOSTests;
			productName = OffOff_iOSTests;
			productReference = EA420B3E269C5F7D00F6F903 /* OffOff_iOSTests.xctest */;
			productType = "com.apple.product-type.bundle.unit-test";
		};
		EAE502DE2689E3D6002B1C6A /* OffOff_iOS */ = {
			isa = PBXNativeTarget;
			buildConfigurationList = EAE502F32689E3D7002B1C6A /* Build configuration list for PBXNativeTarget "OffOff_iOS" */;
			buildPhases = (
				EAE502DB2689E3D6002B1C6A /* Sources */,
				EAE502DC2689E3D6002B1C6A /* Frameworks */,
				EAE502DD2689E3D6002B1C6A /* Resources */,
			);
			buildRules = (
			);
			dependencies = (
			);
			name = OffOff_iOS;
			packageProductDependencies = (
				EA9D0AC326BA956200D571EC /* Moya */,
				EA9D0ACC26BA95A700D571EC /* RxSwift */,
				EA9D0ACF26BAC93100D571EC /* Then */,
				EA9D0AD226BAC96D00D571EC /* SnapKit */,
				EA9D0AD526BAC97C00D571EC /* SkyFloatingLabelTextField */,
				EA9D0AD826BAC9DF00D571EC /* FontAwesome */,
				EA285A6726C565F000E65EB2 /* RxCocoa */,
				EA83564126D3727100D60C46 /* FSCalendar */,
				EA8A334126D61B5F0014D97C /* RxGesture */,
				EA0624D826DBB1B6004FF91A /* Realm */,
				EA0624DA26DBB1B6004FF91A /* RealmSwift */,
				EA0624E126DE77A7004FF91A /* RxRealm */,
				EA0747DA2727B3DC004DB13C /* RxMoya */,
				EA0747DD2727B48F004DB13C /* RxKeyboard */,
				EADA0C56273FC110003858FA /* ZLPhotoBrowser */,
			);
			productName = OffOff_iOS;
			productReference = EAE502DF2689E3D6002B1C6A /* OffOff_iOS.app */;
			productType = "com.apple.product-type.application";
		};
/* End PBXNativeTarget section */

/* Begin PBXProject section */
		EAE502D72689E3D6002B1C6A /* Project object */ = {
			isa = PBXProject;
			attributes = {
				LastSwiftUpdateCheck = 1250;
				LastUpgradeCheck = 1250;
				TargetAttributes = {
					EA3DA4BA26A58B510075819B = {
						CreatedOnToolsVersion = 12.5;
						TestTargetID = EAE502DE2689E3D6002B1C6A;
					};
					EA420B3D269C5F7D00F6F903 = {
						CreatedOnToolsVersion = 12.5;
						TestTargetID = EAE502DE2689E3D6002B1C6A;
					};
					EAE502DE2689E3D6002B1C6A = {
						CreatedOnToolsVersion = 12.5;
					};
				};
			};
			buildConfigurationList = EAE502DA2689E3D6002B1C6A /* Build configuration list for PBXProject "OffOff_iOS" */;
			compatibilityVersion = "Xcode 9.3";
			developmentRegion = en;
			hasScannedForEncodings = 0;
			knownRegions = (
				en,
				Base,
			);
			mainGroup = EAE502D62689E3D6002B1C6A;
			packageReferences = (
				EA9D0AC226BA956200D571EC /* XCRemoteSwiftPackageReference "Moya" */,
				EA9D0AC926BA95A700D571EC /* XCRemoteSwiftPackageReference "RxSwift" */,
				EA9D0ACE26BAC93100D571EC /* XCRemoteSwiftPackageReference "Then" */,
				EA9D0AD126BAC96D00D571EC /* XCRemoteSwiftPackageReference "SnapKit" */,
				EA9D0AD426BAC97C00D571EC /* XCRemoteSwiftPackageReference "SkyFloatingLabelTextField" */,
				EA9D0AD726BAC9DF00D571EC /* XCRemoteSwiftPackageReference "FontAwesome" */,
				EA83564026D3727100D60C46 /* XCRemoteSwiftPackageReference "FSCalendar" */,
				EA8A334026D61B5F0014D97C /* XCRemoteSwiftPackageReference "RxGesture" */,
				EA0624D726DBB1B6004FF91A /* XCRemoteSwiftPackageReference "realm-cocoa" */,
				EA0624E026DE77A7004FF91A /* XCRemoteSwiftPackageReference "RxRealm" */,
				EA0747DC2727B48F004DB13C /* XCRemoteSwiftPackageReference "RxKeyboard" */,
				EADA0C55273FC110003858FA /* XCRemoteSwiftPackageReference "ZLPhotoBrowser" */,
			);
			productRefGroup = EAE502E02689E3D6002B1C6A /* Products */;
			projectDirPath = "";
			projectRoot = "";
			targets = (
				EAE502DE2689E3D6002B1C6A /* OffOff_iOS */,
				EA420B3D269C5F7D00F6F903 /* OffOff_iOSTests */,
				EA3DA4BA26A58B510075819B /* OffOff_iOSUITests */,
			);
		};
/* End PBXProject section */

/* Begin PBXResourcesBuildPhase section */
		EA3DA4B926A58B510075819B /* Resources */ = {
			isa = PBXResourcesBuildPhase;
			buildActionMask = 2147483647;
			files = (
				EACC257C26A5CFB3000B12B6 /* Font Awesome 5 Free-Solid-900.otf in Resources */,
				EACC258226A5CFB3000B12B6 /* Font Awesome 5 Brands-Regular-400.otf in Resources */,
				EACC257F26A5CFB3000B12B6 /* Font Awesome 5 Free-Regular-400.otf in Resources */,
			);
			runOnlyForDeploymentPostprocessing = 0;
		};
		EA420B3C269C5F7D00F6F903 /* Resources */ = {
			isa = PBXResourcesBuildPhase;
			buildActionMask = 2147483647;
			files = (
				EACC257B26A5CFB2000B12B6 /* Font Awesome 5 Free-Solid-900.otf in Resources */,
				EACC258126A5CFB3000B12B6 /* Font Awesome 5 Brands-Regular-400.otf in Resources */,
				EACB84F626C3A83C00096E01 /* swiftlogo.jpg in Resources */,
				EACC257E26A5CFB3000B12B6 /* Font Awesome 5 Free-Regular-400.otf in Resources */,
			);
			runOnlyForDeploymentPostprocessing = 0;
		};
		EAE502DD2689E3D6002B1C6A /* Resources */ = {
			isa = PBXResourcesBuildPhase;
			buildActionMask = 2147483647;
			files = (
				EA0734572692A0B8007830ED /* PostsDummyData.json in Resources */,
				EACC258026A5CFB3000B12B6 /* Font Awesome 5 Brands-Regular-400.otf in Resources */,
				EA602193272FBABB00092917 /* Roboto-Regular.ttf in Resources */,
				EAE502EF2689E3D7002B1C6A /* LaunchScreen.storyboard in Resources */,
				EAE502EC2689E3D7002B1C6A /* Assets.xcassets in Resources */,
				EA602195272FBAC200092917 /* Roboto-Bold.ttf in Resources */,
				EACC257A26A5CFB2000B12B6 /* Font Awesome 5 Free-Solid-900.otf in Resources */,
				EA929F2326AC66BE009352B9 /* default profile.png in Resources */,
				EACC257D26A5CFB3000B12B6 /* Font Awesome 5 Free-Regular-400.otf in Resources */,
			);
			runOnlyForDeploymentPostprocessing = 0;
		};
/* End PBXResourcesBuildPhase section */

/* Begin PBXSourcesBuildPhase section */
		EA3DA4B726A58B510075819B /* Sources */ = {
			isa = PBXSourcesBuildPhase;
			buildActionMask = 2147483647;
			files = (
				EA2FDF4C26A7D88800AEC951 /* UserServices.swift in Sources */,
				EAAA212026BE80D3004FA6F9 /* IDPWViewModel.swift in Sources */,
				EA285A6626C5658A00E65EB2 /* PostListViewModel.swift in Sources */,
				EACC258626A677D6000B12B6 /* SignUpViewModel.swift in Sources */,
				EACC258A26A6B32D000B12B6 /* PrivacyInfoView.swift in Sources */,
			);
			runOnlyForDeploymentPostprocessing = 0;
		};
		EA420B3A269C5F7D00F6F903 /* Sources */ = {
			isa = PBXSourcesBuildPhase;
			buildActionMask = 2147483647;
			files = (
				EA2FDF4B26A7D88800AEC951 /* UserServices.swift in Sources */,
				EAAA212126BE80D3004FA6F9 /* IDPWViewModel.swift in Sources */,
				EA285A6526C5658A00E65EB2 /* PostListViewModel.swift in Sources */,
				EACC258526A677D6000B12B6 /* SignUpViewModel.swift in Sources */,
				EACC258926A6B32D000B12B6 /* PrivacyInfoView.swift in Sources */,
				EA420B41269C5F7D00F6F903 /* OffOff_iOSTests.swift in Sources */,
			);
			runOnlyForDeploymentPostprocessing = 0;
		};
		EAE502DB2689E3D6002B1C6A /* Sources */ = {
			isa = PBXSourcesBuildPhase;
			buildActionMask = 2147483647;
			files = (
				EA07345B2692AD56007830ED /* PostListViewModel.swift in Sources */,
				EA0EFFBD268B468B009C4722 /* LoginView.swift in Sources */,
				EAD849C1273ED26A0010DE1B /* PostSearchViewController.swift in Sources */,
				EAD6FED92713146B00563005 /* RepliesTableViewCell.swift in Sources */,
				EA3083E4274803BA0060F8B2 /* LoadingHUD.swift in Sources */,
				EACF1B3B26B6710800C153D3 /* Board.swift in Sources */,
				EA83564426D3729100D60C46 /* ScheduleViewController.swift in Sources */,
				EAA89BC3270752A000EB3818 /* ReplyServices.swift in Sources */,
				EA06133D26C4DE4800E041E9 /* PrivacyInfoViewController.swift in Sources */,
				EAA89BC5270752F600EB3818 /* Reply.swift in Sources */,
				EAF7073326E71F7D00B7B6D1 /* AddShiftViewModel.swift in Sources */,
				EABD99C926A32B9D001DE8BF /* CommunityTableViewCell.swift in Sources */,
				EACC258826A6B32D000B12B6 /* PrivacyInfoView.swift in Sources */,
				EACF1B3726B5A9DD00C153D3 /* BoardAPI.swift in Sources */,
				EA2FDF4826A7C7EF00AEC951 /* UserAPI.swift in Sources */,
				EAF2127E268FEC6C00E47942 /* Box.swift in Sources */,
				EAF212862690158100E47942 /* TabBarController.swift in Sources */,
				EAE652612694182D00D8F7BB /* PostViewController.swift in Sources */,
				EA6021B727397D5D00092917 /* PostListNavigationBar.swift in Sources */,
				EA83564926D38C4900D60C46 /* ScheduleCalendarCell.swift in Sources */,
				EAF212842690133500E47942 /* HomeView.swift in Sources */,
				EA406A8E26A475CE00737F90 /* IDPWViewController.swift in Sources */,
				EA72D75B2698276C00EB07DA /* PostView.swift in Sources */,
				EABD99C726A2EB4B001DE8BF /* LoginViewModel.swift in Sources */,
				EA975A5E26AFE4A300C6FB41 /* TextWithIconView.swift in Sources */,
				EA0EFFBB268AD08B009C4722 /* ViewControllerPreview.swift in Sources */,
				EA2FDF4A26A7D88800AEC951 /* UserServices.swift in Sources */,
				EA6021B32739249300092917 /* BoardListView.swift in Sources */,
				EA0624DF26DD1D58004FF91A /* UserRoutineManager.swift in Sources */,
				EA6021B527397BA500092917 /* PostListView.swift in Sources */,
				EACF1B3D26B7E42300C153D3 /* BoardListViewModel.swift in Sources */,
				EA0582C4274D14D0005855F1 /* MyActivityViewController.swift in Sources */,
				EA2C4DF226DFCB4A0056A93C /* EditScheduleView.swift in Sources */,
				EA72D76026987D5300EB07DA /* Extensions.swift in Sources */,
				EAF2128C26907B9600E47942 /* BoardListViewController.swift in Sources */,
				EA07345F2692CECA007830ED /* PostListViewController.swift in Sources */,
				EA420B37269BFBD200F6F903 /* PostServices.swift in Sources */,
				EACC255B26A5B3B0000B12B6 /* UserModel.swift in Sources */,
				EAAA212326BE8203004FA6F9 /* PrivacyInfoViewModel.swift in Sources */,
				EAE502E72689E3D6002B1C6A /* LoginViewController.swift in Sources */,
				EA0582C6274D1CF1005855F1 /* MyActivityViewModel.swift in Sources */,
				EA983F0B26C0DDF60070604E /* PostViewModel.swift in Sources */,
				EAD849C3273ED3E50010DE1B /* PostSearchViewModel.swift in Sources */,
				EA929F1F26A9D0E9009352B9 /* ProfileMakeView.swift in Sources */,
				EA983F0D26C0E4980070604E /* NewPostViewModel.swift in Sources */,
				EACC258426A677D6000B12B6 /* SignUpViewModel.swift in Sources */,
				EA0582C2274D1262005855F1 /* MyActivityView.swift in Sources */,
				EA88BD502725854B004D8415 /* SubReplyServices.swift in Sources */,
				EA83564726D37BBE00D60C46 /* ScheduleViewModel.swift in Sources */,
				EAF2128E2690814400E47942 /* CommunityBoard.swift in Sources */,
				EAD849BB273CD79C0010DE1B /* NewPostView.swift in Sources */,
				EAE6525F269416B600D8F7BB /* PostPreviewCell.swift in Sources */,
				EAD849C7273ED54F0010DE1B /* SearchServices.swift in Sources */,
				EAD7E30A26A00A5C00E2D311 /* CustomNavigationBar.swift in Sources */,
				EAD849C5273ED4450010DE1B /* SearchAPI.swift in Sources */,
				EA8A333F26D4CC720014D97C /* RoutineCell.swift in Sources */,
				EA83564B26D3A47600D60C46 /* RoutineModel.swift in Sources */,
				EA83564D26D3A6D500D60C46 /* ScheduleView.swift in Sources */,
				EA07345526929C01007830ED /* Post.swift in Sources */,
				EA8A333B26D4CB490014D97C /* SetRoutineView.swift in Sources */,
				EA2C4DF426DFD4890056A93C /* ShiftTableViewCell.swift in Sources */,
				EAF7073526E731CE00B7B6D1 /* AddShiftView.swift in Sources */,
				EA8A334926D63F480014D97C /* EditShiftViewModel.swift in Sources */,
				EAD6FEDB2716C45100563005 /* ContentSizedTableView.swift in Sources */,
				EAE502E32689E3D6002B1C6A /* AppDelegate.swift in Sources */,
				EA526E1D26CD0A100059A90C /* FirstViewController.swift in Sources */,
				EAD849BF273ED0260010DE1B /* PostSearchView.swift in Sources */,
				EACF1B3926B6698C00C153D3 /* BoardServices.swift in Sources */,
				EA8A334726D63ADD0014D97C /* EditShiftViewController.swift in Sources */,
				EA72D75E26982BCA00EB07DA /* NewPostViewController.swift in Sources */,
				EAD6FEE6271F147B00563005 /* ChildrenRepliesTableViewCell.swift in Sources */,
				EA929F2126A9D12A009352B9 /* ProfileViewController.swift in Sources */,
				EAD849BD273E30E10010DE1B /* CustomRefreshControl.swift in Sources */,
				EAAA211E26BC20E7004FA6F9 /* IDPWViewModel.swift in Sources */,
				EA33E0D426E32C850021DDF4 /* AddShiftViewController.swift in Sources */,
				EAF7073926EA059600B7B6D1 /* UnderlineSegmentedControl.swift in Sources */,
				EA975A6026B045A600C6FB41 /* PostAPI.swift in Sources */,
				EAF7073726E9F35700B7B6D1 /* ShiftColorSelectViewController.swift in Sources */,
				EA406A9026A4769300737F90 /* IDPWView.swift in Sources */,
				EA8A333926D4C7540014D97C /* SetShiftViewController.swift in Sources */,
				EAE502E52689E3D6002B1C6A /* SceneDelegate.swift in Sources */,
				EAF212882690355B00E47942 /* HomeViewController.swift in Sources */,
				EA88BD4E2725823E004D8415 /* SubReplyAPI.swift in Sources */,
				EAA89BC127074F5E00EB3818 /* ReplyAPI.swift in Sources */,
				EA8A333D26D4CB600014D97C /* SetShiftViewModel.swift in Sources */,
				EABCDF2D274BB6A400050875 /* KeyChainController.swift in Sources */,
				EA983F0F26C1183D0070604E /* Constants.swift in Sources */,
				EA975A5C26AFB87000C6FB41 /* CircularImageView.swift in Sources */,
				EAF21291269081B800E47942 /* CommunityListSampleData.swift in Sources */,
			);
			runOnlyForDeploymentPostprocessing = 0;
		};
/* End PBXSourcesBuildPhase section */

/* Begin PBXTargetDependency section */
		EA3DA4C126A58B510075819B /* PBXTargetDependency */ = {
			isa = PBXTargetDependency;
			target = EAE502DE2689E3D6002B1C6A /* OffOff_iOS */;
			targetProxy = EA3DA4C026A58B510075819B /* PBXContainerItemProxy */;
		};
		EA420B44269C5F7D00F6F903 /* PBXTargetDependency */ = {
			isa = PBXTargetDependency;
			target = EAE502DE2689E3D6002B1C6A /* OffOff_iOS */;
			targetProxy = EA420B43269C5F7D00F6F903 /* PBXContainerItemProxy */;
		};
/* End PBXTargetDependency section */

/* Begin PBXVariantGroup section */
		EAE502ED2689E3D7002B1C6A /* LaunchScreen.storyboard */ = {
			isa = PBXVariantGroup;
			children = (
				EAE502EE2689E3D7002B1C6A /* Base */,
			);
			name = LaunchScreen.storyboard;
			sourceTree = "<group>";
		};
/* End PBXVariantGroup section */

/* Begin XCBuildConfiguration section */
		EA3DA4C226A58B510075819B /* Debug */ = {
			isa = XCBuildConfiguration;
			buildSettings = {
				CODE_SIGN_STYLE = Automatic;
				DEVELOPMENT_TEAM = 8RLH6CULJ3;
				INFOPLIST_FILE = OffOff_iOSUITests/Info.plist;
				IPHONEOS_DEPLOYMENT_TARGET = 13.0;
				LD_RUNPATH_SEARCH_PATHS = (
					"$(inherited)",
					"@executable_path/Frameworks",
					"@loader_path/Frameworks",
				);
				PRODUCT_BUNDLE_IDENTIFIER = "NamJunLee.OffOff-iOSUITests";
				PRODUCT_NAME = "$(TARGET_NAME)";
				SWIFT_VERSION = 5.0;
				TARGETED_DEVICE_FAMILY = "1,2";
				TEST_TARGET_NAME = OffOff_iOS;
			};
			name = Debug;
		};
		EA3DA4C326A58B510075819B /* Release */ = {
			isa = XCBuildConfiguration;
			buildSettings = {
				CODE_SIGN_STYLE = Automatic;
				DEVELOPMENT_TEAM = 8RLH6CULJ3;
				INFOPLIST_FILE = OffOff_iOSUITests/Info.plist;
				IPHONEOS_DEPLOYMENT_TARGET = 13.0;
				LD_RUNPATH_SEARCH_PATHS = (
					"$(inherited)",
					"@executable_path/Frameworks",
					"@loader_path/Frameworks",
				);
				PRODUCT_BUNDLE_IDENTIFIER = "NamJunLee.OffOff-iOSUITests";
				PRODUCT_NAME = "$(TARGET_NAME)";
				SWIFT_VERSION = 5.0;
				TARGETED_DEVICE_FAMILY = "1,2";
				TEST_TARGET_NAME = OffOff_iOS;
			};
			name = Release;
		};
		EA420B46269C5F7D00F6F903 /* Debug */ = {
			isa = XCBuildConfiguration;
			buildSettings = {
				BUNDLE_LOADER = "$(TEST_HOST)";
				CODE_SIGN_STYLE = Automatic;
				DEVELOPMENT_TEAM = 8RLH6CULJ3;
				INFOPLIST_FILE = OffOff_iOSTests/Info.plist;
				IPHONEOS_DEPLOYMENT_TARGET = 13.0;
				LD_RUNPATH_SEARCH_PATHS = (
					"$(inherited)",
					"@executable_path/Frameworks",
					"@loader_path/Frameworks",
				);
				PRODUCT_BUNDLE_IDENTIFIER = "TeamOff.OffOff-iOSTests";
				PRODUCT_NAME = "$(TARGET_NAME)";
				SWIFT_VERSION = 5.0;
				TARGETED_DEVICE_FAMILY = "1,2";
				TEST_HOST = "$(BUILT_PRODUCTS_DIR)/OffOff_iOS.app/OffOff_iOS";
			};
			name = Debug;
		};
		EA420B47269C5F7D00F6F903 /* Release */ = {
			isa = XCBuildConfiguration;
			buildSettings = {
				BUNDLE_LOADER = "$(TEST_HOST)";
				CODE_SIGN_STYLE = Automatic;
				DEVELOPMENT_TEAM = 8RLH6CULJ3;
				INFOPLIST_FILE = OffOff_iOSTests/Info.plist;
				IPHONEOS_DEPLOYMENT_TARGET = 13.0;
				LD_RUNPATH_SEARCH_PATHS = (
					"$(inherited)",
					"@executable_path/Frameworks",
					"@loader_path/Frameworks",
				);
				PRODUCT_BUNDLE_IDENTIFIER = "TeamOff.OffOff-iOSTests";
				PRODUCT_NAME = "$(TARGET_NAME)";
				SWIFT_VERSION = 5.0;
				TARGETED_DEVICE_FAMILY = "1,2";
				TEST_HOST = "$(BUILT_PRODUCTS_DIR)/OffOff_iOS.app/OffOff_iOS";
			};
			name = Release;
		};
		EAE502F12689E3D7002B1C6A /* Debug */ = {
			isa = XCBuildConfiguration;
			buildSettings = {
				ALWAYS_SEARCH_USER_PATHS = NO;
				CLANG_ANALYZER_NONNULL = YES;
				CLANG_ANALYZER_NUMBER_OBJECT_CONVERSION = YES_AGGRESSIVE;
				CLANG_CXX_LANGUAGE_STANDARD = "gnu++14";
				CLANG_CXX_LIBRARY = "libc++";
				CLANG_ENABLE_MODULES = YES;
				CLANG_ENABLE_OBJC_ARC = YES;
				CLANG_ENABLE_OBJC_WEAK = YES;
				CLANG_WARN_BLOCK_CAPTURE_AUTORELEASING = YES;
				CLANG_WARN_BOOL_CONVERSION = YES;
				CLANG_WARN_COMMA = YES;
				CLANG_WARN_CONSTANT_CONVERSION = YES;
				CLANG_WARN_DEPRECATED_OBJC_IMPLEMENTATIONS = YES;
				CLANG_WARN_DIRECT_OBJC_ISA_USAGE = YES_ERROR;
				CLANG_WARN_DOCUMENTATION_COMMENTS = YES;
				CLANG_WARN_EMPTY_BODY = YES;
				CLANG_WARN_ENUM_CONVERSION = YES;
				CLANG_WARN_INFINITE_RECURSION = YES;
				CLANG_WARN_INT_CONVERSION = YES;
				CLANG_WARN_NON_LITERAL_NULL_CONVERSION = YES;
				CLANG_WARN_OBJC_IMPLICIT_RETAIN_SELF = YES;
				CLANG_WARN_OBJC_LITERAL_CONVERSION = YES;
				CLANG_WARN_OBJC_ROOT_CLASS = YES_ERROR;
				CLANG_WARN_QUOTED_INCLUDE_IN_FRAMEWORK_HEADER = YES;
				CLANG_WARN_RANGE_LOOP_ANALYSIS = YES;
				CLANG_WARN_STRICT_PROTOTYPES = YES;
				CLANG_WARN_SUSPICIOUS_MOVE = YES;
				CLANG_WARN_UNGUARDED_AVAILABILITY = YES_AGGRESSIVE;
				CLANG_WARN_UNREACHABLE_CODE = YES;
				CLANG_WARN__DUPLICATE_METHOD_MATCH = YES;
				COPY_PHASE_STRIP = NO;
				DEBUG_INFORMATION_FORMAT = dwarf;
				ENABLE_STRICT_OBJC_MSGSEND = YES;
				ENABLE_TESTABILITY = YES;
				ENABLE_TESTING_SEARCH_PATHS = YES;
				GCC_C_LANGUAGE_STANDARD = gnu11;
				GCC_DYNAMIC_NO_PIC = NO;
				GCC_NO_COMMON_BLOCKS = YES;
				GCC_OPTIMIZATION_LEVEL = 0;
				GCC_PREPROCESSOR_DEFINITIONS = (
					"DEBUG=1",
					"$(inherited)",
				);
				GCC_WARN_64_TO_32_BIT_CONVERSION = YES;
				GCC_WARN_ABOUT_RETURN_TYPE = YES_ERROR;
				GCC_WARN_UNDECLARED_SELECTOR = YES;
				GCC_WARN_UNINITIALIZED_AUTOS = YES_AGGRESSIVE;
				GCC_WARN_UNUSED_FUNCTION = YES;
				GCC_WARN_UNUSED_VARIABLE = YES;
				IPHONEOS_DEPLOYMENT_TARGET = 13.0;
				MTL_ENABLE_DEBUG_INFO = INCLUDE_SOURCE;
				MTL_FAST_MATH = YES;
				ONLY_ACTIVE_ARCH = YES;
				SDKROOT = iphoneos;
				SWIFT_ACTIVE_COMPILATION_CONDITIONS = DEBUG;
				SWIFT_OPTIMIZATION_LEVEL = "-Onone";
				VALIDATE_PRODUCT = YES;
			};
			name = Debug;
		};
		EAE502F22689E3D7002B1C6A /* Release */ = {
			isa = XCBuildConfiguration;
			buildSettings = {
				ALWAYS_SEARCH_USER_PATHS = NO;
				CLANG_ANALYZER_NONNULL = YES;
				CLANG_ANALYZER_NUMBER_OBJECT_CONVERSION = YES_AGGRESSIVE;
				CLANG_CXX_LANGUAGE_STANDARD = "gnu++14";
				CLANG_CXX_LIBRARY = "libc++";
				CLANG_ENABLE_MODULES = YES;
				CLANG_ENABLE_OBJC_ARC = YES;
				CLANG_ENABLE_OBJC_WEAK = YES;
				CLANG_WARN_BLOCK_CAPTURE_AUTORELEASING = YES;
				CLANG_WARN_BOOL_CONVERSION = YES;
				CLANG_WARN_COMMA = YES;
				CLANG_WARN_CONSTANT_CONVERSION = YES;
				CLANG_WARN_DEPRECATED_OBJC_IMPLEMENTATIONS = YES;
				CLANG_WARN_DIRECT_OBJC_ISA_USAGE = YES_ERROR;
				CLANG_WARN_DOCUMENTATION_COMMENTS = YES;
				CLANG_WARN_EMPTY_BODY = YES;
				CLANG_WARN_ENUM_CONVERSION = YES;
				CLANG_WARN_INFINITE_RECURSION = YES;
				CLANG_WARN_INT_CONVERSION = YES;
				CLANG_WARN_NON_LITERAL_NULL_CONVERSION = YES;
				CLANG_WARN_OBJC_IMPLICIT_RETAIN_SELF = YES;
				CLANG_WARN_OBJC_LITERAL_CONVERSION = YES;
				CLANG_WARN_OBJC_ROOT_CLASS = YES_ERROR;
				CLANG_WARN_QUOTED_INCLUDE_IN_FRAMEWORK_HEADER = YES;
				CLANG_WARN_RANGE_LOOP_ANALYSIS = YES;
				CLANG_WARN_STRICT_PROTOTYPES = YES;
				CLANG_WARN_SUSPICIOUS_MOVE = YES;
				CLANG_WARN_UNGUARDED_AVAILABILITY = YES_AGGRESSIVE;
				CLANG_WARN_UNREACHABLE_CODE = YES;
				CLANG_WARN__DUPLICATE_METHOD_MATCH = YES;
				COPY_PHASE_STRIP = NO;
				DEBUG_INFORMATION_FORMAT = "dwarf-with-dsym";
				ENABLE_NS_ASSERTIONS = NO;
				ENABLE_STRICT_OBJC_MSGSEND = YES;
				ENABLE_TESTABILITY = YES;
				ENABLE_TESTING_SEARCH_PATHS = YES;
				GCC_C_LANGUAGE_STANDARD = gnu11;
				GCC_NO_COMMON_BLOCKS = YES;
				GCC_WARN_64_TO_32_BIT_CONVERSION = YES;
				GCC_WARN_ABOUT_RETURN_TYPE = YES_ERROR;
				GCC_WARN_UNDECLARED_SELECTOR = YES;
				GCC_WARN_UNINITIALIZED_AUTOS = YES_AGGRESSIVE;
				GCC_WARN_UNUSED_FUNCTION = YES;
				GCC_WARN_UNUSED_VARIABLE = YES;
				IPHONEOS_DEPLOYMENT_TARGET = 13.0;
				MTL_ENABLE_DEBUG_INFO = NO;
				MTL_FAST_MATH = YES;
				SDKROOT = iphoneos;
				SWIFT_COMPILATION_MODE = wholemodule;
				SWIFT_OPTIMIZATION_LEVEL = "-O";
				VALIDATE_PRODUCT = YES;
			};
			name = Release;
		};
		EAE502F42689E3D7002B1C6A /* Debug */ = {
			isa = XCBuildConfiguration;
			buildSettings = {
				ASSETCATALOG_COMPILER_APPICON_NAME = AppIcon;
				ASSETCATALOG_COMPILER_GLOBAL_ACCENT_COLOR_NAME = AccentColor;
				CODE_SIGN_STYLE = Automatic;
				DEVELOPMENT_TEAM = 8RLH6CULJ3;
				INFOPLIST_FILE = OffOff_iOS/Info.plist;
				IPHONEOS_DEPLOYMENT_TARGET = 13.0;
				LD_RUNPATH_SEARCH_PATHS = (
					"$(inherited)",
					"@executable_path/Frameworks",
				);
				MARKETING_VERSION = 0.01;
				PRODUCT_BUNDLE_IDENTIFIER = "TeamOff.OffOff-iOS";
				PRODUCT_NAME = "$(TARGET_NAME)";
				SWIFT_OBJC_BRIDGING_HEADER = "OffOff_iOS-Bridging-Header.h";
				SWIFT_VERSION = 5.0;
				TARGETED_DEVICE_FAMILY = 1;
			};
			name = Debug;
		};
		EAE502F52689E3D7002B1C6A /* Release */ = {
			isa = XCBuildConfiguration;
			buildSettings = {
				ASSETCATALOG_COMPILER_APPICON_NAME = AppIcon;
				ASSETCATALOG_COMPILER_GLOBAL_ACCENT_COLOR_NAME = AccentColor;
				CODE_SIGN_STYLE = Automatic;
				DEVELOPMENT_TEAM = 8RLH6CULJ3;
				INFOPLIST_FILE = OffOff_iOS/Info.plist;
				IPHONEOS_DEPLOYMENT_TARGET = 13.0;
				LD_RUNPATH_SEARCH_PATHS = (
					"$(inherited)",
					"@executable_path/Frameworks",
				);
				MARKETING_VERSION = 0.01;
				PRODUCT_BUNDLE_IDENTIFIER = "TeamOff.OffOff-iOS";
				PRODUCT_NAME = "$(TARGET_NAME)";
				SWIFT_OBJC_BRIDGING_HEADER = "OffOff_iOS-Bridging-Header.h";
				SWIFT_VERSION = 5.0;
				TARGETED_DEVICE_FAMILY = 1;
			};
			name = Release;
		};
/* End XCBuildConfiguration section */

/* Begin XCConfigurationList section */
		EA3DA4C426A58B510075819B /* Build configuration list for PBXNativeTarget "OffOff_iOSUITests" */ = {
			isa = XCConfigurationList;
			buildConfigurations = (
				EA3DA4C226A58B510075819B /* Debug */,
				EA3DA4C326A58B510075819B /* Release */,
			);
			defaultConfigurationIsVisible = 0;
			defaultConfigurationName = Release;
		};
		EA420B45269C5F7D00F6F903 /* Build configuration list for PBXNativeTarget "OffOff_iOSTests" */ = {
			isa = XCConfigurationList;
			buildConfigurations = (
				EA420B46269C5F7D00F6F903 /* Debug */,
				EA420B47269C5F7D00F6F903 /* Release */,
			);
			defaultConfigurationIsVisible = 0;
			defaultConfigurationName = Release;
		};
		EAE502DA2689E3D6002B1C6A /* Build configuration list for PBXProject "OffOff_iOS" */ = {
			isa = XCConfigurationList;
			buildConfigurations = (
				EAE502F12689E3D7002B1C6A /* Debug */,
				EAE502F22689E3D7002B1C6A /* Release */,
			);
			defaultConfigurationIsVisible = 0;
			defaultConfigurationName = Release;
		};
		EAE502F32689E3D7002B1C6A /* Build configuration list for PBXNativeTarget "OffOff_iOS" */ = {
			isa = XCConfigurationList;
			buildConfigurations = (
				EAE502F42689E3D7002B1C6A /* Debug */,
				EAE502F52689E3D7002B1C6A /* Release */,
			);
			defaultConfigurationIsVisible = 0;
			defaultConfigurationName = Release;
		};
/* End XCConfigurationList section */

/* Begin XCRemoteSwiftPackageReference section */
		EA0624D726DBB1B6004FF91A /* XCRemoteSwiftPackageReference "realm-cocoa" */ = {
			isa = XCRemoteSwiftPackageReference;
			repositoryURL = "https://github.com/realm/realm-cocoa";
			requirement = {
				kind = upToNextMajorVersion;
				minimumVersion = 10.13.0;
			};
		};
		EA0624E026DE77A7004FF91A /* XCRemoteSwiftPackageReference "RxRealm" */ = {
			isa = XCRemoteSwiftPackageReference;
			repositoryURL = "https://github.com/RxSwiftCommunity/RxRealm";
			requirement = {
				kind = upToNextMajorVersion;
				minimumVersion = 5.0.0;
			};
		};
		EA0747DC2727B48F004DB13C /* XCRemoteSwiftPackageReference "RxKeyboard" */ = {
			isa = XCRemoteSwiftPackageReference;
			repositoryURL = "https://github.com/RxSwiftCommunity/RxKeyboard";
			requirement = {
				branch = master;
				kind = branch;
			};
		};
		EA83564026D3727100D60C46 /* XCRemoteSwiftPackageReference "FSCalendar" */ = {
			isa = XCRemoteSwiftPackageReference;
			repositoryURL = "https://github.com/WenchaoD/FSCalendar.git";
			requirement = {
				kind = upToNextMajorVersion;
				minimumVersion = 2.8.0;
			};
		};
		EA8A334026D61B5F0014D97C /* XCRemoteSwiftPackageReference "RxGesture" */ = {
			isa = XCRemoteSwiftPackageReference;
			repositoryURL = "https://github.com/RxSwiftCommunity/RxGesture";
			requirement = {
				kind = upToNextMajorVersion;
				minimumVersion = 4.0.0;
			};
		};
		EA9D0AC226BA956200D571EC /* XCRemoteSwiftPackageReference "Moya" */ = {
			isa = XCRemoteSwiftPackageReference;
			repositoryURL = "https://github.com/Moya/Moya.git";
			requirement = {
				kind = upToNextMinorVersion;
				minimumVersion = 15.0.0;
			};
		};
		EA9D0AC926BA95A700D571EC /* XCRemoteSwiftPackageReference "RxSwift" */ = {
			isa = XCRemoteSwiftPackageReference;
			repositoryURL = "https://github.com/ReactiveX/RxSwift.git";
			requirement = {
				kind = upToNextMajorVersion;
				minimumVersion = 6.0.0;
			};
		};
		EA9D0ACE26BAC93100D571EC /* XCRemoteSwiftPackageReference "Then" */ = {
			isa = XCRemoteSwiftPackageReference;
			repositoryURL = "https://github.com/devxoul/Then";
			requirement = {
				kind = upToNextMajorVersion;
				minimumVersion = 2.5.0;
			};
		};
		EA9D0AD126BAC96D00D571EC /* XCRemoteSwiftPackageReference "SnapKit" */ = {
			isa = XCRemoteSwiftPackageReference;
			repositoryURL = "https://github.com/SnapKit/SnapKit.git";
			requirement = {
				kind = upToNextMajorVersion;
				minimumVersion = 5.0.0;
			};
		};
		EA9D0AD426BAC97C00D571EC /* XCRemoteSwiftPackageReference "SkyFloatingLabelTextField" */ = {
			isa = XCRemoteSwiftPackageReference;
			repositoryURL = "https://github.com/Skyscanner/SkyFloatingLabelTextField";
			requirement = {
				kind = upToNextMajorVersion;
				minimumVersion = 4.0.0;
			};
		};
		EA9D0AD726BAC9DF00D571EC /* XCRemoteSwiftPackageReference "FontAwesome" */ = {
			isa = XCRemoteSwiftPackageReference;
			repositoryURL = "https://github.com/thii/FontAwesome.swift";
			requirement = {
				kind = upToNextMajorVersion;
				minimumVersion = 1.9.1;
			};
		};
		EADA0C55273FC110003858FA /* XCRemoteSwiftPackageReference "ZLPhotoBrowser" */ = {
			isa = XCRemoteSwiftPackageReference;
			repositoryURL = "https://github.com/longitachi/ZLPhotoBrowser.git";
			requirement = {
				kind = upToNextMajorVersion;
				minimumVersion = 4.0.0;
			};
		};
/* End XCRemoteSwiftPackageReference section */

/* Begin XCSwiftPackageProductDependency section */
		EA0624D826DBB1B6004FF91A /* Realm */ = {
			isa = XCSwiftPackageProductDependency;
			package = EA0624D726DBB1B6004FF91A /* XCRemoteSwiftPackageReference "realm-cocoa" */;
			productName = Realm;
		};
		EA0624DA26DBB1B6004FF91A /* RealmSwift */ = {
			isa = XCSwiftPackageProductDependency;
			package = EA0624D726DBB1B6004FF91A /* XCRemoteSwiftPackageReference "realm-cocoa" */;
			productName = RealmSwift;
		};
		EA0624E126DE77A7004FF91A /* RxRealm */ = {
			isa = XCSwiftPackageProductDependency;
			package = EA0624E026DE77A7004FF91A /* XCRemoteSwiftPackageReference "RxRealm" */;
			productName = RxRealm;
		};
		EA0747DA2727B3DC004DB13C /* RxMoya */ = {
			isa = XCSwiftPackageProductDependency;
			package = EA9D0AC226BA956200D571EC /* XCRemoteSwiftPackageReference "Moya" */;
			productName = RxMoya;
		};
		EA0747DD2727B48F004DB13C /* RxKeyboard */ = {
			isa = XCSwiftPackageProductDependency;
			package = EA0747DC2727B48F004DB13C /* XCRemoteSwiftPackageReference "RxKeyboard" */;
			productName = RxKeyboard;
		};
		EA285A6726C565F000E65EB2 /* RxCocoa */ = {
			isa = XCSwiftPackageProductDependency;
			package = EA9D0AC926BA95A700D571EC /* XCRemoteSwiftPackageReference "RxSwift" */;
			productName = RxCocoa;
		};
		EA83564126D3727100D60C46 /* FSCalendar */ = {
			isa = XCSwiftPackageProductDependency;
			package = EA83564026D3727100D60C46 /* XCRemoteSwiftPackageReference "FSCalendar" */;
			productName = FSCalendar;
		};
		EA8A334126D61B5F0014D97C /* RxGesture */ = {
			isa = XCSwiftPackageProductDependency;
			package = EA8A334026D61B5F0014D97C /* XCRemoteSwiftPackageReference "RxGesture" */;
			productName = RxGesture;
		};
		EA9D0AC326BA956200D571EC /* Moya */ = {
			isa = XCSwiftPackageProductDependency;
			package = EA9D0AC226BA956200D571EC /* XCRemoteSwiftPackageReference "Moya" */;
			productName = Moya;
		};
		EA9D0ACC26BA95A700D571EC /* RxSwift */ = {
			isa = XCSwiftPackageProductDependency;
			package = EA9D0AC926BA95A700D571EC /* XCRemoteSwiftPackageReference "RxSwift" */;
			productName = RxSwift;
		};
		EA9D0ACF26BAC93100D571EC /* Then */ = {
			isa = XCSwiftPackageProductDependency;
			package = EA9D0ACE26BAC93100D571EC /* XCRemoteSwiftPackageReference "Then" */;
			productName = Then;
		};
		EA9D0AD226BAC96D00D571EC /* SnapKit */ = {
			isa = XCSwiftPackageProductDependency;
			package = EA9D0AD126BAC96D00D571EC /* XCRemoteSwiftPackageReference "SnapKit" */;
			productName = SnapKit;
		};
		EA9D0AD526BAC97C00D571EC /* SkyFloatingLabelTextField */ = {
			isa = XCSwiftPackageProductDependency;
			package = EA9D0AD426BAC97C00D571EC /* XCRemoteSwiftPackageReference "SkyFloatingLabelTextField" */;
			productName = SkyFloatingLabelTextField;
		};
		EA9D0AD826BAC9DF00D571EC /* FontAwesome */ = {
			isa = XCSwiftPackageProductDependency;
			package = EA9D0AD726BAC9DF00D571EC /* XCRemoteSwiftPackageReference "FontAwesome" */;
			productName = FontAwesome;
		};
		EADA0C56273FC110003858FA /* ZLPhotoBrowser */ = {
			isa = XCSwiftPackageProductDependency;
			package = EADA0C55273FC110003858FA /* XCRemoteSwiftPackageReference "ZLPhotoBrowser" */;
			productName = ZLPhotoBrowser;
		};
/* End XCSwiftPackageProductDependency section */
	};
	rootObject = EAE502D72689E3D6002B1C6A /* Project object */;
}
