// !$*UTF8*$!
{
	archiveVersion = 1;
	classes = {
	};
	objectVersion = 52;
	objects = {

/* Begin PBXBuildFile section */
		EA07345526929C01007830ED /* PostModel.swift in Sources */ = {isa = PBXBuildFile; fileRef = EA07345426929C01007830ED /* PostModel.swift */; };
		EA0734572692A0B8007830ED /* PostsDummyData.json in Resources */ = {isa = PBXBuildFile; fileRef = EA0734562692A0B8007830ED /* PostsDummyData.json */; };
		EA07345B2692AD56007830ED /* PostsViewModel.swift in Sources */ = {isa = PBXBuildFile; fileRef = EA07345A2692AD56007830ED /* PostsViewModel.swift */; };
		EA07345F2692CECA007830ED /* PostListViewController.swift in Sources */ = {isa = PBXBuildFile; fileRef = EA07345E2692CECA007830ED /* PostListViewController.swift */; };
		EA0EFFBB268AD08B009C4722 /* ViewControllerPreview.swift in Sources */ = {isa = PBXBuildFile; fileRef = EA0EFFBA268AD08B009C4722 /* ViewControllerPreview.swift */; };
		EA0EFFBD268B468B009C4722 /* LoginView.swift in Sources */ = {isa = PBXBuildFile; fileRef = EA0EFFBC268B468B009C4722 /* LoginView.swift */; };
		EAE502E32689E3D6002B1C6A /* AppDelegate.swift in Sources */ = {isa = PBXBuildFile; fileRef = EAE502E22689E3D6002B1C6A /* AppDelegate.swift */; };
		EAE502E52689E3D6002B1C6A /* SceneDelegate.swift in Sources */ = {isa = PBXBuildFile; fileRef = EAE502E42689E3D6002B1C6A /* SceneDelegate.swift */; };
		EAE502E72689E3D6002B1C6A /* LoginViewController.swift in Sources */ = {isa = PBXBuildFile; fileRef = EAE502E62689E3D6002B1C6A /* LoginViewController.swift */; };
		EAE502EC2689E3D7002B1C6A /* Assets.xcassets in Resources */ = {isa = PBXBuildFile; fileRef = EAE502EB2689E3D7002B1C6A /* Assets.xcassets */; };
		EAE502EF2689E3D7002B1C6A /* LaunchScreen.storyboard in Resources */ = {isa = PBXBuildFile; fileRef = EAE502ED2689E3D7002B1C6A /* LaunchScreen.storyboard */; };
		EAE50300268AA1C6002B1C6A /* Then in Frameworks */ = {isa = PBXBuildFile; productRef = EAE502FF268AA1C6002B1C6A /* Then */; };
		EAE50303268AA643002B1C6A /* Alamofire in Frameworks */ = {isa = PBXBuildFile; productRef = EAE50302268AA643002B1C6A /* Alamofire */; };
		EAE50306268AA660002B1C6A /* SnapKit in Frameworks */ = {isa = PBXBuildFile; productRef = EAE50305268AA660002B1C6A /* SnapKit */; };
		EAE5030D268AB820002B1C6A /* TestView.swift in Sources */ = {isa = PBXBuildFile; fileRef = EAE5030C268AB820002B1C6A /* TestView.swift */; };
		EAE6525F269416B600D8F7BB /* PostPreviewCell.swift in Sources */ = {isa = PBXBuildFile; fileRef = EAE6525E269416B600D8F7BB /* PostPreviewCell.swift */; };
		EAE652612694182D00D8F7BB /* PostViewController.swift in Sources */ = {isa = PBXBuildFile; fileRef = EAE652602694182D00D8F7BB /* PostViewController.swift */; };
		EAF2127E268FEC6C00E47942 /* Box.swift in Sources */ = {isa = PBXBuildFile; fileRef = EAF2127D268FEC6C00E47942 /* Box.swift */; };
		EAF21280268FEE6500E47942 /* Account.swift in Sources */ = {isa = PBXBuildFile; fileRef = EAF2127F268FEE6500E47942 /* Account.swift */; };
		EAF21282268FF08800E47942 /* AccountViewModel.swift in Sources */ = {isa = PBXBuildFile; fileRef = EAF21281268FF08800E47942 /* AccountViewModel.swift */; };
		EAF212842690133500E47942 /* HomeView.swift in Sources */ = {isa = PBXBuildFile; fileRef = EAF212832690133500E47942 /* HomeView.swift */; };
		EAF212862690158100E47942 /* TabBarController.swift in Sources */ = {isa = PBXBuildFile; fileRef = EAF212852690158100E47942 /* TabBarController.swift */; };
		EAF212882690355B00E47942 /* HomeViewController.swift in Sources */ = {isa = PBXBuildFile; fileRef = EAF212872690355B00E47942 /* HomeViewController.swift */; };
		EAF2128C26907B9600E47942 /* CommunityListViewController.swift in Sources */ = {isa = PBXBuildFile; fileRef = EAF2128B26907B9600E47942 /* CommunityListViewController.swift */; };
		EAF2128E2690814400E47942 /* CommunityBoard.swift in Sources */ = {isa = PBXBuildFile; fileRef = EAF2128D2690814400E47942 /* CommunityBoard.swift */; };
		EAF21291269081B800E47942 /* CommunityListSampleData.swift in Sources */ = {isa = PBXBuildFile; fileRef = EAF21290269081B800E47942 /* CommunityListSampleData.swift */; };
/* End PBXBuildFile section */

/* Begin PBXFileReference section */
		EA07345426929C01007830ED /* PostModel.swift */ = {isa = PBXFileReference; lastKnownFileType = sourcecode.swift; path = PostModel.swift; sourceTree = "<group>"; };
		EA0734562692A0B8007830ED /* PostsDummyData.json */ = {isa = PBXFileReference; lastKnownFileType = text.json; path = PostsDummyData.json; sourceTree = "<group>"; };
		EA07345A2692AD56007830ED /* PostsViewModel.swift */ = {isa = PBXFileReference; lastKnownFileType = sourcecode.swift; path = PostsViewModel.swift; sourceTree = "<group>"; };
		EA07345E2692CECA007830ED /* PostListViewController.swift */ = {isa = PBXFileReference; lastKnownFileType = sourcecode.swift; path = PostListViewController.swift; sourceTree = "<group>"; };
		EA0EFFBA268AD08B009C4722 /* ViewControllerPreview.swift */ = {isa = PBXFileReference; lastKnownFileType = sourcecode.swift; path = ViewControllerPreview.swift; sourceTree = "<group>"; };
		EA0EFFBC268B468B009C4722 /* LoginView.swift */ = {isa = PBXFileReference; lastKnownFileType = sourcecode.swift; path = LoginView.swift; sourceTree = "<group>"; };
		EAE502DF2689E3D6002B1C6A /* OffOff_iOS.app */ = {isa = PBXFileReference; explicitFileType = wrapper.application; includeInIndex = 0; path = OffOff_iOS.app; sourceTree = BUILT_PRODUCTS_DIR; };
		EAE502E22689E3D6002B1C6A /* AppDelegate.swift */ = {isa = PBXFileReference; lastKnownFileType = sourcecode.swift; path = AppDelegate.swift; sourceTree = "<group>"; };
		EAE502E42689E3D6002B1C6A /* SceneDelegate.swift */ = {isa = PBXFileReference; lastKnownFileType = sourcecode.swift; path = SceneDelegate.swift; sourceTree = "<group>"; };
		EAE502E62689E3D6002B1C6A /* LoginViewController.swift */ = {isa = PBXFileReference; lastKnownFileType = sourcecode.swift; path = LoginViewController.swift; sourceTree = "<group>"; };
		EAE502EB2689E3D7002B1C6A /* Assets.xcassets */ = {isa = PBXFileReference; lastKnownFileType = folder.assetcatalog; path = Assets.xcassets; sourceTree = "<group>"; };
		EAE502EE2689E3D7002B1C6A /* Base */ = {isa = PBXFileReference; lastKnownFileType = file.storyboard; name = Base; path = Base.lproj/LaunchScreen.storyboard; sourceTree = "<group>"; };
		EAE502F02689E3D7002B1C6A /* Info.plist */ = {isa = PBXFileReference; lastKnownFileType = text.plist.xml; path = Info.plist; sourceTree = "<group>"; };
		EAE502F7268AA0E0002B1C6A /* Alamofire.xcframework */ = {isa = PBXFileReference; lastKnownFileType = wrapper.xcframework; name = Alamofire.xcframework; path = Carthage/Build/Alamofire.xcframework; sourceTree = "<group>"; };
		EAE502FB268AA0EE002B1C6A /* SnapKit.xcframework */ = {isa = PBXFileReference; lastKnownFileType = wrapper.xcframework; name = SnapKit.xcframework; path = Carthage/Build/SnapKit.xcframework; sourceTree = "<group>"; };
		EAE5030C268AB820002B1C6A /* TestView.swift */ = {isa = PBXFileReference; lastKnownFileType = sourcecode.swift; path = TestView.swift; sourceTree = "<group>"; };
		EAE6525E269416B600D8F7BB /* PostPreviewCell.swift */ = {isa = PBXFileReference; lastKnownFileType = sourcecode.swift; path = PostPreviewCell.swift; sourceTree = "<group>"; };
		EAE652602694182D00D8F7BB /* PostViewController.swift */ = {isa = PBXFileReference; lastKnownFileType = sourcecode.swift; path = PostViewController.swift; sourceTree = "<group>"; };
		EAF2127D268FEC6C00E47942 /* Box.swift */ = {isa = PBXFileReference; lastKnownFileType = sourcecode.swift; path = Box.swift; sourceTree = "<group>"; };
		EAF2127F268FEE6500E47942 /* Account.swift */ = {isa = PBXFileReference; lastKnownFileType = sourcecode.swift; path = Account.swift; sourceTree = "<group>"; };
		EAF21281268FF08800E47942 /* AccountViewModel.swift */ = {isa = PBXFileReference; lastKnownFileType = sourcecode.swift; path = AccountViewModel.swift; sourceTree = "<group>"; };
		EAF212832690133500E47942 /* HomeView.swift */ = {isa = PBXFileReference; lastKnownFileType = sourcecode.swift; path = HomeView.swift; sourceTree = "<group>"; };
		EAF212852690158100E47942 /* TabBarController.swift */ = {isa = PBXFileReference; lastKnownFileType = sourcecode.swift; path = TabBarController.swift; sourceTree = "<group>"; };
		EAF212872690355B00E47942 /* HomeViewController.swift */ = {isa = PBXFileReference; lastKnownFileType = sourcecode.swift; path = HomeViewController.swift; sourceTree = "<group>"; };
		EAF2128B26907B9600E47942 /* CommunityListViewController.swift */ = {isa = PBXFileReference; lastKnownFileType = sourcecode.swift; path = CommunityListViewController.swift; sourceTree = "<group>"; };
		EAF2128D2690814400E47942 /* CommunityBoard.swift */ = {isa = PBXFileReference; lastKnownFileType = sourcecode.swift; path = CommunityBoard.swift; sourceTree = "<group>"; };
		EAF21290269081B800E47942 /* CommunityListSampleData.swift */ = {isa = PBXFileReference; lastKnownFileType = sourcecode.swift; path = CommunityListSampleData.swift; sourceTree = "<group>"; };
/* End PBXFileReference section */

/* Begin PBXFrameworksBuildPhase section */
		EAE502DC2689E3D6002B1C6A /* Frameworks */ = {
			isa = PBXFrameworksBuildPhase;
			buildActionMask = 2147483647;
			files = (
				EAE50303268AA643002B1C6A /* Alamofire in Frameworks */,
				EAE50300268AA1C6002B1C6A /* Then in Frameworks */,
				EAE50306268AA660002B1C6A /* SnapKit in Frameworks */,
			);
			runOnlyForDeploymentPostprocessing = 0;
		};
/* End PBXFrameworksBuildPhase section */

/* Begin PBXGroup section */
		EAE502D62689E3D6002B1C6A = {
			isa = PBXGroup;
			children = (
				EAE502E12689E3D6002B1C6A /* OffOff_iOS */,
				EAE502E02689E3D6002B1C6A /* Products */,
				EAE502F6268AA0E0002B1C6A /* Frameworks */,
			);
			sourceTree = "<group>";
		};
		EAE502E02689E3D6002B1C6A /* Products */ = {
			isa = PBXGroup;
			children = (
				EAE502DF2689E3D6002B1C6A /* OffOff_iOS.app */,
			);
			name = Products;
			sourceTree = "<group>";
		};
		EAE502E12689E3D6002B1C6A /* OffOff_iOS */ = {
			isa = PBXGroup;
			children = (
				EAE6525D2694169B00D8F7BB /* Cells */,
				EA0734562692A0B8007830ED /* PostsDummyData.json */,
				EAF2128F2690818800E47942 /* Data */,
				EAF2127C268FEC4000E47942 /* Controllers */,
				EAF2127B268FEC3100E47942 /* View Models */,
				EAF2127A268FEC2500E47942 /* Models */,
				EAE5030B268AB724002B1C6A /* Services */,
				EAE5030A268AB6F6002B1C6A /* Views */,
				EAE50309268AB6DC002B1C6A /* Commons */,
				EAE502EB2689E3D7002B1C6A /* Assets.xcassets */,
				EAE502F02689E3D7002B1C6A /* Info.plist */,
			);
			path = OffOff_iOS;
			sourceTree = "<group>";
		};
		EAE502F6268AA0E0002B1C6A /* Frameworks */ = {
			isa = PBXGroup;
			children = (
				EAE502FB268AA0EE002B1C6A /* SnapKit.xcframework */,
				EAE502F7268AA0E0002B1C6A /* Alamofire.xcframework */,
			);
			name = Frameworks;
			sourceTree = "<group>";
		};
		EAE50309268AB6DC002B1C6A /* Commons */ = {
			isa = PBXGroup;
			children = (
				EAE502E22689E3D6002B1C6A /* AppDelegate.swift */,
				EAE502E42689E3D6002B1C6A /* SceneDelegate.swift */,
				EAE502ED2689E3D7002B1C6A /* LaunchScreen.storyboard */,
				EA0EFFBA268AD08B009C4722 /* ViewControllerPreview.swift */,
				EAF2127D268FEC6C00E47942 /* Box.swift */,
			);
			path = Commons;
			sourceTree = "<group>";
		};
		EAE5030A268AB6F6002B1C6A /* Views */ = {
			isa = PBXGroup;
			children = (
				EAE5030C268AB820002B1C6A /* TestView.swift */,
				EA0EFFBC268B468B009C4722 /* LoginView.swift */,
				EAF212832690133500E47942 /* HomeView.swift */,
			);
			path = Views;
			sourceTree = "<group>";
		};
		EAE5030B268AB724002B1C6A /* Services */ = {
			isa = PBXGroup;
			children = (
			);
			path = Services;
			sourceTree = "<group>";
		};
		EAE6525D2694169B00D8F7BB /* Cells */ = {
			isa = PBXGroup;
			children = (
				EAE6525E269416B600D8F7BB /* PostPreviewCell.swift */,
			);
			path = Cells;
			sourceTree = "<group>";
		};
		EAF2127A268FEC2500E47942 /* Models */ = {
			isa = PBXGroup;
			children = (
				EAF2127F268FEE6500E47942 /* Account.swift */,
				EAF2128D2690814400E47942 /* CommunityBoard.swift */,
				EA07345426929C01007830ED /* PostModel.swift */,
			);
			path = Models;
			sourceTree = "<group>";
		};
		EAF2127B268FEC3100E47942 /* View Models */ = {
			isa = PBXGroup;
			children = (
				EAF21281268FF08800E47942 /* AccountViewModel.swift */,
				EA07345A2692AD56007830ED /* PostsViewModel.swift */,
			);
			path = "View Models";
			sourceTree = "<group>";
		};
		EAF2127C268FEC4000E47942 /* Controllers */ = {
			isa = PBXGroup;
			children = (
				EAE502E62689E3D6002B1C6A /* LoginViewController.swift */,
				EAF212852690158100E47942 /* TabBarController.swift */,
				EAF212872690355B00E47942 /* HomeViewController.swift */,
				EAF2128B26907B9600E47942 /* CommunityListViewController.swift */,
				EA07345E2692CECA007830ED /* PostListViewController.swift */,
				EAE652602694182D00D8F7BB /* PostViewController.swift */,
			);
			path = Controllers;
			sourceTree = "<group>";
		};
		EAF2128F2690818800E47942 /* Data */ = {
			isa = PBXGroup;
			children = (
				EAF21290269081B800E47942 /* CommunityListSampleData.swift */,
			);
			path = Data;
			sourceTree = "<group>";
		};
/* End PBXGroup section */

/* Begin PBXNativeTarget section */
		EAE502DE2689E3D6002B1C6A /* OffOff_iOS */ = {
			isa = PBXNativeTarget;
			buildConfigurationList = EAE502F32689E3D7002B1C6A /* Build configuration list for PBXNativeTarget "OffOff_iOS" */;
			buildPhases = (
				EAE502DB2689E3D6002B1C6A /* Sources */,
				EAE502DC2689E3D6002B1C6A /* Frameworks */,
				EAE502DD2689E3D6002B1C6A /* Resources */,
			);
			buildRules = (
			);
			dependencies = (
			);
			name = OffOff_iOS;
			packageProductDependencies = (
				EAE502FF268AA1C6002B1C6A /* Then */,
				EAE50302268AA643002B1C6A /* Alamofire */,
				EAE50305268AA660002B1C6A /* SnapKit */,
			);
			productName = OffOff_iOS;
			productReference = EAE502DF2689E3D6002B1C6A /* OffOff_iOS.app */;
			productType = "com.apple.product-type.application";
		};
/* End PBXNativeTarget section */

/* Begin PBXProject section */
		EAE502D72689E3D6002B1C6A /* Project object */ = {
			isa = PBXProject;
			attributes = {
				LastSwiftUpdateCheck = 1250;
				LastUpgradeCheck = 1250;
				TargetAttributes = {
					EAE502DE2689E3D6002B1C6A = {
						CreatedOnToolsVersion = 12.5;
					};
				};
			};
			buildConfigurationList = EAE502DA2689E3D6002B1C6A /* Build configuration list for PBXProject "OffOff_iOS" */;
			compatibilityVersion = "Xcode 9.3";
			developmentRegion = en;
			hasScannedForEncodings = 0;
			knownRegions = (
				en,
				Base,
			);
			mainGroup = EAE502D62689E3D6002B1C6A;
			packageReferences = (
				EAE502FE268AA1C6002B1C6A /* XCRemoteSwiftPackageReference "Then" */,
				EAE50301268AA643002B1C6A /* XCRemoteSwiftPackageReference "Alamofire" */,
				EAE50304268AA660002B1C6A /* XCRemoteSwiftPackageReference "SnapKit" */,
			);
			productRefGroup = EAE502E02689E3D6002B1C6A /* Products */;
			projectDirPath = "";
			projectRoot = "";
			targets = (
				EAE502DE2689E3D6002B1C6A /* OffOff_iOS */,
			);
		};
/* End PBXProject section */

/* Begin PBXResourcesBuildPhase section */
		EAE502DD2689E3D6002B1C6A /* Resources */ = {
			isa = PBXResourcesBuildPhase;
			buildActionMask = 2147483647;
			files = (
				EA0734572692A0B8007830ED /* PostsDummyData.json in Resources */,
				EAE502EF2689E3D7002B1C6A /* LaunchScreen.storyboard in Resources */,
				EAE502EC2689E3D7002B1C6A /* Assets.xcassets in Resources */,
			);
			runOnlyForDeploymentPostprocessing = 0;
		};
/* End PBXResourcesBuildPhase section */

/* Begin PBXSourcesBuildPhase section */
		EAE502DB2689E3D6002B1C6A /* Sources */ = {
			isa = PBXSourcesBuildPhase;
			buildActionMask = 2147483647;
			files = (
				EA07345B2692AD56007830ED /* PostsViewModel.swift in Sources */,
				EA0EFFBD268B468B009C4722 /* LoginView.swift in Sources */,
				EAF2127E268FEC6C00E47942 /* Box.swift in Sources */,
				EAF212862690158100E47942 /* TabBarController.swift in Sources */,
				EAE652612694182D00D8F7BB /* PostViewController.swift in Sources */,
				EAE5030D268AB820002B1C6A /* TestView.swift in Sources */,
				EAF212842690133500E47942 /* HomeView.swift in Sources */,
				EA0EFFBB268AD08B009C4722 /* ViewControllerPreview.swift in Sources */,
				EAF21282268FF08800E47942 /* AccountViewModel.swift in Sources */,
				EAF2128C26907B9600E47942 /* CommunityListViewController.swift in Sources */,
				EA07345F2692CECA007830ED /* PostListViewController.swift in Sources */,
				EAE502E72689E3D6002B1C6A /* LoginViewController.swift in Sources */,
				EAF2128E2690814400E47942 /* CommunityBoard.swift in Sources */,
				EAE6525F269416B600D8F7BB /* PostPreviewCell.swift in Sources */,
				EAF21280268FEE6500E47942 /* Account.swift in Sources */,
				EA07345526929C01007830ED /* PostModel.swift in Sources */,
				EAE502E32689E3D6002B1C6A /* AppDelegate.swift in Sources */,
				EAE502E52689E3D6002B1C6A /* SceneDelegate.swift in Sources */,
				EAF212882690355B00E47942 /* HomeViewController.swift in Sources */,
				EAF21291269081B800E47942 /* CommunityListSampleData.swift in Sources */,
			);
			runOnlyForDeploymentPostprocessing = 0;
		};
/* End PBXSourcesBuildPhase section */

/* Begin PBXVariantGroup section */
		EAE502ED2689E3D7002B1C6A /* LaunchScreen.storyboard */ = {
			isa = PBXVariantGroup;
			children = (
				EAE502EE2689E3D7002B1C6A /* Base */,
			);
			name = LaunchScreen.storyboard;
			sourceTree = "<group>";
		};
/* End PBXVariantGroup section */

/* Begin XCBuildConfiguration section */
		EAE502F12689E3D7002B1C6A /* Debug */ = {
			isa = XCBuildConfiguration;
			buildSettings = {
				ALWAYS_SEARCH_USER_PATHS = NO;
				CLANG_ANALYZER_NONNULL = YES;
				CLANG_ANALYZER_NUMBER_OBJECT_CONVERSION = YES_AGGRESSIVE;
				CLANG_CXX_LANGUAGE_STANDARD = "gnu++14";
				CLANG_CXX_LIBRARY = "libc++";
				CLANG_ENABLE_MODULES = YES;
				CLANG_ENABLE_OBJC_ARC = YES;
				CLANG_ENABLE_OBJC_WEAK = YES;
				CLANG_WARN_BLOCK_CAPTURE_AUTORELEASING = YES;
				CLANG_WARN_BOOL_CONVERSION = YES;
				CLANG_WARN_COMMA = YES;
				CLANG_WARN_CONSTANT_CONVERSION = YES;
				CLANG_WARN_DEPRECATED_OBJC_IMPLEMENTATIONS = YES;
				CLANG_WARN_DIRECT_OBJC_ISA_USAGE = YES_ERROR;
				CLANG_WARN_DOCUMENTATION_COMMENTS = YES;
				CLANG_WARN_EMPTY_BODY = YES;
				CLANG_WARN_ENUM_CONVERSION = YES;
				CLANG_WARN_INFINITE_RECURSION = YES;
				CLANG_WARN_INT_CONVERSION = YES;
				CLANG_WARN_NON_LITERAL_NULL_CONVERSION = YES;
				CLANG_WARN_OBJC_IMPLICIT_RETAIN_SELF = YES;
				CLANG_WARN_OBJC_LITERAL_CONVERSION = YES;
				CLANG_WARN_OBJC_ROOT_CLASS = YES_ERROR;
				CLANG_WARN_QUOTED_INCLUDE_IN_FRAMEWORK_HEADER = YES;
				CLANG_WARN_RANGE_LOOP_ANALYSIS = YES;
				CLANG_WARN_STRICT_PROTOTYPES = YES;
				CLANG_WARN_SUSPICIOUS_MOVE = YES;
				CLANG_WARN_UNGUARDED_AVAILABILITY = YES_AGGRESSIVE;
				CLANG_WARN_UNREACHABLE_CODE = YES;
				CLANG_WARN__DUPLICATE_METHOD_MATCH = YES;
				COPY_PHASE_STRIP = NO;
				DEBUG_INFORMATION_FORMAT = dwarf;
				ENABLE_STRICT_OBJC_MSGSEND = YES;
				ENABLE_TESTABILITY = YES;
				GCC_C_LANGUAGE_STANDARD = gnu11;
				GCC_DYNAMIC_NO_PIC = NO;
				GCC_NO_COMMON_BLOCKS = YES;
				GCC_OPTIMIZATION_LEVEL = 0;
				GCC_PREPROCESSOR_DEFINITIONS = (
					"DEBUG=1",
					"$(inherited)",
				);
				GCC_WARN_64_TO_32_BIT_CONVERSION = YES;
				GCC_WARN_ABOUT_RETURN_TYPE = YES_ERROR;
				GCC_WARN_UNDECLARED_SELECTOR = YES;
				GCC_WARN_UNINITIALIZED_AUTOS = YES_AGGRESSIVE;
				GCC_WARN_UNUSED_FUNCTION = YES;
				GCC_WARN_UNUSED_VARIABLE = YES;
				IPHONEOS_DEPLOYMENT_TARGET = 13.0;
				MTL_ENABLE_DEBUG_INFO = INCLUDE_SOURCE;
				MTL_FAST_MATH = YES;
				ONLY_ACTIVE_ARCH = YES;
				SDKROOT = iphoneos;
				SWIFT_ACTIVE_COMPILATION_CONDITIONS = DEBUG;
				SWIFT_OPTIMIZATION_LEVEL = "-Onone";
			};
			name = Debug;
		};
		EAE502F22689E3D7002B1C6A /* Release */ = {
			isa = XCBuildConfiguration;
			buildSettings = {
				ALWAYS_SEARCH_USER_PATHS = NO;
				CLANG_ANALYZER_NONNULL = YES;
				CLANG_ANALYZER_NUMBER_OBJECT_CONVERSION = YES_AGGRESSIVE;
				CLANG_CXX_LANGUAGE_STANDARD = "gnu++14";
				CLANG_CXX_LIBRARY = "libc++";
				CLANG_ENABLE_MODULES = YES;
				CLANG_ENABLE_OBJC_ARC = YES;
				CLANG_ENABLE_OBJC_WEAK = YES;
				CLANG_WARN_BLOCK_CAPTURE_AUTORELEASING = YES;
				CLANG_WARN_BOOL_CONVERSION = YES;
				CLANG_WARN_COMMA = YES;
				CLANG_WARN_CONSTANT_CONVERSION = YES;
				CLANG_WARN_DEPRECATED_OBJC_IMPLEMENTATIONS = YES;
				CLANG_WARN_DIRECT_OBJC_ISA_USAGE = YES_ERROR;
				CLANG_WARN_DOCUMENTATION_COMMENTS = YES;
				CLANG_WARN_EMPTY_BODY = YES;
				CLANG_WARN_ENUM_CONVERSION = YES;
				CLANG_WARN_INFINITE_RECURSION = YES;
				CLANG_WARN_INT_CONVERSION = YES;
				CLANG_WARN_NON_LITERAL_NULL_CONVERSION = YES;
				CLANG_WARN_OBJC_IMPLICIT_RETAIN_SELF = YES;
				CLANG_WARN_OBJC_LITERAL_CONVERSION = YES;
				CLANG_WARN_OBJC_ROOT_CLASS = YES_ERROR;
				CLANG_WARN_QUOTED_INCLUDE_IN_FRAMEWORK_HEADER = YES;
				CLANG_WARN_RANGE_LOOP_ANALYSIS = YES;
				CLANG_WARN_STRICT_PROTOTYPES = YES;
				CLANG_WARN_SUSPICIOUS_MOVE = YES;
				CLANG_WARN_UNGUARDED_AVAILABILITY = YES_AGGRESSIVE;
				CLANG_WARN_UNREACHABLE_CODE = YES;
				CLANG_WARN__DUPLICATE_METHOD_MATCH = YES;
				COPY_PHASE_STRIP = NO;
				DEBUG_INFORMATION_FORMAT = "dwarf-with-dsym";
				ENABLE_NS_ASSERTIONS = NO;
				ENABLE_STRICT_OBJC_MSGSEND = YES;
				GCC_C_LANGUAGE_STANDARD = gnu11;
				GCC_NO_COMMON_BLOCKS = YES;
				GCC_WARN_64_TO_32_BIT_CONVERSION = YES;
				GCC_WARN_ABOUT_RETURN_TYPE = YES_ERROR;
				GCC_WARN_UNDECLARED_SELECTOR = YES;
				GCC_WARN_UNINITIALIZED_AUTOS = YES_AGGRESSIVE;
				GCC_WARN_UNUSED_FUNCTION = YES;
				GCC_WARN_UNUSED_VARIABLE = YES;
				IPHONEOS_DEPLOYMENT_TARGET = 13.0;
				MTL_ENABLE_DEBUG_INFO = NO;
				MTL_FAST_MATH = YES;
				SDKROOT = iphoneos;
				SWIFT_COMPILATION_MODE = wholemodule;
				SWIFT_OPTIMIZATION_LEVEL = "-O";
				VALIDATE_PRODUCT = YES;
			};
			name = Release;
		};
		EAE502F42689E3D7002B1C6A /* Debug */ = {
			isa = XCBuildConfiguration;
			buildSettings = {
				ASSETCATALOG_COMPILER_APPICON_NAME = AppIcon;
				ASSETCATALOG_COMPILER_GLOBAL_ACCENT_COLOR_NAME = AccentColor;
				CODE_SIGN_STYLE = Automatic;
				DEVELOPMENT_TEAM = 8RLH6CULJ3;
				INFOPLIST_FILE = OffOff_iOS/Info.plist;
				IPHONEOS_DEPLOYMENT_TARGET = 13.0;
				LD_RUNPATH_SEARCH_PATHS = (
					"$(inherited)",
					"@executable_path/Frameworks",
				);
				MARKETING_VERSION = 0.01;
				PRODUCT_BUNDLE_IDENTIFIER = "TeamOff.OffOff-iOS";
				PRODUCT_NAME = "$(TARGET_NAME)";
				SWIFT_VERSION = 5.0;
				TARGETED_DEVICE_FAMILY = 1;
			};
			name = Debug;
		};
		EAE502F52689E3D7002B1C6A /* Release */ = {
			isa = XCBuildConfiguration;
			buildSettings = {
				ASSETCATALOG_COMPILER_APPICON_NAME = AppIcon;
				ASSETCATALOG_COMPILER_GLOBAL_ACCENT_COLOR_NAME = AccentColor;
				CODE_SIGN_STYLE = Automatic;
				DEVELOPMENT_TEAM = 8RLH6CULJ3;
				INFOPLIST_FILE = OffOff_iOS/Info.plist;
				IPHONEOS_DEPLOYMENT_TARGET = 13.0;
				LD_RUNPATH_SEARCH_PATHS = (
					"$(inherited)",
					"@executable_path/Frameworks",
				);
				MARKETING_VERSION = 0.01;
				PRODUCT_BUNDLE_IDENTIFIER = "TeamOff.OffOff-iOS";
				PRODUCT_NAME = "$(TARGET_NAME)";
				SWIFT_VERSION = 5.0;
				TARGETED_DEVICE_FAMILY = 1;
			};
			name = Release;
		};
/* End XCBuildConfiguration section */

/* Begin XCConfigurationList section */
		EAE502DA2689E3D6002B1C6A /* Build configuration list for PBXProject "OffOff_iOS" */ = {
			isa = XCConfigurationList;
			buildConfigurations = (
				EAE502F12689E3D7002B1C6A /* Debug */,
				EAE502F22689E3D7002B1C6A /* Release */,
			);
			defaultConfigurationIsVisible = 0;
			defaultConfigurationName = Release;
		};
		EAE502F32689E3D7002B1C6A /* Build configuration list for PBXNativeTarget "OffOff_iOS" */ = {
			isa = XCConfigurationList;
			buildConfigurations = (
				EAE502F42689E3D7002B1C6A /* Debug */,
				EAE502F52689E3D7002B1C6A /* Release */,
			);
			defaultConfigurationIsVisible = 0;
			defaultConfigurationName = Release;
		};
/* End XCConfigurationList section */

/* Begin XCRemoteSwiftPackageReference section */
		EAE502FE268AA1C6002B1C6A /* XCRemoteSwiftPackageReference "Then" */ = {
			isa = XCRemoteSwiftPackageReference;
			repositoryURL = "https://github.com/devxoul/Then";
			requirement = {
				kind = upToNextMajorVersion;
				minimumVersion = 2.7.0;
			};
		};
		EAE50301268AA643002B1C6A /* XCRemoteSwiftPackageReference "Alamofire" */ = {
			isa = XCRemoteSwiftPackageReference;
			repositoryURL = "https://github.com/Alamofire/Alamofire";
			requirement = {
				kind = upToNextMajorVersion;
				minimumVersion = 5.4.3;
			};
		};
		EAE50304268AA660002B1C6A /* XCRemoteSwiftPackageReference "SnapKit" */ = {
			isa = XCRemoteSwiftPackageReference;
			repositoryURL = "https://github.com/SnapKit/SnapKit";
			requirement = {
				kind = upToNextMajorVersion;
				minimumVersion = 5.0.1;
			};
		};
/* End XCRemoteSwiftPackageReference section */

/* Begin XCSwiftPackageProductDependency section */
		EAE502FF268AA1C6002B1C6A /* Then */ = {
			isa = XCSwiftPackageProductDependency;
			package = EAE502FE268AA1C6002B1C6A /* XCRemoteSwiftPackageReference "Then" */;
			productName = Then;
		};
		EAE50302268AA643002B1C6A /* Alamofire */ = {
			isa = XCSwiftPackageProductDependency;
			package = EAE50301268AA643002B1C6A /* XCRemoteSwiftPackageReference "Alamofire" */;
			productName = Alamofire;
		};
		EAE50305268AA660002B1C6A /* SnapKit */ = {
			isa = XCSwiftPackageProductDependency;
			package = EAE50304268AA660002B1C6A /* XCRemoteSwiftPackageReference "SnapKit" */;
			productName = SnapKit;
		};
/* End XCSwiftPackageProductDependency section */
	};
	rootObject = EAE502D72689E3D6002B1C6A /* Project object */;
}
